{
  "version": 4,
  "terraform_version": "1.7.4",
  "serial": 587,
  "lineage": "60ae7e11-6f7c-fd35-5a69-0fc432453353",
  "outputs": {},
  "resources": [
    {
      "module": "module.ca_west_1",
      "mode": "data",
      "type": "archive_file",
      "name": "lambda_source_archive",
      "provider": "provider[\"registry.terraform.io/hashicorp/archive\"]",
      "instances": [
        {
          "schema_version": 0,
          "attributes": {
            "exclude_symlink_directories": null,
            "excludes": null,
            "id": "973c4dd37c8715da1bb861496cc668f01ee8158f",
            "output_base64sha256": "fyeecQPm47NZUk0XXFCvV18eWZJOR5Yq6b0gsVwBkRY=",
            "output_base64sha512": "8tO20L+M7xKAjnJw13DmXXJW0KdjWol6GThX2mPwQRqtXOqsNkTf1Xh8+6NWHZecrfKiqHXkyZvAMHe8erspaQ==",
            "output_file_mode": null,
            "output_md5": "510ff1cbb54ec3a07afe81be132e9649",
            "output_path": "../modules/ca-west-1/files/autoscaling-lifecycle-hook-lambda.zip",
            "output_sha": "973c4dd37c8715da1bb861496cc668f01ee8158f",
            "output_sha256": "7f279e7103e6e3b359524d175c50af575f1e59924e47962ae9bd20b15c019116",
            "output_sha512": "f2d3b6d0bf8cef12808e7270d770e65d7256d0a7635a897a193857da63f0411aad5ceaac3644dfd5787cfba3561d979cadf2a2a875e4c99bc03077bc7abb2969",
            "output_size": 2663,
            "source": [],
            "source_content": null,
            "source_content_filename": null,
            "source_dir": "../modules/ca-west-1/files/autoscaling-lifecycle-hook",
            "source_file": null,
            "type": "zip"
          },
          "sensitive_attributes": []
        }
      ]
    },
    {
      "module": "module.ca_west_1",
      "mode": "data",
      "type": "aws_caller_identity",
      "name": "current",
      "provider": "provider[\"registry.terraform.io/hashicorp/aws\"].ca-west-1",
      "instances": [
        {
          "schema_version": 0,
          "attributes": {
            "account_id": "285942939694",
            "arn": "arn:aws:iam::285942939694:user/cloudpedia-terraform-admin",
            "id": "285942939694",
            "user_id": "AIDAUFE4HAAXNVHW74U3J"
          },
          "sensitive_attributes": []
        }
      ]
    },
    {
      "module": "module.ca_west_1",
      "mode": "managed",
      "type": "aws_acm_certificate",
      "name": "app",
      "provider": "provider[\"registry.terraform.io/hashicorp/aws\"].ca-west-1",
      "instances": [
        {
          "schema_version": 0,
          "attributes": {
            "arn": "arn:aws:acm:ca-west-1:285942939694:certificate/486728b5-40fb-4120-8dcd-f9448f4bbecd",
            "certificate_authority_arn": "",
            "certificate_body": null,
            "certificate_chain": null,
            "domain_name": "ca.cloudpedia.xyz",
            "domain_validation_options": [
              {
                "domain_name": "ca.cloudpedia.xyz",
                "resource_record_name": "_190b8861d74bba1f3157a0043382ed6a.ca.cloudpedia.xyz.",
                "resource_record_type": "CNAME",
                "resource_record_value": "_eb3f0a9abb34175068b56177e81ebafe.mhbtsbpdnt.acm-validations.aws."
              },
              {
                "domain_name": "eu.cloudpedia.xyz",
                "resource_record_name": "_3e11d8ed902776a53f0c7509fb1b3d85.eu.cloudpedia.xyz.",
                "resource_record_type": "CNAME",
                "resource_record_value": "_3fed159962099a15cf32d33b4c00e77b.mhbtsbpdnt.acm-validations.aws."
              },
              {
                "domain_name": "www.ca.cloudpedia.xyz",
                "resource_record_name": "_ffb8d9405fac5737c3e66918734d69b8.www.ca.cloudpedia.xyz.",
                "resource_record_type": "CNAME",
                "resource_record_value": "_3576155b17f618423b4ffca7900023e3.mhbtsbpdnt.acm-validations.aws."
              },
              {
                "domain_name": "www.eu.cloudpedia.xyz",
                "resource_record_name": "_9899271570082d1b90b9706de487076d.www.eu.cloudpedia.xyz.",
                "resource_record_type": "CNAME",
                "resource_record_value": "_b23ae77307bedcd7ca331e1d5284959d.mhbtsbpdnt.acm-validations.aws."
              }
            ],
            "early_renewal_duration": "",
            "id": "arn:aws:acm:ca-west-1:285942939694:certificate/486728b5-40fb-4120-8dcd-f9448f4bbecd",
            "key_algorithm": "RSA_2048",
            "not_after": "2025-04-27T23:59:59Z",
            "not_before": "2024-03-29T00:00:00Z",
            "options": [
              {
                "certificate_transparency_logging_preference": "ENABLED"
              }
            ],
            "pending_renewal": false,
            "private_key": null,
            "renewal_eligibility": "ELIGIBLE",
            "renewal_summary": [],
            "status": "ISSUED",
            "subject_alternative_names": [
              "ca.cloudpedia.xyz",
              "eu.cloudpedia.xyz",
              "www.ca.cloudpedia.xyz",
              "www.eu.cloudpedia.xyz"
            ],
            "tags": {
              "ManagedBy": "Terraform",
              "Name": "Certificate for ca.cloudpedia.xyz"
            },
            "tags_all": {
              "ManagedBy": "Terraform",
              "Name": "Certificate for ca.cloudpedia.xyz"
            },
            "type": "AMAZON_ISSUED",
            "validation_emails": [],
            "validation_method": "DNS",
            "validation_option": []
          },
          "sensitive_attributes": [],
          "private": "bnVsbA==",
          "create_before_destroy": true
        }
      ]
    },
    {
      "module": "module.ca_west_1",
      "mode": "managed",
      "type": "aws_acm_certificate_validation",
      "name": "app",
      "provider": "provider[\"registry.terraform.io/hashicorp/aws\"].ca-west-1",
      "instances": [
        {
          "schema_version": 0,
          "attributes": {
            "certificate_arn": "arn:aws:acm:ca-west-1:285942939694:certificate/486728b5-40fb-4120-8dcd-f9448f4bbecd",
            "id": "2024-03-29 18:49:58.75 +0000 UTC",
            "timeouts": null,
            "validation_record_fqdns": [
              "_190b8861d74bba1f3157a0043382ed6a.ca.cloudpedia.xyz",
              "_3e11d8ed902776a53f0c7509fb1b3d85.eu.cloudpedia.xyz",
              "_9899271570082d1b90b9706de487076d.www.eu.cloudpedia.xyz",
              "_ffb8d9405fac5737c3e66918734d69b8.www.ca.cloudpedia.xyz"
            ]
          },
          "sensitive_attributes": [],
          "private": "eyJlMmJmYjczMC1lY2FhLTExZTYtOGY4OC0zNDM2M2JjN2M0YzAiOnsiY3JlYXRlIjo0NTAwMDAwMDAwMDAwfX0=",
          "dependencies": [
            "module.ca_west_1.aws_acm_certificate.app",
            "module.ca_west_1.aws_route53_record.domain_validation"
          ]
        }
      ]
    },
    {
      "module": "module.ca_west_1",
      "mode": "managed",
      "type": "aws_autoscaling_attachment",
      "name": "app_alb_tg",
      "provider": "provider[\"registry.terraform.io/hashicorp/aws\"].ca-west-1",
      "instances": [
        {
          "schema_version": 0,
          "attributes": {
            "autoscaling_group_name": "app-fleet",
            "elb": null,
            "id": "app-fleet-2024032917512218110000000d",
            "lb_target_group_arn": "arn:aws:elasticloadbalancing:ca-west-1:285942939694:targetgroup/app-alb-tg/96ca5b8d1be37034"
          },
          "sensitive_attributes": [],
          "private": "bnVsbA==",
          "dependencies": [
            "module.ca_west_1.aws_lb_target_group.app_alb_tg",
            "module.ca_west_1.aws_vpc.main",
            "module.ca_west_1.module.app_fleet.aws_autoscaling_group.main",
            "module.ca_west_1.module.app_fleet.aws_iam_instance_profile.main",
            "module.ca_west_1.module.app_fleet.aws_iam_role.main",
            "module.ca_west_1.module.app_fleet.aws_launch_template.main",
            "module.ca_west_1.module.app_fleet.aws_placement_group.main",
            "module.ca_west_1.module.app_fleet.aws_security_group.main",
            "module.ca_west_1.module.app_fleet.data.aws_ami.ubuntu_server_22",
            "module.ca_west_1.module.private_subnet.aws_subnet.main",
            "module.ca_west_1.module.private_subnet.data.aws_availability_zones.available"
          ]
        }
      ]
    },
    {
      "module": "module.ca_west_1",
      "mode": "managed",
      "type": "aws_autoscaling_lifecycle_hook",
      "name": "instance_launch_lifecycle_hook",
      "provider": "provider[\"registry.terraform.io/hashicorp/aws\"].ca-west-1",
      "instances": [
        {
          "schema_version": 0,
          "attributes": {
            "autoscaling_group_name": "app-fleet",
            "default_result": "CONTINUE",
            "heartbeat_timeout": 600,
            "id": "launch-hook",
            "lifecycle_transition": "autoscaling:EC2_INSTANCE_LAUNCHING",
            "name": "launch-hook",
            "notification_metadata": "",
            "notification_target_arn": "",
            "role_arn": ""
          },
          "sensitive_attributes": [],
          "private": "bnVsbA==",
          "dependencies": [
            "module.ca_west_1.aws_vpc.main",
            "module.ca_west_1.module.app_fleet.aws_autoscaling_group.main",
            "module.ca_west_1.module.app_fleet.aws_iam_instance_profile.main",
            "module.ca_west_1.module.app_fleet.aws_iam_role.main",
            "module.ca_west_1.module.app_fleet.aws_launch_template.main",
            "module.ca_west_1.module.app_fleet.aws_placement_group.main",
            "module.ca_west_1.module.app_fleet.aws_security_group.main",
            "module.ca_west_1.module.app_fleet.data.aws_ami.ubuntu_server_22",
            "module.ca_west_1.module.private_subnet.aws_subnet.main",
            "module.ca_west_1.module.private_subnet.data.aws_availability_zones.available"
          ]
        }
      ]
    },
    {
      "module": "module.ca_west_1",
      "mode": "managed",
      "type": "aws_autoscaling_lifecycle_hook",
      "name": "instance_termination_lifecycle_hook",
      "provider": "provider[\"registry.terraform.io/hashicorp/aws\"].ca-west-1",
      "instances": [
        {
          "schema_version": 0,
          "attributes": {
            "autoscaling_group_name": "app-fleet",
            "default_result": "CONTINUE",
            "heartbeat_timeout": 600,
            "id": "termination-hook",
            "lifecycle_transition": "autoscaling:EC2_INSTANCE_TERMINATING",
            "name": "termination-hook",
            "notification_metadata": "",
            "notification_target_arn": "",
            "role_arn": ""
          },
          "sensitive_attributes": [],
          "private": "bnVsbA==",
          "dependencies": [
            "module.ca_west_1.aws_vpc.main",
            "module.ca_west_1.module.app_fleet.aws_autoscaling_group.main",
            "module.ca_west_1.module.app_fleet.aws_iam_instance_profile.main",
            "module.ca_west_1.module.app_fleet.aws_iam_role.main",
            "module.ca_west_1.module.app_fleet.aws_launch_template.main",
            "module.ca_west_1.module.app_fleet.aws_placement_group.main",
            "module.ca_west_1.module.app_fleet.aws_security_group.main",
            "module.ca_west_1.module.app_fleet.data.aws_ami.ubuntu_server_22",
            "module.ca_west_1.module.private_subnet.aws_subnet.main",
            "module.ca_west_1.module.private_subnet.data.aws_availability_zones.available"
          ]
        }
      ]
    },
    {
      "module": "module.ca_west_1",
      "mode": "managed",
      "type": "aws_cloudwatch_event_rule",
      "name": "capture_launch_autoscaling_lifecycle_hook",
      "provider": "provider[\"registry.terraform.io/hashicorp/aws\"].ca-west-1",
      "instances": [
        {
          "schema_version": 1,
          "attributes": {
            "arn": "arn:aws:events:ca-west-1:285942939694:rule/capture-app-fleet-launch-autoscaling-hook",
            "description": "Capture event when autoscaling launches new instance",
            "event_bus_name": "default",
            "event_pattern": "{\"detail\":{\"AutoScalingGroupName\":[\"app-fleet\"],\"LifecycleHookName\":[\"launch-hook\"]},\"detail-type\":[\"EC2 Instance-launch Lifecycle Action\"],\"source\":[\"aws.autoscaling\"]}",
            "force_destroy": false,
            "id": "capture-app-fleet-launch-autoscaling-hook",
            "is_enabled": true,
            "name": "capture-app-fleet-launch-autoscaling-hook",
            "name_prefix": "",
            "role_arn": "",
            "schedule_expression": "",
            "state": "ENABLED",
            "tags": {
              "ManagedBy": "Terraform"
            },
            "tags_all": {
              "ManagedBy": "Terraform"
            }
          },
          "sensitive_attributes": [],
          "private": "eyJzY2hlbWFfdmVyc2lvbiI6IjEifQ==",
          "dependencies": [
            "module.ca_west_1.aws_autoscaling_lifecycle_hook.instance_launch_lifecycle_hook",
            "module.ca_west_1.aws_vpc.main",
            "module.ca_west_1.module.app_fleet.aws_autoscaling_group.main",
            "module.ca_west_1.module.app_fleet.aws_iam_instance_profile.main",
            "module.ca_west_1.module.app_fleet.aws_iam_role.main",
            "module.ca_west_1.module.app_fleet.aws_launch_template.main",
            "module.ca_west_1.module.app_fleet.aws_placement_group.main",
            "module.ca_west_1.module.app_fleet.aws_security_group.main",
            "module.ca_west_1.module.app_fleet.data.aws_ami.ubuntu_server_22",
            "module.ca_west_1.module.private_subnet.aws_subnet.main",
            "module.ca_west_1.module.private_subnet.data.aws_availability_zones.available"
          ]
        }
      ]
    },
    {
      "module": "module.ca_west_1",
      "mode": "managed",
      "type": "aws_cloudwatch_event_rule",
      "name": "capture_termination_autoscaling_lifecycle_hook",
      "provider": "provider[\"registry.terraform.io/hashicorp/aws\"].ca-west-1",
      "instances": [
        {
          "schema_version": 1,
          "attributes": {
            "arn": "arn:aws:events:ca-west-1:285942939694:rule/capture-app-fleet-termination-autoscaling-hook",
            "description": "Capture event when autoscaling terminates an instance",
            "event_bus_name": "default",
            "event_pattern": "{\"detail\":{\"AutoScalingGroupName\":[\"app-fleet\"],\"LifecycleHookName\":[\"termination-hook\"]},\"detail-type\":[\"EC2 Instance-terminate Lifecycle Action\"],\"source\":[\"aws.autoscaling\"]}",
            "force_destroy": false,
            "id": "capture-app-fleet-termination-autoscaling-hook",
            "is_enabled": true,
            "name": "capture-app-fleet-termination-autoscaling-hook",
            "name_prefix": "",
            "role_arn": "",
            "schedule_expression": "",
            "state": "ENABLED",
            "tags": {
              "ManagedBy": "Terraform"
            },
            "tags_all": {
              "ManagedBy": "Terraform"
            }
          },
          "sensitive_attributes": [],
          "private": "eyJzY2hlbWFfdmVyc2lvbiI6IjEifQ==",
          "dependencies": [
            "module.ca_west_1.aws_autoscaling_lifecycle_hook.instance_termination_lifecycle_hook",
            "module.ca_west_1.aws_vpc.main",
            "module.ca_west_1.module.app_fleet.aws_autoscaling_group.main",
            "module.ca_west_1.module.app_fleet.aws_iam_instance_profile.main",
            "module.ca_west_1.module.app_fleet.aws_iam_role.main",
            "module.ca_west_1.module.app_fleet.aws_launch_template.main",
            "module.ca_west_1.module.app_fleet.aws_placement_group.main",
            "module.ca_west_1.module.app_fleet.aws_security_group.main",
            "module.ca_west_1.module.app_fleet.data.aws_ami.ubuntu_server_22",
            "module.ca_west_1.module.private_subnet.aws_subnet.main",
            "module.ca_west_1.module.private_subnet.data.aws_availability_zones.available"
          ]
        }
      ]
    },
    {
      "module": "module.ca_west_1",
      "mode": "managed",
      "type": "aws_cloudwatch_event_target",
      "name": "app_fleet_termination_autoscaling_lifecycle_hook_lambda_target",
      "provider": "provider[\"registry.terraform.io/hashicorp/aws\"].ca-west-1",
      "instances": [
        {
          "schema_version": 1,
          "attributes": {
            "arn": "arn:aws:lambda:ca-west-1:285942939694:function:autoscaling-lifecycle-hook-target",
            "batch_target": [],
            "dead_letter_config": [],
            "ecs_target": [],
            "event_bus_name": "default",
            "force_destroy": false,
            "http_target": [],
            "id": "capture-app-fleet-termination-autoscaling-hook-termination-autoscaling-lifecycle-hook-lambda-target",
            "input": "",
            "input_path": "",
            "input_transformer": [],
            "kinesis_target": [],
            "redshift_target": [],
            "retry_policy": [],
            "role_arn": "",
            "rule": "capture-app-fleet-termination-autoscaling-hook",
            "run_command_targets": [],
            "sagemaker_pipeline_target": [],
            "sqs_target": [],
            "target_id": "termination-autoscaling-lifecycle-hook-lambda-target"
          },
          "sensitive_attributes": [],
          "private": "eyJzY2hlbWFfdmVyc2lvbiI6IjEifQ==",
          "dependencies": [
            "module.ca_west_1.aws_autoscaling_lifecycle_hook.instance_termination_lifecycle_hook",
            "module.ca_west_1.aws_cloudwatch_event_rule.capture_termination_autoscaling_lifecycle_hook",
            "module.ca_west_1.aws_iam_role.autoscaling_lifecycle_hook_lambda_target",
            "module.ca_west_1.aws_lambda_function.autoscaling_lifecycle_hook_lambda_target",
            "module.ca_west_1.aws_vpc.main",
            "module.ca_west_1.data.archive_file.lambda_source_archive",
            "module.ca_west_1.data.aws_caller_identity.current",
            "module.ca_west_1.module.app_fleet.aws_autoscaling_group.main",
            "module.ca_west_1.module.app_fleet.aws_iam_instance_profile.main",
            "module.ca_west_1.module.app_fleet.aws_iam_role.main",
            "module.ca_west_1.module.app_fleet.aws_launch_template.main",
            "module.ca_west_1.module.app_fleet.aws_placement_group.main",
            "module.ca_west_1.module.app_fleet.aws_security_group.main",
            "module.ca_west_1.module.app_fleet.data.aws_ami.ubuntu_server_22",
            "module.ca_west_1.module.private_subnet.aws_subnet.main",
            "module.ca_west_1.module.private_subnet.data.aws_availability_zones.available"
          ]
        }
      ]
    },
    {
      "module": "module.ca_west_1",
      "mode": "managed",
      "type": "aws_cloudwatch_event_target",
      "name": "launch_autoscaling_lifecycle_hook_lambda_target",
      "provider": "provider[\"registry.terraform.io/hashicorp/aws\"].ca-west-1",
      "instances": [
        {
          "schema_version": 1,
          "attributes": {
            "arn": "arn:aws:lambda:ca-west-1:285942939694:function:autoscaling-lifecycle-hook-target",
            "batch_target": [],
            "dead_letter_config": [],
            "ecs_target": [],
            "event_bus_name": "default",
            "force_destroy": false,
            "http_target": [],
            "id": "capture-app-fleet-launch-autoscaling-hook-launch-autoscaling-lifecycle-hook-lambda-target",
            "input": "",
            "input_path": "",
            "input_transformer": [],
            "kinesis_target": [],
            "redshift_target": [],
            "retry_policy": [],
            "role_arn": "",
            "rule": "capture-app-fleet-launch-autoscaling-hook",
            "run_command_targets": [],
            "sagemaker_pipeline_target": [],
            "sqs_target": [],
            "target_id": "launch-autoscaling-lifecycle-hook-lambda-target"
          },
          "sensitive_attributes": [],
          "private": "eyJzY2hlbWFfdmVyc2lvbiI6IjEifQ==",
          "dependencies": [
            "module.ca_west_1.aws_autoscaling_lifecycle_hook.instance_launch_lifecycle_hook",
            "module.ca_west_1.aws_cloudwatch_event_rule.capture_launch_autoscaling_lifecycle_hook",
            "module.ca_west_1.aws_iam_role.autoscaling_lifecycle_hook_lambda_target",
            "module.ca_west_1.aws_lambda_function.autoscaling_lifecycle_hook_lambda_target",
            "module.ca_west_1.aws_vpc.main",
            "module.ca_west_1.data.archive_file.lambda_source_archive",
            "module.ca_west_1.data.aws_caller_identity.current",
            "module.ca_west_1.module.app_fleet.aws_autoscaling_group.main",
            "module.ca_west_1.module.app_fleet.aws_iam_instance_profile.main",
            "module.ca_west_1.module.app_fleet.aws_iam_role.main",
            "module.ca_west_1.module.app_fleet.aws_launch_template.main",
            "module.ca_west_1.module.app_fleet.aws_placement_group.main",
            "module.ca_west_1.module.app_fleet.aws_security_group.main",
            "module.ca_west_1.module.app_fleet.data.aws_ami.ubuntu_server_22",
            "module.ca_west_1.module.private_subnet.aws_subnet.main",
            "module.ca_west_1.module.private_subnet.data.aws_availability_zones.available"
          ]
        }
      ]
    },
    {
      "module": "module.ca_west_1",
      "mode": "managed",
      "type": "aws_cloudwatch_log_group",
      "name": "autoscaling_lifecycle_hook_lambda_log_group",
      "provider": "provider[\"registry.terraform.io/hashicorp/aws\"].ca-west-1",
      "instances": [
        {
          "schema_version": 0,
          "attributes": {
            "arn": "arn:aws:logs:ca-west-1:285942939694:log-group:/aws/lambda/autoscaling-lifecycle-hook-target",
            "id": "/aws/lambda/autoscaling-lifecycle-hook-target",
            "kms_key_id": "",
            "log_group_class": "STANDARD",
            "name": "/aws/lambda/autoscaling-lifecycle-hook-target",
            "name_prefix": "",
            "retention_in_days": 3,
            "skip_destroy": false,
            "tags": {},
            "tags_all": {}
          },
          "sensitive_attributes": [],
          "private": "bnVsbA=="
        }
      ]
    },
    {
      "module": "module.ca_west_1",
      "mode": "managed",
      "type": "aws_eip",
      "name": "main",
      "provider": "provider[\"registry.terraform.io/hashicorp/aws\"].ca-west-1",
      "instances": [
        {
          "schema_version": 0,
          "attributes": {
            "address": null,
            "allocation_id": "eipalloc-096679db8ea83149e",
            "arn": "arn:aws:ec2:ca-west-1:285942939694:elastic-ip/eipalloc-096679db8ea83149e",
            "associate_with_private_ip": null,
            "association_id": "eipassoc-0255655a68f757609",
            "carrier_ip": "",
            "customer_owned_ip": "",
            "customer_owned_ipv4_pool": "",
            "domain": "vpc",
            "id": "eipalloc-096679db8ea83149e",
            "instance": "",
            "network_border_group": "ca-west-1",
            "network_interface": "eni-08ee2165d3dd21eec",
            "private_dns": "ip-172-17-5-154.ca-west-1.compute.internal",
            "private_ip": "172.17.5.154",
            "ptr_record": "",
            "public_dns": "ec2-40-176-169-226.ca-west-1.compute.amazonaws.com",
            "public_ip": "40.176.169.226",
            "public_ipv4_pool": "amazon",
            "tags": {
              "Description": "Routes internal traffic to the internet through public subnet in AZ a",
              "ManagedBy": "Terraform",
              "Name": "vpc-ca-west-1-eip-az-a"
            },
            "tags_all": {
              "Description": "Routes internal traffic to the internet through public subnet in AZ a",
              "ManagedBy": "Terraform",
              "Name": "vpc-ca-west-1-eip-az-a"
            },
            "timeouts": null,
            "vpc": true
          },
          "sensitive_attributes": [],
          "private": "eyJlMmJmYjczMC1lY2FhLTExZTYtOGY4OC0zNDM2M2JjN2M0YzAiOnsiZGVsZXRlIjoxODAwMDAwMDAwMDAsInJlYWQiOjkwMDAwMDAwMDAwMCwidXBkYXRlIjozMDAwMDAwMDAwMDB9fQ==",
          "dependencies": [
            "module.ca_west_1.aws_internet_gateway.main",
            "module.ca_west_1.aws_vpc.main"
          ]
        }
      ]
    },
    {
      "module": "module.ca_west_1",
      "mode": "managed",
      "type": "aws_iam_role",
      "name": "autoscaling_lifecycle_hook_lambda_target",
      "provider": "provider[\"registry.terraform.io/hashicorp/aws\"].ca-west-1",
      "instances": [
        {
          "schema_version": 0,
          "attributes": {
            "arn": "arn:aws:iam::285942939694:role/autoscaling-lifecycle-hook-target-role20240521060751760800000001",
            "assume_role_policy": "{\"Statement\":[{\"Action\":\"sts:AssumeRole\",\"Effect\":\"Allow\",\"Principal\":{\"Service\":\"lambda.amazonaws.com\"}}],\"Version\":\"2012-10-17\"}",
            "create_date": "2024-05-21T06:07:52Z",
            "description": "",
            "force_detach_policies": false,
            "id": "autoscaling-lifecycle-hook-target-role20240521060751760800000001",
            "inline_policy": [
              {
                "name": "autoscaling-lifecycle-hook-target-role-policy20240521060753697300000003",
                "policy": "{\"Version\":\"2012-10-17\",\"Statement\":[{\"Action\":[\"autoscaling:CompleteLifecycleAction\"],\"Effect\":\"Allow\",\"Resource\":\"arn:aws:autoscaling:ca-west-1:285942939694:autoScalingGroup:be4b5665-9a8b-499c-97d5-0c30cba44a58:autoScalingGroupName/app-fleet\",\"Sid\":\"AllowLifecycleCompletion\"},{\"Action\":[\"events:PutEvents\"],\"Effect\":\"Allow\",\"Resource\":\"*\",\"Sid\":\"AllowPutEvent\"},{\"Action\":[\"ec2:DescribeInstances\"],\"Effect\":\"Allow\",\"Resource\":\"*\",\"Sid\":\"AllowDescribeEC2Instances\"},{\"Action\":[\"logs:CreateLogStream\",\"logs:DescribeLogStreams\",\"logs:PutLogEvents\"],\"Effect\":\"Allow\",\"Resource\":\"*\",\"Sid\":\"AllowLogManagement\"}]}"
              }
            ],
            "managed_policy_arns": [],
            "max_session_duration": 3600,
            "name": "autoscaling-lifecycle-hook-target-role20240521060751760800000001",
            "name_prefix": "autoscaling-lifecycle-hook-target-role",
            "path": "/",
            "permissions_boundary": "",
            "tags": {},
            "tags_all": {},
            "unique_id": "AROAUFE4HAAXAK6SMMCJL"
          },
          "sensitive_attributes": [],
          "private": "bnVsbA=="
        }
      ]
    },
    {
      "module": "module.ca_west_1",
      "mode": "managed",
      "type": "aws_iam_role_policy",
      "name": "autoscaling_lifecycle_hook_lambda_target",
      "provider": "provider[\"registry.terraform.io/hashicorp/aws\"].ca-west-1",
      "instances": [
        {
          "schema_version": 0,
          "attributes": {
            "id": "autoscaling-lifecycle-hook-target-role20240521060751760800000001:autoscaling-lifecycle-hook-target-role-policy20240521060753697300000003",
            "name": "autoscaling-lifecycle-hook-target-role-policy20240521060753697300000003",
            "name_prefix": "autoscaling-lifecycle-hook-target-role-policy",
            "policy": "{\"Version\":\"2012-10-17\",\"Statement\":[{\"Action\":[\"autoscaling:CompleteLifecycleAction\"],\"Effect\":\"Allow\",\"Resource\":\"arn:aws:autoscaling:ca-west-1:285942939694:autoScalingGroup:be4b5665-9a8b-499c-97d5-0c30cba44a58:autoScalingGroupName/app-fleet\",\"Sid\":\"AllowLifecycleCompletion\"},{\"Action\":[\"events:PutEvents\"],\"Effect\":\"Allow\",\"Resource\":\"*\",\"Sid\":\"AllowPutEvent\"},{\"Action\":[\"ec2:DescribeInstances\"],\"Effect\":\"Allow\",\"Resource\":\"*\",\"Sid\":\"AllowDescribeEC2Instances\"},{\"Action\":[\"logs:CreateLogStream\",\"logs:DescribeLogStreams\",\"logs:PutLogEvents\"],\"Effect\":\"Allow\",\"Resource\":\"*\",\"Sid\":\"AllowLogManagement\"}]}",
            "role": "autoscaling-lifecycle-hook-target-role20240521060751760800000001"
          },
          "sensitive_attributes": [],
          "private": "bnVsbA==",
          "dependencies": [
            "module.ca_west_1.aws_iam_role.autoscaling_lifecycle_hook_lambda_target",
            "module.ca_west_1.aws_vpc.main",
            "module.ca_west_1.module.app_fleet.aws_autoscaling_group.main",
            "module.ca_west_1.module.app_fleet.aws_iam_instance_profile.main",
            "module.ca_west_1.module.app_fleet.aws_iam_role.main",
            "module.ca_west_1.module.app_fleet.aws_launch_template.main",
            "module.ca_west_1.module.app_fleet.aws_placement_group.main",
            "module.ca_west_1.module.app_fleet.aws_security_group.main",
            "module.ca_west_1.module.app_fleet.data.aws_ami.ubuntu_server_22",
            "module.ca_west_1.module.private_subnet.aws_subnet.main",
            "module.ca_west_1.module.private_subnet.data.aws_availability_zones.available"
          ]
        }
      ]
    },
    {
      "module": "module.ca_west_1",
      "mode": "managed",
      "type": "aws_internet_gateway",
      "name": "main",
      "provider": "provider[\"registry.terraform.io/hashicorp/aws\"].ca-west-1",
      "instances": [
        {
          "schema_version": 0,
          "attributes": {
            "arn": "arn:aws:ec2:ca-west-1:285942939694:internet-gateway/igw-02de8b1b5bf825bca",
            "id": "igw-02de8b1b5bf825bca",
            "owner_id": "285942939694",
            "tags": {
              "ManagedBy": "Terraform",
              "Name": "vpc-ca-west-1-igw"
            },
            "tags_all": {
              "ManagedBy": "Terraform",
              "Name": "vpc-ca-west-1-igw"
            },
            "timeouts": null,
            "vpc_id": "vpc-0913078db96c40076"
          },
          "sensitive_attributes": [],
          "private": "eyJlMmJmYjczMC1lY2FhLTExZTYtOGY4OC0zNDM2M2JjN2M0YzAiOnsiY3JlYXRlIjoxMjAwMDAwMDAwMDAwLCJkZWxldGUiOjEyMDAwMDAwMDAwMDAsInVwZGF0ZSI6MTIwMDAwMDAwMDAwMH19",
          "dependencies": [
            "module.ca_west_1.aws_vpc.main"
          ]
        }
      ]
    },
    {
      "module": "module.ca_west_1",
      "mode": "managed",
      "type": "aws_lambda_function",
      "name": "autoscaling_lifecycle_hook_lambda_target",
      "provider": "provider[\"registry.terraform.io/hashicorp/aws\"].ca-west-1",
      "instances": [
        {
          "schema_version": 0,
          "attributes": {
            "architectures": [
              "x86_64"
            ],
            "arn": "arn:aws:lambda:ca-west-1:285942939694:function:autoscaling-lifecycle-hook-target",
            "code_sha256": "fyeecQPm47NZUk0XXFCvV18eWZJOR5Yq6b0gsVwBkRY=",
            "code_signing_config_arn": null,
            "dead_letter_config": [],
            "description": "",
            "environment": [
              {
                "variables": {
                  "APP_PORT": "80",
                  "AVAILABILITY_ZONE": "all",
                  "DEREGISTRATION_DELAY_SECONDS": "300",
                  "TARGET_EVENT_BUS_ARN": "arn:aws:events:eu-central-1:285942939694:event-bus/default",
                  "TARGET_EVENT_BUS_REGION": "eu-central-1"
                }
              }
            ],
            "ephemeral_storage": [
              {
                "size": 512
              }
            ],
            "file_system_config": [],
            "filename": "../modules/ca-west-1/files/autoscaling-lifecycle-hook-lambda.zip",
            "function_name": "autoscaling-lifecycle-hook-target",
            "handler": "index.handler",
            "id": "autoscaling-lifecycle-hook-target",
            "image_config": [],
            "image_uri": "",
            "invoke_arn": "arn:aws:apigateway:ca-west-1:lambda:path/2015-03-31/functions/arn:aws:lambda:ca-west-1:285942939694:function:autoscaling-lifecycle-hook-target/invocations",
            "kms_key_arn": "",
            "last_modified": "2024-05-31T13:37:41.000+0000",
            "layers": [],
            "logging_config": [
              {
                "application_log_level": "",
                "log_format": "Text",
                "log_group": "/aws/lambda/autoscaling-lifecycle-hook-target",
                "system_log_level": ""
              }
            ],
            "memory_size": 128,
            "package_type": "Zip",
            "publish": false,
            "qualified_arn": "arn:aws:lambda:ca-west-1:285942939694:function:autoscaling-lifecycle-hook-target:$LATEST",
            "qualified_invoke_arn": "arn:aws:apigateway:ca-west-1:lambda:path/2015-03-31/functions/arn:aws:lambda:ca-west-1:285942939694:function:autoscaling-lifecycle-hook-target:$LATEST/invocations",
            "replace_security_groups_on_destroy": null,
            "replacement_security_group_ids": null,
            "reserved_concurrent_executions": -1,
            "role": "arn:aws:iam::285942939694:role/autoscaling-lifecycle-hook-target-role20240521060751760800000001",
            "runtime": "nodejs20.x",
            "s3_bucket": null,
            "s3_key": null,
            "s3_object_version": null,
            "signing_job_arn": "",
            "signing_profile_version_arn": "",
            "skip_destroy": false,
            "snap_start": [],
            "source_code_hash": "fyeecQPm47NZUk0XXFCvV18eWZJOR5Yq6b0gsVwBkRY=",
            "source_code_size": 2663,
            "tags": {
              "ManagedBy": "Terraform"
            },
            "tags_all": {
              "ManagedBy": "Terraform"
            },
            "timeout": 360,
            "timeouts": null,
            "tracing_config": [
              {
                "mode": "PassThrough"
              }
            ],
            "version": "$LATEST",
            "vpc_config": []
          },
          "sensitive_attributes": [],
          "private": "eyJlMmJmYjczMC1lY2FhLTExZTYtOGY4OC0zNDM2M2JjN2M0YzAiOnsiY3JlYXRlIjo2MDAwMDAwMDAwMDAsImRlbGV0ZSI6NjAwMDAwMDAwMDAwLCJ1cGRhdGUiOjYwMDAwMDAwMDAwMH19",
          "dependencies": [
            "module.ca_west_1.aws_iam_role.autoscaling_lifecycle_hook_lambda_target",
            "module.ca_west_1.data.archive_file.lambda_source_archive",
            "module.ca_west_1.data.aws_caller_identity.current"
          ]
        }
      ]
    },
    {
      "module": "module.ca_west_1",
      "mode": "managed",
      "type": "aws_lambda_permission",
      "name": "launch_asc_lifecycle_invoke_lambda",
      "provider": "provider[\"registry.terraform.io/hashicorp/aws\"].ca-west-1",
      "instances": [
        {
          "schema_version": 0,
          "attributes": {
            "action": "lambda:InvokeFunction",
            "event_source_token": null,
            "function_name": "autoscaling-lifecycle-hook-target",
            "function_url_auth_type": null,
            "id": "terraform-20240525232022959600000001",
            "principal": "events.amazonaws.com",
            "principal_org_id": null,
            "qualifier": "",
            "source_account": null,
            "source_arn": "arn:aws:events:ca-west-1:285942939694:rule/capture-app-fleet-launch-autoscaling-hook",
            "statement_id": "terraform-20240525232022959600000001",
            "statement_id_prefix": "terraform-"
          },
          "sensitive_attributes": [],
          "private": "bnVsbA==",
          "dependencies": [
            "module.ca_west_1.aws_autoscaling_lifecycle_hook.instance_launch_lifecycle_hook",
            "module.ca_west_1.aws_cloudwatch_event_rule.capture_launch_autoscaling_lifecycle_hook",
            "module.ca_west_1.aws_iam_role.autoscaling_lifecycle_hook_lambda_target",
            "module.ca_west_1.aws_lambda_function.autoscaling_lifecycle_hook_lambda_target",
            "module.ca_west_1.aws_vpc.main",
            "module.ca_west_1.data.archive_file.lambda_source_archive",
            "module.ca_west_1.data.aws_caller_identity.current",
            "module.ca_west_1.module.app_fleet.aws_autoscaling_group.main",
            "module.ca_west_1.module.app_fleet.aws_iam_instance_profile.main",
            "module.ca_west_1.module.app_fleet.aws_iam_role.main",
            "module.ca_west_1.module.app_fleet.aws_launch_template.main",
            "module.ca_west_1.module.app_fleet.aws_placement_group.main",
            "module.ca_west_1.module.app_fleet.aws_security_group.main",
            "module.ca_west_1.module.app_fleet.data.aws_ami.ubuntu_server_22",
            "module.ca_west_1.module.private_subnet.aws_subnet.main",
            "module.ca_west_1.module.private_subnet.data.aws_availability_zones.available"
          ]
        }
      ]
    },
    {
      "module": "module.ca_west_1",
      "mode": "managed",
      "type": "aws_lambda_permission",
      "name": "termination_asc_lifecycle_invoke_lambda",
      "provider": "provider[\"registry.terraform.io/hashicorp/aws\"].ca-west-1",
      "instances": [
        {
          "schema_version": 0,
          "attributes": {
            "action": "lambda:InvokeFunction",
            "event_source_token": null,
            "function_name": "autoscaling-lifecycle-hook-target",
            "function_url_auth_type": null,
            "id": "terraform-20240525232022959600000002",
            "principal": "events.amazonaws.com",
            "principal_org_id": null,
            "qualifier": "",
            "source_account": null,
            "source_arn": "arn:aws:events:ca-west-1:285942939694:rule/capture-app-fleet-termination-autoscaling-hook",
            "statement_id": "terraform-20240525232022959600000002",
            "statement_id_prefix": "terraform-"
          },
          "sensitive_attributes": [],
          "private": "bnVsbA==",
          "dependencies": [
            "module.ca_west_1.aws_autoscaling_lifecycle_hook.instance_termination_lifecycle_hook",
            "module.ca_west_1.aws_cloudwatch_event_rule.capture_termination_autoscaling_lifecycle_hook",
            "module.ca_west_1.aws_iam_role.autoscaling_lifecycle_hook_lambda_target",
            "module.ca_west_1.aws_lambda_function.autoscaling_lifecycle_hook_lambda_target",
            "module.ca_west_1.aws_vpc.main",
            "module.ca_west_1.data.archive_file.lambda_source_archive",
            "module.ca_west_1.data.aws_caller_identity.current",
            "module.ca_west_1.module.app_fleet.aws_autoscaling_group.main",
            "module.ca_west_1.module.app_fleet.aws_iam_instance_profile.main",
            "module.ca_west_1.module.app_fleet.aws_iam_role.main",
            "module.ca_west_1.module.app_fleet.aws_launch_template.main",
            "module.ca_west_1.module.app_fleet.aws_placement_group.main",
            "module.ca_west_1.module.app_fleet.aws_security_group.main",
            "module.ca_west_1.module.app_fleet.data.aws_ami.ubuntu_server_22",
            "module.ca_west_1.module.private_subnet.aws_subnet.main",
            "module.ca_west_1.module.private_subnet.data.aws_availability_zones.available"
          ]
        }
      ]
    },
    {
      "module": "module.ca_west_1",
      "mode": "managed",
      "type": "aws_lb_listener_rule",
      "name": "from_frankfurt_to_app_alb_tg",
      "provider": "provider[\"registry.terraform.io/hashicorp/aws\"].ca-west-1",
      "instances": [
        {
          "schema_version": 0,
          "attributes": {
            "action": [
              {
                "authenticate_cognito": [],
                "authenticate_oidc": [],
                "fixed_response": [],
                "forward": [],
                "order": 1,
                "redirect": [],
                "target_group_arn": "arn:aws:elasticloadbalancing:ca-west-1:285942939694:targetgroup/app-alb-tg/96ca5b8d1be37034",
                "type": "forward"
              }
            ],
            "arn": "arn:aws:elasticloadbalancing:ca-west-1:285942939694:listener-rule/app/app-alb/b2dd20f157bb5da6/fa331d6ad834ff57/d837bf2aa600361b",
            "condition": [
              {
                "host_header": [
                  {
                    "values": [
                      "eu.cloudpedia.xyz"
                    ]
                  }
                ],
                "http_header": [],
                "http_request_method": [],
                "path_pattern": [],
                "query_string": [],
                "source_ip": []
              }
            ],
            "id": "arn:aws:elasticloadbalancing:ca-west-1:285942939694:listener-rule/app/app-alb/b2dd20f157bb5da6/fa331d6ad834ff57/d837bf2aa600361b",
            "listener_arn": "arn:aws:elasticloadbalancing:ca-west-1:285942939694:listener/app/app-alb/b2dd20f157bb5da6/fa331d6ad834ff57",
            "priority": 2,
            "tags": {
              "ManagedBy": "Terraform"
            },
            "tags_all": {
              "ManagedBy": "Terraform"
            }
          },
          "sensitive_attributes": [],
          "private": "bnVsbA==",
          "dependencies": [
            "module.ca_west_1.aws_acm_certificate.app",
            "module.ca_west_1.aws_acm_certificate_validation.app",
            "module.ca_west_1.aws_lb_target_group.app_alb_tg",
            "module.ca_west_1.aws_route53_record.domain_validation",
            "module.ca_west_1.aws_vpc.main",
            "module.ca_west_1.module.app_alb.aws_lb.main",
            "module.ca_west_1.module.app_alb.aws_lb_listener.main",
            "module.ca_west_1.module.app_alb.aws_security_group.main",
            "module.ca_west_1.module.public_subnet.aws_subnet.main",
            "module.ca_west_1.module.public_subnet.data.aws_availability_zones.available"
          ]
        }
      ]
    },
    {
      "module": "module.ca_west_1",
      "mode": "managed",
      "type": "aws_lb_listener_rule",
      "name": "redirect_http_port_80",
      "provider": "provider[\"registry.terraform.io/hashicorp/aws\"].ca-west-1",
      "instances": [
        {
          "schema_version": 0,
          "attributes": {
            "action": [
              {
                "authenticate_cognito": [],
                "authenticate_oidc": [],
                "fixed_response": [],
                "forward": [],
                "order": 1,
                "redirect": [
                  {
                    "host": "#{host}",
                    "path": "/#{path}",
                    "port": "443",
                    "protocol": "HTTPS",
                    "query": "#{query}",
                    "status_code": "HTTP_301"
                  }
                ],
                "target_group_arn": "",
                "type": "redirect"
              }
            ],
            "arn": "arn:aws:elasticloadbalancing:ca-west-1:285942939694:listener-rule/app/app-alb/b2dd20f157bb5da6/f1c4eb47f48bf5d2/d2d42a47a22fa428",
            "condition": [
              {
                "host_header": [
                  {
                    "values": [
                      "ca.cloudpedia.xyz"
                    ]
                  }
                ],
                "http_header": [],
                "http_request_method": [],
                "path_pattern": [],
                "query_string": [],
                "source_ip": []
              }
            ],
            "id": "arn:aws:elasticloadbalancing:ca-west-1:285942939694:listener-rule/app/app-alb/b2dd20f157bb5da6/f1c4eb47f48bf5d2/d2d42a47a22fa428",
            "listener_arn": "arn:aws:elasticloadbalancing:ca-west-1:285942939694:listener/app/app-alb/b2dd20f157bb5da6/f1c4eb47f48bf5d2",
            "priority": 1,
            "tags": {
              "ManagedBy": "Terraform"
            },
            "tags_all": {
              "ManagedBy": "Terraform"
            }
          },
          "sensitive_attributes": [],
          "private": "bnVsbA==",
          "dependencies": [
            "module.ca_west_1.aws_acm_certificate.app",
            "module.ca_west_1.aws_acm_certificate_validation.app",
            "module.ca_west_1.aws_route53_record.domain_validation",
            "module.ca_west_1.aws_vpc.main",
            "module.ca_west_1.module.app_alb.aws_lb.main",
            "module.ca_west_1.module.app_alb.aws_lb_listener.main",
            "module.ca_west_1.module.app_alb.aws_security_group.main",
            "module.ca_west_1.module.public_subnet.aws_subnet.main",
            "module.ca_west_1.module.public_subnet.data.aws_availability_zones.available"
          ]
        }
      ]
    },
    {
      "module": "module.ca_west_1",
      "mode": "managed",
      "type": "aws_lb_listener_rule",
      "name": "to_app_alb_tg",
      "provider": "provider[\"registry.terraform.io/hashicorp/aws\"].ca-west-1",
      "instances": [
        {
          "schema_version": 0,
          "attributes": {
            "action": [
              {
                "authenticate_cognito": [],
                "authenticate_oidc": [],
                "fixed_response": [],
                "forward": [],
                "order": 1,
                "redirect": [],
                "target_group_arn": "arn:aws:elasticloadbalancing:ca-west-1:285942939694:targetgroup/app-alb-tg/96ca5b8d1be37034",
                "type": "forward"
              }
            ],
            "arn": "arn:aws:elasticloadbalancing:ca-west-1:285942939694:listener-rule/app/app-alb/b2dd20f157bb5da6/fa331d6ad834ff57/56014f5a263bc5d5",
            "condition": [
              {
                "host_header": [
                  {
                    "values": [
                      "ca.cloudpedia.xyz"
                    ]
                  }
                ],
                "http_header": [],
                "http_request_method": [],
                "path_pattern": [],
                "query_string": [],
                "source_ip": []
              }
            ],
            "id": "arn:aws:elasticloadbalancing:ca-west-1:285942939694:listener-rule/app/app-alb/b2dd20f157bb5da6/fa331d6ad834ff57/56014f5a263bc5d5",
            "listener_arn": "arn:aws:elasticloadbalancing:ca-west-1:285942939694:listener/app/app-alb/b2dd20f157bb5da6/fa331d6ad834ff57",
            "priority": 1,
            "tags": {
              "ManagedBy": "Terraform"
            },
            "tags_all": {
              "ManagedBy": "Terraform"
            }
          },
          "sensitive_attributes": [],
          "private": "bnVsbA==",
          "dependencies": [
            "module.ca_west_1.aws_acm_certificate.app",
            "module.ca_west_1.aws_acm_certificate_validation.app",
            "module.ca_west_1.aws_lb_target_group.app_alb_tg",
            "module.ca_west_1.aws_route53_record.domain_validation",
            "module.ca_west_1.aws_vpc.main",
            "module.ca_west_1.module.app_alb.aws_lb.main",
            "module.ca_west_1.module.app_alb.aws_lb_listener.main",
            "module.ca_west_1.module.app_alb.aws_security_group.main",
            "module.ca_west_1.module.public_subnet.aws_subnet.main",
            "module.ca_west_1.module.public_subnet.data.aws_availability_zones.available"
          ]
        }
      ]
    },
    {
      "module": "module.ca_west_1",
      "mode": "managed",
      "type": "aws_lb_target_group",
      "name": "app_alb_tg",
      "provider": "provider[\"registry.terraform.io/hashicorp/aws\"].ca-west-1",
      "instances": [
        {
          "schema_version": 0,
          "attributes": {
            "arn": "arn:aws:elasticloadbalancing:ca-west-1:285942939694:targetgroup/app-alb-tg/96ca5b8d1be37034",
            "arn_suffix": "targetgroup/app-alb-tg/96ca5b8d1be37034",
            "connection_termination": null,
            "deregistration_delay": "300",
            "health_check": [
              {
                "enabled": true,
                "healthy_threshold": 2,
                "interval": 30,
                "matcher": "200",
                "path": "/",
                "port": "traffic-port",
                "protocol": "HTTP",
                "timeout": 10,
                "unhealthy_threshold": 2
              }
            ],
            "id": "arn:aws:elasticloadbalancing:ca-west-1:285942939694:targetgroup/app-alb-tg/96ca5b8d1be37034",
            "ip_address_type": "ipv4",
            "lambda_multi_value_headers_enabled": false,
            "load_balancer_arns": [
              "arn:aws:elasticloadbalancing:ca-west-1:285942939694:loadbalancer/app/app-alb/b2dd20f157bb5da6"
            ],
            "load_balancing_algorithm_type": "round_robin",
            "load_balancing_anomaly_mitigation": "off",
            "load_balancing_cross_zone_enabled": "use_load_balancer_configuration",
            "name": "app-alb-tg",
            "name_prefix": "",
            "port": 80,
            "preserve_client_ip": null,
            "protocol": "HTTP",
            "protocol_version": "HTTP1",
            "proxy_protocol_v2": false,
            "slow_start": 0,
            "stickiness": [
              {
                "cookie_duration": 86400,
                "cookie_name": "",
                "enabled": false,
                "type": "lb_cookie"
              }
            ],
            "tags": {
              "ManagedBy": "Terraform"
            },
            "tags_all": {
              "ManagedBy": "Terraform"
            },
            "target_failover": [
              {
                "on_deregistration": null,
                "on_unhealthy": null
              }
            ],
            "target_health_state": [
              {
                "enable_unhealthy_connection_termination": null
              }
            ],
            "target_type": "instance",
            "vpc_id": "vpc-0913078db96c40076"
          },
          "sensitive_attributes": [],
          "private": "bnVsbA==",
          "dependencies": [
            "module.ca_west_1.aws_vpc.main"
          ]
        }
      ]
    },
    {
      "module": "module.ca_west_1",
      "mode": "managed",
      "type": "aws_nat_gateway",
      "name": "main",
      "provider": "provider[\"registry.terraform.io/hashicorp/aws\"].ca-west-1",
      "instances": [
        {
          "schema_version": 0,
          "attributes": {
            "allocation_id": "eipalloc-096679db8ea83149e",
            "association_id": "eipassoc-0255655a68f757609",
            "connectivity_type": "public",
            "id": "nat-0b7b0f392d8d5d552",
            "network_interface_id": "eni-08ee2165d3dd21eec",
            "private_ip": "172.17.5.154",
            "public_ip": "40.176.169.226",
            "secondary_allocation_ids": [],
            "secondary_private_ip_address_count": 0,
            "secondary_private_ip_addresses": [],
            "subnet_id": "subnet-01cf3fa784caca356",
            "tags": {
              "Description": "Nat Gateway routes internal traffic to internet through public subnet in AZ a",
              "ManagedBy": "Terraform",
              "Name": "vpc-ca-west-1-nat-az-a"
            },
            "tags_all": {
              "Description": "Nat Gateway routes internal traffic to internet through public subnet in AZ a",
              "ManagedBy": "Terraform",
              "Name": "vpc-ca-west-1-nat-az-a"
            },
            "timeouts": null
          },
          "sensitive_attributes": [],
          "private": "eyJlMmJmYjczMC1lY2FhLTExZTYtOGY4OC0zNDM2M2JjN2M0YzAiOnsiY3JlYXRlIjo2MDAwMDAwMDAwMDAsImRlbGV0ZSI6MTgwMDAwMDAwMDAwMCwidXBkYXRlIjo2MDAwMDAwMDAwMDB9fQ==",
          "dependencies": [
            "module.ca_west_1.aws_eip.main",
            "module.ca_west_1.aws_internet_gateway.main",
            "module.ca_west_1.aws_vpc.main",
            "module.ca_west_1.module.public_subnet.aws_subnet.main",
            "module.ca_west_1.module.public_subnet.data.aws_availability_zones.available"
          ]
        }
      ]
    },
    {
      "module": "module.ca_west_1",
      "mode": "managed",
      "type": "aws_network_acl_rule",
      "name": "egress_private_subnet",
      "provider": "provider[\"registry.terraform.io/hashicorp/aws\"].ca-west-1",
      "instances": [
        {
          "index_key": "100",
          "schema_version": 0,
          "attributes": {
            "cidr_block": "0.0.0.0/0",
            "egress": true,
            "from_port": 0,
            "icmp_code": null,
            "icmp_type": null,
            "id": "nacl-3041309371",
            "ipv6_cidr_block": "",
            "network_acl_id": "acl-076b1ca47a34caba5",
            "protocol": "-1",
            "rule_action": "allow",
            "rule_number": 100,
            "to_port": 0
          },
          "sensitive_attributes": [],
          "private": "bnVsbA==",
          "dependencies": [
            "module.ca_west_1.aws_vpc.main",
            "module.ca_west_1.module.private_subnet.aws_network_acl.main",
            "module.ca_west_1.module.private_subnet.aws_subnet.main",
            "module.ca_west_1.module.private_subnet.data.aws_availability_zones.available"
          ]
        }
      ]
    },
    {
      "module": "module.ca_west_1",
      "mode": "managed",
      "type": "aws_network_acl_rule",
      "name": "egress_public_subnet",
      "provider": "provider[\"registry.terraform.io/hashicorp/aws\"].ca-west-1",
      "instances": [
        {
          "index_key": "100",
          "schema_version": 0,
          "attributes": {
            "cidr_block": "0.0.0.0/0",
            "egress": true,
            "from_port": 0,
            "icmp_code": null,
            "icmp_type": null,
            "id": "nacl-523181287",
            "ipv6_cidr_block": "",
            "network_acl_id": "acl-01e0d6db61f8a7259",
            "protocol": "-1",
            "rule_action": "allow",
            "rule_number": 100,
            "to_port": 0
          },
          "sensitive_attributes": [],
          "private": "bnVsbA==",
          "dependencies": [
            "module.ca_west_1.aws_vpc.main",
            "module.ca_west_1.module.public_subnet.aws_network_acl.main",
            "module.ca_west_1.module.public_subnet.aws_subnet.main",
            "module.ca_west_1.module.public_subnet.data.aws_availability_zones.available"
          ]
        }
      ]
    },
    {
      "module": "module.ca_west_1",
      "mode": "managed",
      "type": "aws_network_acl_rule",
      "name": "ingress_private_subnet",
      "provider": "provider[\"registry.terraform.io/hashicorp/aws\"].ca-west-1",
      "instances": [
        {
          "index_key": "100",
          "schema_version": 0,
          "attributes": {
            "cidr_block": "172.17.0.0/20",
            "egress": false,
            "from_port": 0,
            "icmp_code": null,
            "icmp_type": null,
            "id": "nacl-2134353931",
            "ipv6_cidr_block": "",
            "network_acl_id": "acl-076b1ca47a34caba5",
            "protocol": "-1",
            "rule_action": "allow",
            "rule_number": 100,
            "to_port": 0
          },
          "sensitive_attributes": [],
          "private": "bnVsbA==",
          "dependencies": [
            "module.ca_west_1.aws_vpc.main",
            "module.ca_west_1.module.private_subnet.aws_network_acl.main",
            "module.ca_west_1.module.private_subnet.aws_subnet.main",
            "module.ca_west_1.module.private_subnet.data.aws_availability_zones.available"
          ]
        },
        {
          "index_key": "200",
          "schema_version": 0,
          "attributes": {
            "cidr_block": "0.0.0.0/0",
            "egress": false,
            "from_port": 1024,
            "icmp_code": null,
            "icmp_type": null,
            "id": "nacl-2310680605",
            "ipv6_cidr_block": "",
            "network_acl_id": "acl-076b1ca47a34caba5",
            "protocol": "6",
            "rule_action": "allow",
            "rule_number": 200,
            "to_port": 65535
          },
          "sensitive_attributes": [],
          "private": "bnVsbA==",
          "dependencies": [
            "module.ca_west_1.aws_vpc.main",
            "module.ca_west_1.module.private_subnet.aws_network_acl.main",
            "module.ca_west_1.module.private_subnet.aws_subnet.main",
            "module.ca_west_1.module.private_subnet.data.aws_availability_zones.available"
          ]
        },
        {
          "index_key": "300",
          "schema_version": 0,
          "attributes": {
            "cidr_block": "0.0.0.0/0",
            "egress": false,
            "from_port": 0,
            "icmp_code": null,
            "icmp_type": null,
            "id": "nacl-2656660646",
            "ipv6_cidr_block": "",
            "network_acl_id": "acl-076b1ca47a34caba5",
            "protocol": "-1",
            "rule_action": "allow",
            "rule_number": 300,
            "to_port": 0
          },
          "sensitive_attributes": [],
          "private": "bnVsbA==",
          "dependencies": [
            "module.ca_west_1.aws_vpc.main",
            "module.ca_west_1.module.private_subnet.aws_network_acl.main",
            "module.ca_west_1.module.private_subnet.aws_subnet.main",
            "module.ca_west_1.module.private_subnet.data.aws_availability_zones.available"
          ]
        }
      ]
    },
    {
      "module": "module.ca_west_1",
      "mode": "managed",
      "type": "aws_network_acl_rule",
      "name": "ingress_public_subnet",
      "provider": "provider[\"registry.terraform.io/hashicorp/aws\"].ca-west-1",
      "instances": [
        {
          "index_key": "100",
          "schema_version": 0,
          "attributes": {
            "cidr_block": "0.0.0.0/0",
            "egress": false,
            "from_port": 0,
            "icmp_code": null,
            "icmp_type": null,
            "id": "nacl-490790010",
            "ipv6_cidr_block": "",
            "network_acl_id": "acl-01e0d6db61f8a7259",
            "protocol": "-1",
            "rule_action": "allow",
            "rule_number": 100,
            "to_port": 0
          },
          "sensitive_attributes": [],
          "private": "bnVsbA==",
          "dependencies": [
            "module.ca_west_1.aws_vpc.main",
            "module.ca_west_1.module.public_subnet.aws_network_acl.main",
            "module.ca_west_1.module.public_subnet.aws_subnet.main",
            "module.ca_west_1.module.public_subnet.data.aws_availability_zones.available"
          ]
        }
      ]
    },
    {
      "module": "module.ca_west_1",
      "mode": "managed",
      "type": "aws_route",
      "name": "private_subnet_to_external_route",
      "provider": "provider[\"registry.terraform.io/hashicorp/aws\"].ca-west-1",
      "instances": [
        {
          "index_key": "a",
          "schema_version": 0,
          "attributes": {
            "carrier_gateway_id": "",
            "core_network_arn": "",
            "destination_cidr_block": "0.0.0.0/0",
            "destination_ipv6_cidr_block": "",
            "destination_prefix_list_id": "",
            "egress_only_gateway_id": "",
            "gateway_id": "",
            "id": "r-rtb-02d9e0b844858daab1080289494",
            "instance_id": "",
            "instance_owner_id": "",
            "local_gateway_id": "",
            "nat_gateway_id": "nat-0b7b0f392d8d5d552",
            "network_interface_id": "",
            "origin": "CreateRoute",
            "route_table_id": "rtb-02d9e0b844858daab",
            "state": "active",
            "timeouts": null,
            "transit_gateway_id": "",
            "vpc_endpoint_id": "",
            "vpc_peering_connection_id": ""
          },
          "sensitive_attributes": [],
          "private": "eyJlMmJmYjczMC1lY2FhLTExZTYtOGY4OC0zNDM2M2JjN2M0YzAiOnsiY3JlYXRlIjozMDAwMDAwMDAwMDAsImRlbGV0ZSI6MzAwMDAwMDAwMDAwLCJ1cGRhdGUiOjEyMDAwMDAwMDAwMH19",
          "dependencies": [
            "module.ca_west_1.aws_eip.main",
            "module.ca_west_1.aws_internet_gateway.main",
            "module.ca_west_1.aws_nat_gateway.main",
            "module.ca_west_1.aws_vpc.main",
            "module.ca_west_1.module.private_subnet.aws_route_table.main",
            "module.ca_west_1.module.private_subnet.aws_subnet.main",
            "module.ca_west_1.module.private_subnet.data.aws_availability_zones.available",
            "module.ca_west_1.module.public_subnet.aws_subnet.main",
            "module.ca_west_1.module.public_subnet.data.aws_availability_zones.available"
          ]
        },
        {
          "index_key": "b",
          "schema_version": 0,
          "attributes": {
            "carrier_gateway_id": "",
            "core_network_arn": "",
            "destination_cidr_block": "0.0.0.0/0",
            "destination_ipv6_cidr_block": "",
            "destination_prefix_list_id": "",
            "egress_only_gateway_id": "",
            "gateway_id": "",
            "id": "r-rtb-05a0daaf39151b2901080289494",
            "instance_id": "",
            "instance_owner_id": "",
            "local_gateway_id": "",
            "nat_gateway_id": "nat-0b7b0f392d8d5d552",
            "network_interface_id": "",
            "origin": "CreateRoute",
            "route_table_id": "rtb-05a0daaf39151b290",
            "state": "active",
            "timeouts": null,
            "transit_gateway_id": "",
            "vpc_endpoint_id": "",
            "vpc_peering_connection_id": ""
          },
          "sensitive_attributes": [],
          "private": "eyJlMmJmYjczMC1lY2FhLTExZTYtOGY4OC0zNDM2M2JjN2M0YzAiOnsiY3JlYXRlIjozMDAwMDAwMDAwMDAsImRlbGV0ZSI6MzAwMDAwMDAwMDAwLCJ1cGRhdGUiOjEyMDAwMDAwMDAwMH19",
          "dependencies": [
            "module.ca_west_1.aws_eip.main",
            "module.ca_west_1.aws_internet_gateway.main",
            "module.ca_west_1.aws_nat_gateway.main",
            "module.ca_west_1.aws_vpc.main",
            "module.ca_west_1.module.private_subnet.aws_route_table.main",
            "module.ca_west_1.module.private_subnet.aws_subnet.main",
            "module.ca_west_1.module.private_subnet.data.aws_availability_zones.available",
            "module.ca_west_1.module.public_subnet.aws_subnet.main",
            "module.ca_west_1.module.public_subnet.data.aws_availability_zones.available"
          ]
        }
      ]
    },
    {
      "module": "module.ca_west_1",
      "mode": "managed",
      "type": "aws_route",
      "name": "public_subnet_to_internet_route",
      "provider": "provider[\"registry.terraform.io/hashicorp/aws\"].ca-west-1",
      "instances": [
        {
          "index_key": "a",
          "schema_version": 0,
          "attributes": {
            "carrier_gateway_id": "",
            "core_network_arn": "",
            "destination_cidr_block": "0.0.0.0/0",
            "destination_ipv6_cidr_block": "",
            "destination_prefix_list_id": "",
            "egress_only_gateway_id": "",
            "gateway_id": "igw-02de8b1b5bf825bca",
            "id": "r-rtb-06aa09fa292b621281080289494",
            "instance_id": "",
            "instance_owner_id": "",
            "local_gateway_id": "",
            "nat_gateway_id": "",
            "network_interface_id": "",
            "origin": "CreateRoute",
            "route_table_id": "rtb-06aa09fa292b62128",
            "state": "active",
            "timeouts": null,
            "transit_gateway_id": "",
            "vpc_endpoint_id": "",
            "vpc_peering_connection_id": ""
          },
          "sensitive_attributes": [],
          "private": "eyJlMmJmYjczMC1lY2FhLTExZTYtOGY4OC0zNDM2M2JjN2M0YzAiOnsiY3JlYXRlIjozMDAwMDAwMDAwMDAsImRlbGV0ZSI6MzAwMDAwMDAwMDAwLCJ1cGRhdGUiOjEyMDAwMDAwMDAwMH19",
          "dependencies": [
            "module.ca_west_1.aws_internet_gateway.main",
            "module.ca_west_1.aws_vpc.main",
            "module.ca_west_1.module.public_subnet.aws_route_table.main",
            "module.ca_west_1.module.public_subnet.aws_subnet.main",
            "module.ca_west_1.module.public_subnet.data.aws_availability_zones.available"
          ]
        },
        {
          "index_key": "b",
          "schema_version": 0,
          "attributes": {
            "carrier_gateway_id": "",
            "core_network_arn": "",
            "destination_cidr_block": "0.0.0.0/0",
            "destination_ipv6_cidr_block": "",
            "destination_prefix_list_id": "",
            "egress_only_gateway_id": "",
            "gateway_id": "igw-02de8b1b5bf825bca",
            "id": "r-rtb-0542c00a0ac4edd6e1080289494",
            "instance_id": "",
            "instance_owner_id": "",
            "local_gateway_id": "",
            "nat_gateway_id": "",
            "network_interface_id": "",
            "origin": "CreateRoute",
            "route_table_id": "rtb-0542c00a0ac4edd6e",
            "state": "active",
            "timeouts": null,
            "transit_gateway_id": "",
            "vpc_endpoint_id": "",
            "vpc_peering_connection_id": ""
          },
          "sensitive_attributes": [],
          "private": "eyJlMmJmYjczMC1lY2FhLTExZTYtOGY4OC0zNDM2M2JjN2M0YzAiOnsiY3JlYXRlIjozMDAwMDAwMDAwMDAsImRlbGV0ZSI6MzAwMDAwMDAwMDAwLCJ1cGRhdGUiOjEyMDAwMDAwMDAwMH19",
          "dependencies": [
            "module.ca_west_1.aws_internet_gateway.main",
            "module.ca_west_1.aws_vpc.main",
            "module.ca_west_1.module.public_subnet.aws_route_table.main",
            "module.ca_west_1.module.public_subnet.aws_subnet.main",
            "module.ca_west_1.module.public_subnet.data.aws_availability_zones.available"
          ]
        }
      ]
    },
    {
      "module": "module.ca_west_1",
      "mode": "managed",
      "type": "aws_route53_record",
      "name": "app",
      "provider": "provider[\"registry.terraform.io/hashicorp/aws\"].ca-west-1",
      "instances": [
        {
          "schema_version": 2,
          "attributes": {
            "alias": [
              {
                "evaluate_target_health": true,
                "name": "app-alb-1097455828.ca-west-1.elb.amazonaws.com",
                "zone_id": "Z06473681N0SF6OS049SD"
              }
            ],
            "allow_overwrite": null,
            "cidr_routing_policy": [],
            "failover_routing_policy": [],
            "fqdn": "ca.cloudpedia.xyz",
            "geolocation_routing_policy": [],
            "geoproximity_routing_policy": [],
            "health_check_id": "",
            "id": "Z03282312GEO9VCQYU86I_ca.cloudpedia.xyz_A",
            "latency_routing_policy": [],
            "multivalue_answer_routing_policy": false,
            "name": "ca.cloudpedia.xyz",
            "records": [],
            "set_identifier": "",
            "ttl": 0,
            "type": "A",
            "weighted_routing_policy": [],
            "zone_id": "Z03282312GEO9VCQYU86I"
          },
          "sensitive_attributes": [],
          "private": "eyJzY2hlbWFfdmVyc2lvbiI6IjIifQ==",
          "dependencies": [
            "module.ca_west_1.aws_vpc.main",
            "module.ca_west_1.module.app_alb.aws_lb.main",
            "module.ca_west_1.module.app_alb.aws_security_group.main",
            "module.ca_west_1.module.public_subnet.aws_subnet.main",
            "module.ca_west_1.module.public_subnet.data.aws_availability_zones.available"
          ]
        }
      ]
    },
    {
      "module": "module.ca_west_1",
      "mode": "managed",
      "type": "aws_route53_record",
      "name": "domain_validation",
      "provider": "provider[\"registry.terraform.io/hashicorp/aws\"].ca-west-1",
      "instances": [
        {
          "index_key": "ca.cloudpedia.xyz",
          "schema_version": 2,
          "attributes": {
            "alias": [],
            "allow_overwrite": true,
            "cidr_routing_policy": [],
            "failover_routing_policy": [],
            "fqdn": "_190b8861d74bba1f3157a0043382ed6a.ca.cloudpedia.xyz",
            "geolocation_routing_policy": [],
            "geoproximity_routing_policy": [],
            "health_check_id": "",
            "id": "Z03282312GEO9VCQYU86I__190b8861d74bba1f3157a0043382ed6a.ca.cloudpedia.xyz._CNAME",
            "latency_routing_policy": [],
            "multivalue_answer_routing_policy": false,
            "name": "_190b8861d74bba1f3157a0043382ed6a.ca.cloudpedia.xyz",
            "records": [
              "_eb3f0a9abb34175068b56177e81ebafe.mhbtsbpdnt.acm-validations.aws."
            ],
            "set_identifier": "",
            "ttl": 60,
            "type": "CNAME",
            "weighted_routing_policy": [],
            "zone_id": "Z03282312GEO9VCQYU86I"
          },
          "sensitive_attributes": [],
          "private": "eyJzY2hlbWFfdmVyc2lvbiI6IjIifQ==",
          "dependencies": [
            "module.ca_west_1.aws_acm_certificate.app"
          ]
        },
        {
          "index_key": "eu.cloudpedia.xyz",
          "schema_version": 2,
          "attributes": {
            "alias": [],
            "allow_overwrite": true,
            "cidr_routing_policy": [],
            "failover_routing_policy": [],
            "fqdn": "_3e11d8ed902776a53f0c7509fb1b3d85.eu.cloudpedia.xyz",
            "geolocation_routing_policy": [],
            "geoproximity_routing_policy": [],
            "health_check_id": "",
            "id": "Z03282312GEO9VCQYU86I__3e11d8ed902776a53f0c7509fb1b3d85.eu.cloudpedia.xyz._CNAME",
            "latency_routing_policy": [],
            "multivalue_answer_routing_policy": false,
            "name": "_3e11d8ed902776a53f0c7509fb1b3d85.eu.cloudpedia.xyz",
            "records": [
              "_3fed159962099a15cf32d33b4c00e77b.mhbtsbpdnt.acm-validations.aws."
            ],
            "set_identifier": "",
            "ttl": 60,
            "type": "CNAME",
            "weighted_routing_policy": [],
            "zone_id": "Z03282312GEO9VCQYU86I"
          },
          "sensitive_attributes": [],
          "private": "eyJzY2hlbWFfdmVyc2lvbiI6IjIifQ==",
          "dependencies": [
            "module.ca_west_1.aws_acm_certificate.app"
          ]
        },
        {
          "index_key": "www.ca.cloudpedia.xyz",
          "schema_version": 2,
          "attributes": {
            "alias": [],
            "allow_overwrite": true,
            "cidr_routing_policy": [],
            "failover_routing_policy": [],
            "fqdn": "_ffb8d9405fac5737c3e66918734d69b8.www.ca.cloudpedia.xyz",
            "geolocation_routing_policy": [],
            "geoproximity_routing_policy": [],
            "health_check_id": "",
            "id": "Z03282312GEO9VCQYU86I__ffb8d9405fac5737c3e66918734d69b8.www.ca.cloudpedia.xyz._CNAME",
            "latency_routing_policy": [],
            "multivalue_answer_routing_policy": false,
            "name": "_ffb8d9405fac5737c3e66918734d69b8.www.ca.cloudpedia.xyz",
            "records": [
              "_3576155b17f618423b4ffca7900023e3.mhbtsbpdnt.acm-validations.aws."
            ],
            "set_identifier": "",
            "ttl": 60,
            "type": "CNAME",
            "weighted_routing_policy": [],
            "zone_id": "Z03282312GEO9VCQYU86I"
          },
          "sensitive_attributes": [],
          "private": "eyJzY2hlbWFfdmVyc2lvbiI6IjIifQ==",
          "dependencies": [
            "module.ca_west_1.aws_acm_certificate.app"
          ]
        },
        {
          "index_key": "www.eu.cloudpedia.xyz",
          "schema_version": 2,
          "attributes": {
            "alias": [],
            "allow_overwrite": true,
            "cidr_routing_policy": [],
            "failover_routing_policy": [],
            "fqdn": "_9899271570082d1b90b9706de487076d.www.eu.cloudpedia.xyz",
            "geolocation_routing_policy": [],
            "geoproximity_routing_policy": [],
            "health_check_id": "",
            "id": "Z03282312GEO9VCQYU86I__9899271570082d1b90b9706de487076d.www.eu.cloudpedia.xyz._CNAME",
            "latency_routing_policy": [],
            "multivalue_answer_routing_policy": false,
            "name": "_9899271570082d1b90b9706de487076d.www.eu.cloudpedia.xyz",
            "records": [
              "_b23ae77307bedcd7ca331e1d5284959d.mhbtsbpdnt.acm-validations.aws."
            ],
            "set_identifier": "",
            "ttl": 60,
            "type": "CNAME",
            "weighted_routing_policy": [],
            "zone_id": "Z03282312GEO9VCQYU86I"
          },
          "sensitive_attributes": [],
          "private": "eyJzY2hlbWFfdmVyc2lvbiI6IjIifQ==",
          "dependencies": [
            "module.ca_west_1.aws_acm_certificate.app"
          ]
        }
      ]
    },
    {
      "module": "module.ca_west_1",
      "mode": "managed",
      "type": "aws_security_group_rule",
      "name": "alb_to_app_fleet",
      "provider": "provider[\"registry.terraform.io/hashicorp/aws\"].ca-west-1",
      "instances": [
        {
          "schema_version": 2,
          "attributes": {
            "cidr_blocks": [
              "172.17.0.0/23",
              "172.17.2.0/23"
            ],
            "description": "Allow egress access to app_fleet",
            "from_port": 80,
            "id": "sgrule-2147439031",
            "ipv6_cidr_blocks": null,
            "prefix_list_ids": null,
            "protocol": "tcp",
            "security_group_id": "sg-00ce8022f51fc4597",
            "security_group_rule_id": "",
            "self": false,
            "source_security_group_id": null,
            "timeouts": null,
            "to_port": 80,
            "type": "egress"
          },
          "sensitive_attributes": [],
          "private": "eyJlMmJmYjczMC1lY2FhLTExZTYtOGY4OC0zNDM2M2JjN2M0YzAiOnsiY3JlYXRlIjozMDAwMDAwMDAwMDB9LCJzY2hlbWFfdmVyc2lvbiI6IjIifQ==",
          "dependencies": [
            "module.ca_west_1.aws_vpc.main",
            "module.ca_west_1.module.app_alb.aws_security_group.main",
            "module.ca_west_1.module.private_subnet.aws_subnet.main",
            "module.ca_west_1.module.private_subnet.data.aws_availability_zones.available",
            "module.ca_west_1.module.public_subnet.aws_subnet.main",
            "module.ca_west_1.module.public_subnet.data.aws_availability_zones.available"
          ]
        }
      ]
    },
    {
      "module": "module.ca_west_1",
      "mode": "managed",
      "type": "aws_vpc",
      "name": "main",
      "provider": "provider[\"registry.terraform.io/hashicorp/aws\"].ca-west-1",
      "instances": [
        {
          "schema_version": 1,
          "attributes": {
            "arn": "arn:aws:ec2:ca-west-1:285942939694:vpc/vpc-0913078db96c40076",
            "assign_generated_ipv6_cidr_block": false,
            "cidr_block": "172.17.0.0/20",
            "default_network_acl_id": "acl-0bd9800299f726444",
            "default_route_table_id": "rtb-03c587df5c113422a",
            "default_security_group_id": "sg-0b9aacc4da98f17a6",
            "dhcp_options_id": "dopt-0afa8744a5d03da6b",
            "enable_dns_hostnames": true,
            "enable_dns_support": true,
            "enable_network_address_usage_metrics": false,
            "id": "vpc-0913078db96c40076",
            "instance_tenancy": "default",
            "ipv4_ipam_pool_id": null,
            "ipv4_netmask_length": null,
            "ipv6_association_id": "",
            "ipv6_cidr_block": "",
            "ipv6_cidr_block_network_border_group": "",
            "ipv6_ipam_pool_id": "",
            "ipv6_netmask_length": 0,
            "main_route_table_id": "rtb-03c587df5c113422a",
            "owner_id": "285942939694",
            "tags": {
              "ManagedBy": "Terraform",
              "Name": "vpc-ca-west-1"
            },
            "tags_all": {
              "ManagedBy": "Terraform",
              "Name": "vpc-ca-west-1"
            }
          },
          "sensitive_attributes": [],
          "private": "eyJzY2hlbWFfdmVyc2lvbiI6IjEifQ=="
        }
      ]
    },
    {
      "module": "module.ca_west_1.module.app_alb",
      "mode": "managed",
      "type": "aws_lb",
      "name": "main",
      "provider": "provider[\"registry.terraform.io/hashicorp/aws\"].ca-west-1",
      "instances": [
        {
          "schema_version": 0,
          "attributes": {
            "access_logs": [
              {
                "bucket": "",
                "enabled": false,
                "prefix": ""
              }
            ],
            "arn": "arn:aws:elasticloadbalancing:ca-west-1:285942939694:loadbalancer/app/app-alb/b2dd20f157bb5da6",
            "arn_suffix": "app/app-alb/b2dd20f157bb5da6",
            "client_keep_alive": 3600,
            "connection_logs": [
              {
                "bucket": "",
                "enabled": false,
                "prefix": ""
              }
            ],
            "customer_owned_ipv4_pool": "",
            "desync_mitigation_mode": "defensive",
            "dns_name": "app-alb-1097455828.ca-west-1.elb.amazonaws.com",
            "dns_record_client_routing_policy": null,
            "drop_invalid_header_fields": false,
            "enable_cross_zone_load_balancing": true,
            "enable_deletion_protection": false,
            "enable_http2": true,
            "enable_tls_version_and_cipher_suite_headers": false,
            "enable_waf_fail_open": false,
            "enable_xff_client_port": false,
            "enforce_security_group_inbound_rules_on_private_link_traffic": "",
            "id": "arn:aws:elasticloadbalancing:ca-west-1:285942939694:loadbalancer/app/app-alb/b2dd20f157bb5da6",
            "idle_timeout": 60,
            "internal": false,
            "ip_address_type": "ipv4",
            "load_balancer_type": "application",
            "name": "app-alb",
            "name_prefix": "",
            "preserve_host_header": false,
            "security_groups": [
              "sg-00ce8022f51fc4597"
            ],
            "subnet_mapping": [
              {
                "allocation_id": "",
                "ipv6_address": "",
                "outpost_id": "",
                "private_ipv4_address": "",
                "subnet_id": "subnet-01cf3fa784caca356"
              },
              {
                "allocation_id": "",
                "ipv6_address": "",
                "outpost_id": "",
                "private_ipv4_address": "",
                "subnet_id": "subnet-09dde14708ae04c3a"
              }
            ],
            "subnets": [
              "subnet-01cf3fa784caca356",
              "subnet-09dde14708ae04c3a"
            ],
            "tags": {
              "ManagedBy": "Terraform"
            },
            "tags_all": {
              "ManagedBy": "Terraform"
            },
            "timeouts": null,
            "vpc_id": "vpc-0913078db96c40076",
            "xff_header_processing_mode": "append",
            "zone_id": "Z06473681N0SF6OS049SD"
          },
          "sensitive_attributes": [],
          "private": "eyJlMmJmYjczMC1lY2FhLTExZTYtOGY4OC0zNDM2M2JjN2M0YzAiOnsiY3JlYXRlIjo2MDAwMDAwMDAwMDAsImRlbGV0ZSI6NjAwMDAwMDAwMDAwLCJ1cGRhdGUiOjYwMDAwMDAwMDAwMH19",
          "dependencies": [
            "module.ca_west_1.aws_vpc.main",
            "module.ca_west_1.module.app_alb.aws_security_group.main",
            "module.ca_west_1.module.public_subnet.aws_subnet.main",
            "module.ca_west_1.module.public_subnet.data.aws_availability_zones.available"
          ]
        }
      ]
    },
    {
      "module": "module.ca_west_1.module.app_alb",
      "mode": "managed",
      "type": "aws_lb_listener",
      "name": "main",
      "provider": "provider[\"registry.terraform.io/hashicorp/aws\"].ca-west-1",
      "instances": [
        {
          "index_key": "http_port_443",
          "schema_version": 0,
          "attributes": {
            "alpn_policy": null,
            "arn": "arn:aws:elasticloadbalancing:ca-west-1:285942939694:listener/app/app-alb/b2dd20f157bb5da6/fa331d6ad834ff57",
            "certificate_arn": "arn:aws:acm:ca-west-1:285942939694:certificate/486728b5-40fb-4120-8dcd-f9448f4bbecd",
            "default_action": [
              {
                "authenticate_cognito": [],
                "authenticate_oidc": [],
                "fixed_response": [
                  {
                    "content_type": "text/plain",
                    "message_body": "",
                    "status_code": "404"
                  }
                ],
                "forward": [],
                "order": 1,
                "redirect": [],
                "target_group_arn": "",
                "type": "fixed-response"
              }
            ],
            "id": "arn:aws:elasticloadbalancing:ca-west-1:285942939694:listener/app/app-alb/b2dd20f157bb5da6/fa331d6ad834ff57",
            "load_balancer_arn": "arn:aws:elasticloadbalancing:ca-west-1:285942939694:loadbalancer/app/app-alb/b2dd20f157bb5da6",
            "mutual_authentication": [
              {
                "ignore_client_certificate_expiry": false,
                "mode": "off",
                "trust_store_arn": ""
              }
            ],
            "port": 443,
            "protocol": "HTTPS",
            "ssl_policy": "ELBSecurityPolicy-TLS13-1-2-2021-06",
            "tags": {},
            "tags_all": {},
            "timeouts": null
          },
          "sensitive_attributes": [],
          "private": "eyJlMmJmYjczMC1lY2FhLTExZTYtOGY4OC0zNDM2M2JjN2M0YzAiOnsiY3JlYXRlIjozMDAwMDAwMDAwMDAsInVwZGF0ZSI6MzAwMDAwMDAwMDAwfX0=",
          "dependencies": [
            "module.ca_west_1.aws_acm_certificate.app",
            "module.ca_west_1.aws_acm_certificate_validation.app",
            "module.ca_west_1.aws_route53_record.domain_validation",
            "module.ca_west_1.aws_vpc.main",
            "module.ca_west_1.module.app_alb.aws_lb.main",
            "module.ca_west_1.module.app_alb.aws_security_group.main",
            "module.ca_west_1.module.public_subnet.aws_subnet.main",
            "module.ca_west_1.module.public_subnet.data.aws_availability_zones.available"
          ]
        },
        {
          "index_key": "http_port_80",
          "schema_version": 0,
          "attributes": {
            "alpn_policy": null,
            "arn": "arn:aws:elasticloadbalancing:ca-west-1:285942939694:listener/app/app-alb/b2dd20f157bb5da6/f1c4eb47f48bf5d2",
            "certificate_arn": null,
            "default_action": [
              {
                "authenticate_cognito": [],
                "authenticate_oidc": [],
                "fixed_response": [
                  {
                    "content_type": "text/plain",
                    "message_body": "",
                    "status_code": "404"
                  }
                ],
                "forward": [],
                "order": 1,
                "redirect": [],
                "target_group_arn": "",
                "type": "fixed-response"
              }
            ],
            "id": "arn:aws:elasticloadbalancing:ca-west-1:285942939694:listener/app/app-alb/b2dd20f157bb5da6/f1c4eb47f48bf5d2",
            "load_balancer_arn": "arn:aws:elasticloadbalancing:ca-west-1:285942939694:loadbalancer/app/app-alb/b2dd20f157bb5da6",
            "mutual_authentication": [],
            "port": 80,
            "protocol": "HTTP",
            "ssl_policy": "",
            "tags": {},
            "tags_all": {},
            "timeouts": null
          },
          "sensitive_attributes": [],
          "private": "eyJlMmJmYjczMC1lY2FhLTExZTYtOGY4OC0zNDM2M2JjN2M0YzAiOnsiY3JlYXRlIjozMDAwMDAwMDAwMDAsInVwZGF0ZSI6MzAwMDAwMDAwMDAwfX0=",
          "dependencies": [
            "module.ca_west_1.aws_acm_certificate.app",
            "module.ca_west_1.aws_acm_certificate_validation.app",
            "module.ca_west_1.aws_route53_record.domain_validation",
            "module.ca_west_1.aws_vpc.main",
            "module.ca_west_1.module.app_alb.aws_lb.main",
            "module.ca_west_1.module.app_alb.aws_security_group.main",
            "module.ca_west_1.module.public_subnet.aws_subnet.main",
            "module.ca_west_1.module.public_subnet.data.aws_availability_zones.available"
          ]
        }
      ]
    },
    {
      "module": "module.ca_west_1.module.app_alb",
      "mode": "managed",
      "type": "aws_security_group",
      "name": "main",
      "provider": "provider[\"registry.terraform.io/hashicorp/aws\"].ca-west-1",
      "instances": [
        {
          "schema_version": 1,
          "attributes": {
            "arn": "arn:aws:ec2:ca-west-1:285942939694:security-group/sg-00ce8022f51fc4597",
            "description": "Security group for app-alb applicaion load-balancer",
            "egress": [
              {
                "cidr_blocks": [
                  "172.17.0.0/23",
                  "172.17.2.0/23"
                ],
                "description": "Allow egress access to app_fleet",
                "from_port": 80,
                "ipv6_cidr_blocks": [],
                "prefix_list_ids": [],
                "protocol": "tcp",
                "security_groups": [],
                "self": false,
                "to_port": 80
              }
            ],
            "id": "sg-00ce8022f51fc4597",
            "ingress": [
              {
                "cidr_blocks": [
                  "0.0.0.0/0"
                ],
                "description": "Ingress rule for http_port_443",
                "from_port": 443,
                "ipv6_cidr_blocks": [],
                "prefix_list_ids": [],
                "protocol": "tcp",
                "security_groups": [],
                "self": false,
                "to_port": 443
              },
              {
                "cidr_blocks": [
                  "0.0.0.0/0"
                ],
                "description": "Ingress rule for http_port_80",
                "from_port": 80,
                "ipv6_cidr_blocks": [],
                "prefix_list_ids": [],
                "protocol": "tcp",
                "security_groups": [],
                "self": false,
                "to_port": 80
              }
            ],
            "name": "app-alb-sg20240329175102978500000006",
            "name_prefix": "app-alb-sg",
            "owner_id": "285942939694",
            "revoke_rules_on_delete": false,
            "tags": {
              "ManagedBy": "Terraform",
              "Name": "app-alb-sg"
            },
            "tags_all": {
              "ManagedBy": "Terraform",
              "Name": "app-alb-sg"
            },
            "timeouts": null,
            "vpc_id": "vpc-0913078db96c40076"
          },
          "sensitive_attributes": [],
          "private": "eyJlMmJmYjczMC1lY2FhLTExZTYtOGY4OC0zNDM2M2JjN2M0YzAiOnsiY3JlYXRlIjo2MDAwMDAwMDAwMDAsImRlbGV0ZSI6OTAwMDAwMDAwMDAwfSwic2NoZW1hX3ZlcnNpb24iOiIxIn0=",
          "dependencies": [
            "module.ca_west_1.aws_vpc.main",
            "module.ca_west_1.module.public_subnet.aws_subnet.main",
            "module.ca_west_1.module.public_subnet.data.aws_availability_zones.available"
          ]
        }
      ]
    },
    {
      "module": "module.ca_west_1.module.app_alb",
      "mode": "managed",
      "type": "aws_security_group_rule",
      "name": "ingress_rules",
      "provider": "provider[\"registry.terraform.io/hashicorp/aws\"].ca-west-1",
      "instances": [
        {
          "index_key": "http_port_443",
          "schema_version": 2,
          "attributes": {
            "cidr_blocks": [
              "0.0.0.0/0"
            ],
            "description": "Ingress rule for http_port_443",
            "from_port": 443,
            "id": "sgrule-1464901407",
            "ipv6_cidr_blocks": null,
            "prefix_list_ids": null,
            "protocol": "tcp",
            "security_group_id": "sg-00ce8022f51fc4597",
            "security_group_rule_id": "sgr-0dd92d39e136f8bb6",
            "self": false,
            "source_security_group_id": null,
            "timeouts": null,
            "to_port": 443,
            "type": "ingress"
          },
          "sensitive_attributes": [],
          "private": "eyJlMmJmYjczMC1lY2FhLTExZTYtOGY4OC0zNDM2M2JjN2M0YzAiOnsiY3JlYXRlIjozMDAwMDAwMDAwMDB9LCJzY2hlbWFfdmVyc2lvbiI6IjIifQ==",
          "dependencies": [
            "module.ca_west_1.aws_acm_certificate.app",
            "module.ca_west_1.aws_acm_certificate_validation.app",
            "module.ca_west_1.aws_route53_record.domain_validation",
            "module.ca_west_1.aws_vpc.main",
            "module.ca_west_1.module.app_alb.aws_security_group.main",
            "module.ca_west_1.module.public_subnet.aws_subnet.main",
            "module.ca_west_1.module.public_subnet.data.aws_availability_zones.available"
          ]
        },
        {
          "index_key": "http_port_80",
          "schema_version": 2,
          "attributes": {
            "cidr_blocks": [
              "0.0.0.0/0"
            ],
            "description": "Ingress rule for http_port_80",
            "from_port": 80,
            "id": "sgrule-2022289636",
            "ipv6_cidr_blocks": null,
            "prefix_list_ids": null,
            "protocol": "tcp",
            "security_group_id": "sg-00ce8022f51fc4597",
            "security_group_rule_id": "sgr-05b4a6d08870763e0",
            "self": false,
            "source_security_group_id": null,
            "timeouts": null,
            "to_port": 80,
            "type": "ingress"
          },
          "sensitive_attributes": [],
          "private": "eyJlMmJmYjczMC1lY2FhLTExZTYtOGY4OC0zNDM2M2JjN2M0YzAiOnsiY3JlYXRlIjozMDAwMDAwMDAwMDB9LCJzY2hlbWFfdmVyc2lvbiI6IjIifQ==",
          "dependencies": [
            "module.ca_west_1.aws_acm_certificate.app",
            "module.ca_west_1.aws_acm_certificate_validation.app",
            "module.ca_west_1.aws_route53_record.domain_validation",
            "module.ca_west_1.aws_vpc.main",
            "module.ca_west_1.module.app_alb.aws_security_group.main",
            "module.ca_west_1.module.public_subnet.aws_subnet.main",
            "module.ca_west_1.module.public_subnet.data.aws_availability_zones.available"
          ]
        }
      ]
    },
    {
      "module": "module.ca_west_1.module.app_fleet",
      "mode": "data",
      "type": "aws_ami",
      "name": "ubuntu_server_22",
      "provider": "provider[\"registry.terraform.io/hashicorp/aws\"].ca-west-1",
      "instances": [
        {
          "schema_version": 0,
          "attributes": {
            "architecture": "x86_64",
            "arn": "arn:aws:ec2:ca-west-1::image/ami-00137ca7da5a7d7b6",
            "block_device_mappings": [
              {
                "device_name": "/dev/sda1",
                "ebs": {
                  "delete_on_termination": "true",
                  "encrypted": "false",
                  "iops": "0",
                  "snapshot_id": "snap-0ecb447782bde3dc2",
                  "throughput": "0",
                  "volume_size": "8",
                  "volume_type": "gp2"
                },
                "no_device": "",
                "virtual_name": ""
              },
              {
                "device_name": "/dev/sdb",
                "ebs": {},
                "no_device": "",
                "virtual_name": "ephemeral0"
              },
              {
                "device_name": "/dev/sdc",
                "ebs": {},
                "no_device": "",
                "virtual_name": "ephemeral1"
              }
            ],
            "boot_mode": "uefi-preferred",
            "creation_date": "2024-05-30T03:50:33.000Z",
            "deprecation_time": "2026-05-30T03:50:33.000Z",
            "description": "Canonical, Ubuntu, 22.04 LTS, amd64 jammy image build on 2024-05-30",
            "ena_support": true,
            "executable_users": null,
            "filter": [
              {
                "name": "name",
                "values": [
                  "ubuntu/images/hvm-ssd/ubuntu-jammy-22.04-amd64-server-*"
                ]
              },
              {
                "name": "root-device-type",
                "values": [
                  "ebs"
                ]
              },
              {
                "name": "virtualization-type",
                "values": [
                  "hvm"
                ]
              }
            ],
            "hypervisor": "xen",
            "id": "ami-00137ca7da5a7d7b6",
            "image_id": "ami-00137ca7da5a7d7b6",
            "image_location": "amazon/ubuntu/images/hvm-ssd/ubuntu-jammy-22.04-amd64-server-20240530",
            "image_owner_alias": "amazon",
            "image_type": "machine",
            "imds_support": "",
            "include_deprecated": false,
            "kernel_id": "",
            "most_recent": true,
            "name": "ubuntu/images/hvm-ssd/ubuntu-jammy-22.04-amd64-server-20240530",
            "name_regex": null,
            "owner_id": "099720109477",
            "owners": [
              "099720109477"
            ],
            "platform": "",
            "platform_details": "Linux/UNIX",
            "product_codes": [],
            "public": true,
            "ramdisk_id": "",
            "root_device_name": "/dev/sda1",
            "root_device_type": "ebs",
            "root_snapshot_id": "snap-0ecb447782bde3dc2",
            "sriov_net_support": "simple",
            "state": "available",
            "state_reason": {
              "code": "UNSET",
              "message": "UNSET"
            },
            "tags": {},
            "timeouts": null,
            "tpm_support": "",
            "usage_operation": "RunInstances",
            "virtualization_type": "hvm"
          },
          "sensitive_attributes": []
        }
      ]
    },
    {
      "module": "module.ca_west_1.module.app_fleet",
      "mode": "managed",
      "type": "aws_autoscaling_group",
      "name": "main",
      "provider": "provider[\"registry.terraform.io/hashicorp/aws\"].ca-west-1",
      "instances": [
        {
          "schema_version": 1,
          "attributes": {
            "arn": "arn:aws:autoscaling:ca-west-1:285942939694:autoScalingGroup:be4b5665-9a8b-499c-97d5-0c30cba44a58:autoScalingGroupName/app-fleet",
            "availability_zones": [
              "ca-west-1a",
              "ca-west-1b"
            ],
            "capacity_rebalance": false,
            "context": "",
            "default_cooldown": 300,
            "default_instance_warmup": 0,
            "desired_capacity": 0,
            "desired_capacity_type": "",
            "enabled_metrics": [],
            "force_delete": false,
            "force_delete_warm_pool": false,
            "health_check_grace_period": 300,
            "health_check_type": "EC2",
            "id": "app-fleet",
            "ignore_failed_scaling_activities": false,
            "initial_lifecycle_hook": [],
            "instance_maintenance_policy": [],
            "instance_refresh": [
              {
                "preferences": [
                  {
                    "alarm_specification": [],
                    "auto_rollback": false,
                    "checkpoint_delay": "",
                    "checkpoint_percentages": [],
                    "instance_warmup": "",
                    "max_healthy_percentage": 100,
                    "min_healthy_percentage": 50,
                    "scale_in_protected_instances": "Ignore",
                    "skip_matching": false,
                    "standby_instances": "Ignore"
                  }
                ],
                "strategy": "Rolling",
                "triggers": [
                  "tag"
                ]
              }
            ],
            "launch_configuration": "",
            "launch_template": [
              {
                "id": "lt-0fc01a9aefbc7c8e5",
                "name": "app-fleet2024032917510519120000000b",
                "version": "3"
              }
            ],
            "load_balancers": [],
            "max_instance_lifetime": 0,
            "max_size": 5,
            "metrics_granularity": "1Minute",
            "min_elb_capacity": null,
            "min_size": 0,
            "mixed_instances_policy": [],
            "name": "app-fleet",
            "name_prefix": "",
            "placement_group": "app-fleet",
            "predicted_capacity": 0,
            "protect_from_scale_in": false,
            "service_linked_role_arn": "arn:aws:iam::285942939694:role/aws-service-role/autoscaling.amazonaws.com/AWSServiceRoleForAutoScaling",
            "suspended_processes": [],
            "tag": [
              {
                "key": "ManagedBy",
                "propagate_at_launch": true,
                "value": "Terraform"
              },
              {
                "key": "Name",
                "propagate_at_launch": true,
                "value": "app-fleet"
              }
            ],
            "target_group_arns": [
              "arn:aws:elasticloadbalancing:ca-west-1:285942939694:targetgroup/app-alb-tg/96ca5b8d1be37034"
            ],
            "termination_policies": [],
            "timeouts": null,
            "traffic_source": [
              {
                "identifier": "arn:aws:elasticloadbalancing:ca-west-1:285942939694:targetgroup/app-alb-tg/96ca5b8d1be37034",
                "type": "elbv2"
              }
            ],
            "vpc_zone_identifier": [
              "subnet-0001e95f875079043",
              "subnet-0c33e7bd4930320f9"
            ],
            "wait_for_capacity_timeout": "10m",
            "wait_for_elb_capacity": null,
            "warm_pool": [],
            "warm_pool_size": 0
          },
          "sensitive_attributes": [],
          "private": "eyJlMmJmYjczMC1lY2FhLTExZTYtOGY4OC0zNDM2M2JjN2M0YzAiOnsiZGVsZXRlIjo2MDAwMDAwMDAwMDAsInVwZGF0ZSI6NjAwMDAwMDAwMDAwfSwic2NoZW1hX3ZlcnNpb24iOiIxIn0=",
          "dependencies": [
            "module.ca_west_1.aws_vpc.main",
            "module.ca_west_1.module.app_fleet.aws_iam_instance_profile.main",
            "module.ca_west_1.module.app_fleet.aws_iam_role.main",
            "module.ca_west_1.module.app_fleet.aws_launch_template.main",
            "module.ca_west_1.module.app_fleet.aws_placement_group.main",
            "module.ca_west_1.module.app_fleet.aws_security_group.main",
            "module.ca_west_1.module.app_fleet.data.aws_ami.ubuntu_server_22",
            "module.ca_west_1.module.private_subnet.aws_subnet.main",
            "module.ca_west_1.module.private_subnet.data.aws_availability_zones.available"
          ]
        }
      ]
    },
    {
      "module": "module.ca_west_1.module.app_fleet",
      "mode": "managed",
      "type": "aws_iam_instance_profile",
      "name": "main",
      "provider": "provider[\"registry.terraform.io/hashicorp/aws\"].ca-west-1",
      "instances": [
        {
          "schema_version": 0,
          "attributes": {
            "arn": "arn:aws:iam::285942939694:instance-profile/app-fleet-ec2-instance-profile",
            "create_date": "2024-03-29T17:50:50Z",
            "id": "app-fleet-ec2-instance-profile",
            "name": "app-fleet-ec2-instance-profile",
            "name_prefix": "",
            "path": "/",
            "role": "app-fleet-ec2-instance-role",
            "tags": {},
            "tags_all": {},
            "unique_id": "AIPAUFE4HAAXIW52ZGJTF"
          },
          "sensitive_attributes": [],
          "private": "bnVsbA==",
          "dependencies": [
            "module.ca_west_1.module.app_fleet.aws_iam_role.main"
          ]
        }
      ]
    },
    {
      "module": "module.ca_west_1.module.app_fleet",
      "mode": "managed",
      "type": "aws_iam_policy",
      "name": "main",
      "provider": "provider[\"registry.terraform.io/hashicorp/aws\"].ca-west-1",
      "instances": [
        {
          "schema_version": 0,
          "attributes": {
            "arn": "arn:aws:iam::285942939694:policy/app-fleet-ec2-instance-role",
            "attachment_count": 1,
            "description": "EC2 instance role policy for app-fleet",
            "id": "arn:aws:iam::285942939694:policy/app-fleet-ec2-instance-role",
            "name": "app-fleet-ec2-instance-role",
            "name_prefix": "",
            "path": "/",
            "policy": "{\"Statement\":[{\"Action\":[\"ec2:DescribeTags\",\"logs:CreateLogStream\",\"logs:PutLogEvents\"],\"Effect\":\"Allow\",\"Resource\":\"*\"}],\"Version\":\"2012-10-17\"}",
            "policy_id": "ANPAUFE4HAAXGTB7BMIRW",
            "tags": {
              "ManagedBy": "Terraform"
            },
            "tags_all": {
              "ManagedBy": "Terraform"
            }
          },
          "sensitive_attributes": [],
          "private": "bnVsbA=="
        }
      ]
    },
    {
      "module": "module.ca_west_1.module.app_fleet",
      "mode": "managed",
      "type": "aws_iam_role",
      "name": "main",
      "provider": "provider[\"registry.terraform.io/hashicorp/aws\"].ca-west-1",
      "instances": [
        {
          "schema_version": 0,
          "attributes": {
            "arn": "arn:aws:iam::285942939694:role/app-fleet-ec2-instance-role",
            "assume_role_policy": "{\"Statement\":[{\"Action\":\"sts:AssumeRole\",\"Effect\":\"Allow\",\"Principal\":{\"Service\":\"ec2.amazonaws.com\"}}],\"Version\":\"2012-10-17\"}",
            "create_date": "2024-03-29T17:50:50Z",
            "description": "EC2 instance role for app-fleet",
            "force_detach_policies": false,
            "id": "app-fleet-ec2-instance-role",
            "inline_policy": [],
            "managed_policy_arns": [
              "arn:aws:iam::285942939694:policy/app-fleet-ec2-instance-role"
            ],
            "max_session_duration": 3600,
            "name": "app-fleet-ec2-instance-role",
            "name_prefix": "",
            "path": "/",
            "permissions_boundary": "",
            "tags": {
              "ManagedBy": "Terraform"
            },
            "tags_all": {
              "ManagedBy": "Terraform"
            },
            "unique_id": "AROAUFE4HAAXLV7WUHWF7"
          },
          "sensitive_attributes": [],
          "private": "bnVsbA=="
        }
      ]
    },
    {
      "module": "module.ca_west_1.module.app_fleet",
      "mode": "managed",
      "type": "aws_iam_role_policy_attachment",
      "name": "main",
      "provider": "provider[\"registry.terraform.io/hashicorp/aws\"].ca-west-1",
      "instances": [
        {
          "schema_version": 0,
          "attributes": {
            "id": "app-fleet-ec2-instance-role-20240329175050683400000002",
            "policy_arn": "arn:aws:iam::285942939694:policy/app-fleet-ec2-instance-role",
            "role": "app-fleet-ec2-instance-role"
          },
          "sensitive_attributes": [],
          "private": "bnVsbA==",
          "dependencies": [
            "module.ca_west_1.module.app_fleet.aws_iam_policy.main",
            "module.ca_west_1.module.app_fleet.aws_iam_role.main"
          ]
        }
      ]
    },
    {
      "module": "module.ca_west_1.module.app_fleet",
      "mode": "managed",
      "type": "aws_launch_template",
      "name": "main",
      "provider": "provider[\"registry.terraform.io/hashicorp/aws\"].ca-west-1",
      "instances": [
        {
          "schema_version": 0,
          "attributes": {
            "arn": "arn:aws:ec2:ca-west-1:285942939694:launch-template/lt-0fc01a9aefbc7c8e5",
            "block_device_mappings": [],
            "capacity_reservation_specification": [],
            "cpu_options": [],
            "credit_specification": [
              {
                "cpu_credits": "unlimited"
              }
            ],
            "default_version": 1,
            "description": "",
            "disable_api_stop": false,
            "disable_api_termination": false,
            "ebs_optimized": "",
            "elastic_gpu_specifications": [],
            "elastic_inference_accelerator": [],
            "enclave_options": [],
            "hibernation_options": [],
            "iam_instance_profile": [
              {
                "arn": "arn:aws:iam::285942939694:instance-profile/app-fleet-ec2-instance-profile",
                "name": ""
              }
            ],
            "id": "lt-0fc01a9aefbc7c8e5",
            "image_id": "ami-00137ca7da5a7d7b6",
            "instance_initiated_shutdown_behavior": "terminate",
            "instance_market_options": [],
            "instance_requirements": [],
            "instance_type": "t3.micro",
            "kernel_id": "",
            "key_name": "",
            "latest_version": 3,
            "license_specification": [],
            "maintenance_options": [],
            "metadata_options": [
              {
                "http_endpoint": "enabled",
                "http_protocol_ipv6": "",
                "http_put_response_hop_limit": 1,
                "http_tokens": "required",
                "instance_metadata_tags": "enabled"
              }
            ],
            "monitoring": [
              {
                "enabled": true
              }
            ],
            "name": "app-fleet2024032917510519120000000b",
            "name_prefix": "app-fleet",
            "network_interfaces": [
              {
                "associate_carrier_ip_address": "",
                "associate_public_ip_address": "false",
                "delete_on_termination": "",
                "description": "",
                "device_index": 0,
                "interface_type": "",
                "ipv4_address_count": 0,
                "ipv4_addresses": [],
                "ipv4_prefix_count": 0,
                "ipv4_prefixes": [],
                "ipv6_address_count": 0,
                "ipv6_addresses": [],
                "ipv6_prefix_count": 0,
                "ipv6_prefixes": [],
                "network_card_index": 0,
                "network_interface_id": "",
                "private_ip_address": "",
                "security_groups": [
                  "sg-0579967c72a899663"
                ],
                "subnet_id": ""
              }
            ],
            "placement": [],
            "private_dns_name_options": [],
            "ram_disk_id": "",
            "security_group_names": [],
            "tag_specifications": [],
            "tags": {},
            "tags_all": {},
            "update_default_version": null,
            "user_data": "IyEvYmluL2Jhc2ggLXgKCiMgVXNhZ2U6IGFwcC1mbGVldC11c2VyLWRhdGEuc2gge0FQUF9QT1JUfQoKYXB0IHVwZGF0ZSAteQoKY2QgfgpjdXJsIC1zTCBodHRwczovL2RlYi5ub2Rlc291cmNlLmNvbS9zZXR1cF8yMC54IC1vIC90bXAvbm9kZXNvdXJjZV9zZXR1cC5zaAoKYmFzaCAvdG1wL25vZGVzb3VyY2Vfc2V0dXAuc2gKCmFwdCBpbnN0YWxsIG5vZGVqcyAteQpub2RlIC12Cm5wbSAtdgoKbWtkaXIgL3Zhci93ZWItYXBwCgpjYXQgPDxFT0YgPiAvdmFyL3dlYi1hcHAvcGFja2FnZS5qc29uCnsKICAibmFtZSI6ICJmYXN0aWZ5LWFwcCIsCiAgInZlcnNpb24iOiAiMS4wLjAiLAogICJkZXNjcmlwdGlvbiI6ICJBIGRlbW8gZmFzdGlmeSBhcHBsaWNhdGlvbiIsCiAgIm1haW4iOiAiaW5kZXguanMiLAogICJkZXBlbmRlbmNpZXMiOiB7CiAgICAiZmFzdGlmeSI6ICJeNC4yNi4yIgogIH0KfQpFT0YKCmNhdCA8PEVPRiA+IC92YXIvd2ViLWFwcC9pbmRleC5qcwpjb25zdCBmYXN0aWZ5ID0gcmVxdWlyZSgnZmFzdGlmeScpKHsgbG9nZ2VyOiB0cnVlIH0pCgpmYXN0aWZ5LmdldCgnLycsIGZ1bmN0aW9uIGhhbmRsZXIgKHJlcXVlc3QsIHJlcGx5KSB7CiAgcmVwbHkuc2VuZCh7IG1zZzogIkhlbGxvISBZb3UndmUgc3VjY2Vzc2Z1bGx5IHNldCB1cCBhIGZhc3RpZnkgc2VydmVyLiIgfSk7Cn0pCgpmYXN0aWZ5Lmxpc3Rlbih7IHBvcnQ6IDgwLCBob3N0OiAnMC4wLjAuMCcgfSwgKGVycikgPT4gewogIGlmIChlcnIpIHsKICAgIGZhc3RpZnkubG9nLmVycm9yKGVycikKICAgIHByb2Nlc3MuZXhpdCgxKQogIH0KCiAgY29uc29sZS5sb2coJ1NlcnZlciBydW5uaW5nJyk7Cn0pCkVPRgoKY2QgL3Zhci93ZWItYXBwLwoKbnBtIGluc3RhbGwKCm5vZGUgaW5kZXguanMK",
            "vpc_security_group_ids": []
          },
          "sensitive_attributes": [],
          "private": "bnVsbA==",
          "dependencies": [
            "module.ca_west_1.aws_vpc.main",
            "module.ca_west_1.module.app_fleet.aws_iam_instance_profile.main",
            "module.ca_west_1.module.app_fleet.aws_iam_role.main",
            "module.ca_west_1.module.app_fleet.aws_security_group.main",
            "module.ca_west_1.module.app_fleet.data.aws_ami.ubuntu_server_22",
            "module.ca_west_1.module.private_subnet.aws_subnet.main",
            "module.ca_west_1.module.private_subnet.data.aws_availability_zones.available"
          ]
        }
      ]
    },
    {
      "module": "module.ca_west_1.module.app_fleet",
      "mode": "managed",
      "type": "aws_placement_group",
      "name": "main",
      "provider": "provider[\"registry.terraform.io/hashicorp/aws\"].ca-west-1",
      "instances": [
        {
          "schema_version": 0,
          "attributes": {
            "arn": "arn:aws:ec2:ca-west-1:285942939694:placement-group/app-fleet",
            "id": "app-fleet",
            "name": "app-fleet",
            "partition_count": 2,
            "placement_group_id": "pg-0ef1726abad0d48a8",
            "spread_level": "",
            "strategy": "partition",
            "tags": {
              "ManagedBy": "Terraform"
            },
            "tags_all": {
              "ManagedBy": "Terraform"
            }
          },
          "sensitive_attributes": [],
          "private": "bnVsbA=="
        }
      ]
    },
    {
      "module": "module.ca_west_1.module.app_fleet",
      "mode": "managed",
      "type": "aws_security_group",
      "name": "main",
      "provider": "provider[\"registry.terraform.io/hashicorp/aws\"].ca-west-1",
      "instances": [
        {
          "schema_version": 1,
          "attributes": {
            "arn": "arn:aws:ec2:ca-west-1:285942939694:security-group/sg-0579967c72a899663",
            "description": "Security group for app-fleet",
            "egress": [
              {
                "cidr_blocks": [
                  "0.0.0.0/0"
                ],
                "description": "Allow all outbound requests from the resources",
                "from_port": 0,
                "ipv6_cidr_blocks": [],
                "prefix_list_ids": [],
                "protocol": "-1",
                "security_groups": [],
                "self": false,
                "to_port": 0
              }
            ],
            "id": "sg-0579967c72a899663",
            "ingress": [
              {
                "cidr_blocks": [
                  "0.0.0.0/0"
                ],
                "description": "manually added",
                "from_port": 80,
                "ipv6_cidr_blocks": [],
                "prefix_list_ids": [],
                "protocol": "tcp",
                "security_groups": [],
                "self": false,
                "to_port": 80
              },
              {
                "cidr_blocks": [
                  "172.17.0.0/20"
                ],
                "description": "Ingress rule for allow_app_port",
                "from_port": 80,
                "ipv6_cidr_blocks": [],
                "prefix_list_ids": [],
                "protocol": "tcp",
                "security_groups": [],
                "self": false,
                "to_port": 80
              }
            ],
            "name": "app-fleet-sg",
            "name_prefix": "",
            "owner_id": "285942939694",
            "revoke_rules_on_delete": false,
            "tags": {
              "ManagedBy": "Terraform",
              "Name": "app-fleet-sg"
            },
            "tags_all": {
              "ManagedBy": "Terraform",
              "Name": "app-fleet-sg"
            },
            "timeouts": null,
            "vpc_id": "vpc-0913078db96c40076"
          },
          "sensitive_attributes": [],
          "private": "eyJlMmJmYjczMC1lY2FhLTExZTYtOGY4OC0zNDM2M2JjN2M0YzAiOnsiY3JlYXRlIjo2MDAwMDAwMDAwMDAsImRlbGV0ZSI6OTAwMDAwMDAwMDAwfSwic2NoZW1hX3ZlcnNpb24iOiIxIn0=",
          "dependencies": [
            "module.ca_west_1.aws_vpc.main",
            "module.ca_west_1.module.private_subnet.aws_subnet.main",
            "module.ca_west_1.module.private_subnet.data.aws_availability_zones.available"
          ]
        }
      ]
    },
    {
      "module": "module.ca_west_1.module.app_fleet",
      "mode": "managed",
      "type": "aws_security_group_rule",
      "name": "allow_all_egress",
      "provider": "provider[\"registry.terraform.io/hashicorp/aws\"].ca-west-1",
      "instances": [
        {
          "schema_version": 2,
          "attributes": {
            "cidr_blocks": [
              "0.0.0.0/0"
            ],
            "description": "Allow all outbound requests from the resources",
            "from_port": 0,
            "id": "sgrule-1701560660",
            "ipv6_cidr_blocks": null,
            "prefix_list_ids": null,
            "protocol": "-1",
            "security_group_id": "sg-0579967c72a899663",
            "security_group_rule_id": "sgr-063d943f32ec0cf7b",
            "self": false,
            "source_security_group_id": null,
            "timeouts": null,
            "to_port": 0,
            "type": "egress"
          },
          "sensitive_attributes": [],
          "private": "eyJlMmJmYjczMC1lY2FhLTExZTYtOGY4OC0zNDM2M2JjN2M0YzAiOnsiY3JlYXRlIjozMDAwMDAwMDAwMDB9LCJzY2hlbWFfdmVyc2lvbiI6IjIifQ==",
          "dependencies": [
            "module.ca_west_1.aws_vpc.main",
            "module.ca_west_1.module.app_fleet.aws_security_group.main",
            "module.ca_west_1.module.private_subnet.aws_subnet.main",
            "module.ca_west_1.module.private_subnet.data.aws_availability_zones.available"
          ]
        }
      ]
    },
    {
      "module": "module.ca_west_1.module.app_fleet",
      "mode": "managed",
      "type": "aws_security_group_rule",
      "name": "ingress_rules",
      "provider": "provider[\"registry.terraform.io/hashicorp/aws\"].ca-west-1",
      "instances": [
        {
          "index_key": "allow_app_port",
          "schema_version": 2,
          "attributes": {
            "cidr_blocks": [
              "172.17.0.0/20"
            ],
            "description": "Ingress rule for allow_app_port",
            "from_port": 80,
            "id": "sgrule-1791480879",
            "ipv6_cidr_blocks": null,
            "prefix_list_ids": null,
            "protocol": "tcp",
            "security_group_id": "sg-0579967c72a899663",
            "security_group_rule_id": "sgr-0cd6834d83b8fcf2d",
            "self": false,
            "source_security_group_id": null,
            "timeouts": null,
            "to_port": 80,
            "type": "ingress"
          },
          "sensitive_attributes": [],
          "private": "eyJlMmJmYjczMC1lY2FhLTExZTYtOGY4OC0zNDM2M2JjN2M0YzAiOnsiY3JlYXRlIjozMDAwMDAwMDAwMDB9LCJzY2hlbWFfdmVyc2lvbiI6IjIifQ==",
          "dependencies": [
            "module.ca_west_1.aws_vpc.main",
            "module.ca_west_1.module.app_fleet.aws_security_group.main",
            "module.ca_west_1.module.private_subnet.aws_subnet.main",
            "module.ca_west_1.module.private_subnet.data.aws_availability_zones.available"
          ]
        }
      ]
    },
    {
      "module": "module.ca_west_1.module.private_subnet",
      "mode": "data",
      "type": "aws_availability_zones",
      "name": "available",
      "provider": "provider[\"registry.terraform.io/hashicorp/aws\"].ca-west-1",
      "instances": [
        {
          "schema_version": 0,
          "attributes": {
            "all_availability_zones": null,
            "exclude_names": null,
            "exclude_zone_ids": null,
            "filter": [
              {
                "name": "region-name",
                "values": [
                  "ca-west-1"
                ]
              }
            ],
            "group_names": [
              "ca-west-1"
            ],
            "id": "ca-west-1",
            "names": [
              "ca-west-1a",
              "ca-west-1b",
              "ca-west-1c"
            ],
            "state": "available",
            "timeouts": null,
            "zone_ids": [
              "caw1-az1",
              "caw1-az2",
              "caw1-az3"
            ]
          },
          "sensitive_attributes": []
        }
      ]
    },
    {
      "module": "module.ca_west_1.module.private_subnet",
      "mode": "managed",
      "type": "aws_network_acl",
      "name": "main",
      "provider": "provider[\"registry.terraform.io/hashicorp/aws\"].ca-west-1",
      "instances": [
        {
          "schema_version": 0,
          "attributes": {
            "arn": "arn:aws:ec2:ca-west-1:285942939694:network-acl/acl-076b1ca47a34caba5",
            "egress": [
              {
                "action": "allow",
                "cidr_block": "0.0.0.0/0",
                "from_port": 0,
                "icmp_code": 0,
                "icmp_type": 0,
                "ipv6_cidr_block": "",
                "protocol": "-1",
                "rule_no": 100,
                "to_port": 0
              }
            ],
            "id": "acl-076b1ca47a34caba5",
            "ingress": [
              {
                "action": "allow",
                "cidr_block": "0.0.0.0/0",
                "from_port": 0,
                "icmp_code": 0,
                "icmp_type": 0,
                "ipv6_cidr_block": "",
                "protocol": "-1",
                "rule_no": 300,
                "to_port": 0
              },
              {
                "action": "allow",
                "cidr_block": "0.0.0.0/0",
                "from_port": 1024,
                "icmp_code": 0,
                "icmp_type": 0,
                "ipv6_cidr_block": "",
                "protocol": "6",
                "rule_no": 200,
                "to_port": 65535
              },
              {
                "action": "allow",
                "cidr_block": "172.17.0.0/20",
                "from_port": 0,
                "icmp_code": 0,
                "icmp_type": 0,
                "ipv6_cidr_block": "",
                "protocol": "-1",
                "rule_no": 100,
                "to_port": 0
              }
            ],
            "owner_id": "285942939694",
            "subnet_ids": [
              "subnet-0001e95f875079043",
              "subnet-0c33e7bd4930320f9"
            ],
            "tags": {
              "Description": "ACL for private-subnet",
              "ManagedBy": "Terraform",
              "Name": "private-subnet-acl"
            },
            "tags_all": {
              "Description": "ACL for private-subnet",
              "ManagedBy": "Terraform",
              "Name": "private-subnet-acl"
            },
            "vpc_id": "vpc-0913078db96c40076"
          },
          "sensitive_attributes": [],
          "private": "bnVsbA==",
          "dependencies": [
            "module.ca_west_1.aws_vpc.main",
            "module.ca_west_1.module.private_subnet.aws_subnet.main",
            "module.ca_west_1.module.private_subnet.data.aws_availability_zones.available"
          ]
        }
      ]
    },
    {
      "module": "module.ca_west_1.module.private_subnet",
      "mode": "managed",
      "type": "aws_route_table",
      "name": "main",
      "provider": "provider[\"registry.terraform.io/hashicorp/aws\"].ca-west-1",
      "instances": [
        {
          "index_key": "a",
          "schema_version": 0,
          "attributes": {
            "arn": "arn:aws:ec2:ca-west-1:285942939694:route-table/rtb-02d9e0b844858daab",
            "id": "rtb-02d9e0b844858daab",
            "owner_id": "285942939694",
            "propagating_vgws": [],
            "route": [
              {
                "carrier_gateway_id": "",
                "cidr_block": "0.0.0.0/0",
                "core_network_arn": "",
                "destination_prefix_list_id": "",
                "egress_only_gateway_id": "",
                "gateway_id": "",
                "ipv6_cidr_block": "",
                "local_gateway_id": "",
                "nat_gateway_id": "nat-0b7b0f392d8d5d552",
                "network_interface_id": "",
                "transit_gateway_id": "",
                "vpc_endpoint_id": "",
                "vpc_peering_connection_id": ""
              },
              {
                "carrier_gateway_id": "",
                "cidr_block": "192.168.0.0/20",
                "core_network_arn": "",
                "destination_prefix_list_id": "",
                "egress_only_gateway_id": "",
                "gateway_id": "",
                "ipv6_cidr_block": "",
                "local_gateway_id": "",
                "nat_gateway_id": "",
                "network_interface_id": "",
                "transit_gateway_id": "",
                "vpc_endpoint_id": "",
                "vpc_peering_connection_id": "pcx-0be212032bc7ddf8d"
              }
            ],
            "tags": {
              "Description": "Route table for private-subnet-a subnet",
              "ManagedBy": "Terraform",
              "Name": "private-subnet-a-route-table"
            },
            "tags_all": {
              "Description": "Route table for private-subnet-a subnet",
              "ManagedBy": "Terraform",
              "Name": "private-subnet-a-route-table"
            },
            "timeouts": null,
            "vpc_id": "vpc-0913078db96c40076"
          },
          "sensitive_attributes": [],
          "private": "eyJlMmJmYjczMC1lY2FhLTExZTYtOGY4OC0zNDM2M2JjN2M0YzAiOnsiY3JlYXRlIjozMDAwMDAwMDAwMDAsImRlbGV0ZSI6MzAwMDAwMDAwMDAwLCJ1cGRhdGUiOjEyMDAwMDAwMDAwMH19",
          "dependencies": [
            "module.ca_west_1.aws_vpc.main",
            "module.ca_west_1.module.private_subnet.aws_subnet.main",
            "module.ca_west_1.module.private_subnet.data.aws_availability_zones.available"
          ]
        },
        {
          "index_key": "b",
          "schema_version": 0,
          "attributes": {
            "arn": "arn:aws:ec2:ca-west-1:285942939694:route-table/rtb-05a0daaf39151b290",
            "id": "rtb-05a0daaf39151b290",
            "owner_id": "285942939694",
            "propagating_vgws": [],
            "route": [
              {
                "carrier_gateway_id": "",
                "cidr_block": "0.0.0.0/0",
                "core_network_arn": "",
                "destination_prefix_list_id": "",
                "egress_only_gateway_id": "",
                "gateway_id": "",
                "ipv6_cidr_block": "",
                "local_gateway_id": "",
                "nat_gateway_id": "nat-0b7b0f392d8d5d552",
                "network_interface_id": "",
                "transit_gateway_id": "",
                "vpc_endpoint_id": "",
                "vpc_peering_connection_id": ""
              }
            ],
            "tags": {
              "Description": "Route table for private-subnet-b subnet",
              "ManagedBy": "Terraform",
              "Name": "private-subnet-b-route-table"
            },
            "tags_all": {
              "Description": "Route table for private-subnet-b subnet",
              "ManagedBy": "Terraform",
              "Name": "private-subnet-b-route-table"
            },
            "timeouts": null,
            "vpc_id": "vpc-0913078db96c40076"
          },
          "sensitive_attributes": [],
          "private": "eyJlMmJmYjczMC1lY2FhLTExZTYtOGY4OC0zNDM2M2JjN2M0YzAiOnsiY3JlYXRlIjozMDAwMDAwMDAwMDAsImRlbGV0ZSI6MzAwMDAwMDAwMDAwLCJ1cGRhdGUiOjEyMDAwMDAwMDAwMH19",
          "dependencies": [
            "module.ca_west_1.aws_vpc.main",
            "module.ca_west_1.module.private_subnet.aws_subnet.main",
            "module.ca_west_1.module.private_subnet.data.aws_availability_zones.available"
          ]
        }
      ]
    },
    {
      "module": "module.ca_west_1.module.private_subnet",
      "mode": "managed",
      "type": "aws_route_table_association",
      "name": "main",
      "provider": "provider[\"registry.terraform.io/hashicorp/aws\"].ca-west-1",
      "instances": [
        {
          "index_key": "a",
          "schema_version": 0,
          "attributes": {
            "gateway_id": "",
            "id": "rtbassoc-0f2aba12f36518e2a",
            "route_table_id": "rtb-02d9e0b844858daab",
            "subnet_id": "subnet-0c33e7bd4930320f9",
            "timeouts": null
          },
          "sensitive_attributes": [],
          "private": "eyJlMmJmYjczMC1lY2FhLTExZTYtOGY4OC0zNDM2M2JjN2M0YzAiOnsiY3JlYXRlIjozMDAwMDAwMDAwMDAsImRlbGV0ZSI6MzAwMDAwMDAwMDAwLCJ1cGRhdGUiOjEyMDAwMDAwMDAwMH19",
          "dependencies": [
            "module.ca_west_1.aws_vpc.main",
            "module.ca_west_1.module.private_subnet.aws_route_table.main",
            "module.ca_west_1.module.private_subnet.aws_subnet.main",
            "module.ca_west_1.module.private_subnet.data.aws_availability_zones.available"
          ]
        },
        {
          "index_key": "b",
          "schema_version": 0,
          "attributes": {
            "gateway_id": "",
            "id": "rtbassoc-056dad8d43206e06a",
            "route_table_id": "rtb-05a0daaf39151b290",
            "subnet_id": "subnet-0001e95f875079043",
            "timeouts": null
          },
          "sensitive_attributes": [],
          "private": "eyJlMmJmYjczMC1lY2FhLTExZTYtOGY4OC0zNDM2M2JjN2M0YzAiOnsiY3JlYXRlIjozMDAwMDAwMDAwMDAsImRlbGV0ZSI6MzAwMDAwMDAwMDAwLCJ1cGRhdGUiOjEyMDAwMDAwMDAwMH19",
          "dependencies": [
            "module.ca_west_1.aws_vpc.main",
            "module.ca_west_1.module.private_subnet.aws_route_table.main",
            "module.ca_west_1.module.private_subnet.aws_subnet.main",
            "module.ca_west_1.module.private_subnet.data.aws_availability_zones.available"
          ]
        }
      ]
    },
    {
      "module": "module.ca_west_1.module.private_subnet",
      "mode": "managed",
      "type": "aws_subnet",
      "name": "main",
      "provider": "provider[\"registry.terraform.io/hashicorp/aws\"].ca-west-1",
      "instances": [
        {
          "index_key": "a",
          "schema_version": 1,
          "attributes": {
            "arn": "arn:aws:ec2:ca-west-1:285942939694:subnet/subnet-0c33e7bd4930320f9",
            "assign_ipv6_address_on_creation": false,
            "availability_zone": "ca-west-1a",
            "availability_zone_id": "caw1-az1",
            "cidr_block": "172.17.0.0/23",
            "customer_owned_ipv4_pool": "",
            "enable_dns64": false,
            "enable_lni_at_device_index": 0,
            "enable_resource_name_dns_a_record_on_launch": false,
            "enable_resource_name_dns_aaaa_record_on_launch": false,
            "id": "subnet-0c33e7bd4930320f9",
            "ipv6_cidr_block": "",
            "ipv6_cidr_block_association_id": "",
            "ipv6_native": false,
            "map_customer_owned_ip_on_launch": false,
            "map_public_ip_on_launch": false,
            "outpost_arn": "",
            "owner_id": "285942939694",
            "private_dns_hostname_type_on_launch": "ip-name",
            "tags": {
              "ManagedBy": "Terraform",
              "Name": "private-subnet-ca-west-1a"
            },
            "tags_all": {
              "ManagedBy": "Terraform",
              "Name": "private-subnet-ca-west-1a"
            },
            "timeouts": null,
            "vpc_id": "vpc-0913078db96c40076"
          },
          "sensitive_attributes": [],
          "private": "eyJlMmJmYjczMC1lY2FhLTExZTYtOGY4OC0zNDM2M2JjN2M0YzAiOnsiY3JlYXRlIjo2MDAwMDAwMDAwMDAsImRlbGV0ZSI6MTIwMDAwMDAwMDAwMH0sInNjaGVtYV92ZXJzaW9uIjoiMSJ9",
          "dependencies": [
            "module.ca_west_1.aws_vpc.main",
            "module.ca_west_1.module.private_subnet.data.aws_availability_zones.available"
          ]
        },
        {
          "index_key": "b",
          "schema_version": 1,
          "attributes": {
            "arn": "arn:aws:ec2:ca-west-1:285942939694:subnet/subnet-0001e95f875079043",
            "assign_ipv6_address_on_creation": false,
            "availability_zone": "ca-west-1b",
            "availability_zone_id": "caw1-az2",
            "cidr_block": "172.17.2.0/23",
            "customer_owned_ipv4_pool": "",
            "enable_dns64": false,
            "enable_lni_at_device_index": 0,
            "enable_resource_name_dns_a_record_on_launch": false,
            "enable_resource_name_dns_aaaa_record_on_launch": false,
            "id": "subnet-0001e95f875079043",
            "ipv6_cidr_block": "",
            "ipv6_cidr_block_association_id": "",
            "ipv6_native": false,
            "map_customer_owned_ip_on_launch": false,
            "map_public_ip_on_launch": false,
            "outpost_arn": "",
            "owner_id": "285942939694",
            "private_dns_hostname_type_on_launch": "ip-name",
            "tags": {
              "ManagedBy": "Terraform",
              "Name": "private-subnet-ca-west-1b"
            },
            "tags_all": {
              "ManagedBy": "Terraform",
              "Name": "private-subnet-ca-west-1b"
            },
            "timeouts": null,
            "vpc_id": "vpc-0913078db96c40076"
          },
          "sensitive_attributes": [],
          "private": "eyJlMmJmYjczMC1lY2FhLTExZTYtOGY4OC0zNDM2M2JjN2M0YzAiOnsiY3JlYXRlIjo2MDAwMDAwMDAwMDAsImRlbGV0ZSI6MTIwMDAwMDAwMDAwMH0sInNjaGVtYV92ZXJzaW9uIjoiMSJ9",
          "dependencies": [
            "module.ca_west_1.aws_vpc.main",
            "module.ca_west_1.module.private_subnet.data.aws_availability_zones.available"
          ]
        }
      ]
    },
    {
      "module": "module.ca_west_1.module.public_subnet",
      "mode": "data",
      "type": "aws_availability_zones",
      "name": "available",
      "provider": "provider[\"registry.terraform.io/hashicorp/aws\"].ca-west-1",
      "instances": [
        {
          "schema_version": 0,
          "attributes": {
            "all_availability_zones": null,
            "exclude_names": null,
            "exclude_zone_ids": null,
            "filter": [
              {
                "name": "region-name",
                "values": [
                  "ca-west-1"
                ]
              }
            ],
            "group_names": [
              "ca-west-1"
            ],
            "id": "ca-west-1",
            "names": [
              "ca-west-1a",
              "ca-west-1b",
              "ca-west-1c"
            ],
            "state": "available",
            "timeouts": null,
            "zone_ids": [
              "caw1-az1",
              "caw1-az2",
              "caw1-az3"
            ]
          },
          "sensitive_attributes": []
        }
      ]
    },
    {
      "module": "module.ca_west_1.module.public_subnet",
      "mode": "managed",
      "type": "aws_network_acl",
      "name": "main",
      "provider": "provider[\"registry.terraform.io/hashicorp/aws\"].ca-west-1",
      "instances": [
        {
          "schema_version": 0,
          "attributes": {
            "arn": "arn:aws:ec2:ca-west-1:285942939694:network-acl/acl-01e0d6db61f8a7259",
            "egress": [
              {
                "action": "allow",
                "cidr_block": "0.0.0.0/0",
                "from_port": 0,
                "icmp_code": 0,
                "icmp_type": 0,
                "ipv6_cidr_block": "",
                "protocol": "-1",
                "rule_no": 100,
                "to_port": 0
              }
            ],
            "id": "acl-01e0d6db61f8a7259",
            "ingress": [
              {
                "action": "allow",
                "cidr_block": "0.0.0.0/0",
                "from_port": 0,
                "icmp_code": 0,
                "icmp_type": 0,
                "ipv6_cidr_block": "",
                "protocol": "-1",
                "rule_no": 100,
                "to_port": 0
              }
            ],
            "owner_id": "285942939694",
            "subnet_ids": [
              "subnet-01cf3fa784caca356",
              "subnet-09dde14708ae04c3a"
            ],
            "tags": {
              "Description": "ACL for public-subnet",
              "ManagedBy": "Terraform",
              "Name": "public-subnet-acl"
            },
            "tags_all": {
              "Description": "ACL for public-subnet",
              "ManagedBy": "Terraform",
              "Name": "public-subnet-acl"
            },
            "vpc_id": "vpc-0913078db96c40076"
          },
          "sensitive_attributes": [],
          "private": "bnVsbA==",
          "dependencies": [
            "module.ca_west_1.aws_vpc.main",
            "module.ca_west_1.module.public_subnet.aws_subnet.main",
            "module.ca_west_1.module.public_subnet.data.aws_availability_zones.available"
          ]
        }
      ]
    },
    {
      "module": "module.ca_west_1.module.public_subnet",
      "mode": "managed",
      "type": "aws_route_table",
      "name": "main",
      "provider": "provider[\"registry.terraform.io/hashicorp/aws\"].ca-west-1",
      "instances": [
        {
          "index_key": "a",
          "schema_version": 0,
          "attributes": {
            "arn": "arn:aws:ec2:ca-west-1:285942939694:route-table/rtb-06aa09fa292b62128",
            "id": "rtb-06aa09fa292b62128",
            "owner_id": "285942939694",
            "propagating_vgws": [],
            "route": [
              {
                "carrier_gateway_id": "",
                "cidr_block": "0.0.0.0/0",
                "core_network_arn": "",
                "destination_prefix_list_id": "",
                "egress_only_gateway_id": "",
                "gateway_id": "igw-02de8b1b5bf825bca",
                "ipv6_cidr_block": "",
                "local_gateway_id": "",
                "nat_gateway_id": "",
                "network_interface_id": "",
                "transit_gateway_id": "",
                "vpc_endpoint_id": "",
                "vpc_peering_connection_id": ""
              },
              {
                "carrier_gateway_id": "",
                "cidr_block": "192.168.0.0/20",
                "core_network_arn": "",
                "destination_prefix_list_id": "",
                "egress_only_gateway_id": "",
                "gateway_id": "",
                "ipv6_cidr_block": "",
                "local_gateway_id": "",
                "nat_gateway_id": "",
                "network_interface_id": "",
                "transit_gateway_id": "",
                "vpc_endpoint_id": "",
                "vpc_peering_connection_id": "pcx-0be212032bc7ddf8d"
              }
            ],
            "tags": {
              "Description": "Route table for public-subnet-a subnet",
              "ManagedBy": "Terraform",
              "Name": "public-subnet-a-route-table"
            },
            "tags_all": {
              "Description": "Route table for public-subnet-a subnet",
              "ManagedBy": "Terraform",
              "Name": "public-subnet-a-route-table"
            },
            "timeouts": null,
            "vpc_id": "vpc-0913078db96c40076"
          },
          "sensitive_attributes": [],
          "private": "eyJlMmJmYjczMC1lY2FhLTExZTYtOGY4OC0zNDM2M2JjN2M0YzAiOnsiY3JlYXRlIjozMDAwMDAwMDAwMDAsImRlbGV0ZSI6MzAwMDAwMDAwMDAwLCJ1cGRhdGUiOjEyMDAwMDAwMDAwMH19",
          "dependencies": [
            "module.ca_west_1.aws_vpc.main",
            "module.ca_west_1.module.public_subnet.aws_subnet.main",
            "module.ca_west_1.module.public_subnet.data.aws_availability_zones.available"
          ]
        },
        {
          "index_key": "b",
          "schema_version": 0,
          "attributes": {
            "arn": "arn:aws:ec2:ca-west-1:285942939694:route-table/rtb-0542c00a0ac4edd6e",
            "id": "rtb-0542c00a0ac4edd6e",
            "owner_id": "285942939694",
            "propagating_vgws": [],
            "route": [
              {
                "carrier_gateway_id": "",
                "cidr_block": "0.0.0.0/0",
                "core_network_arn": "",
                "destination_prefix_list_id": "",
                "egress_only_gateway_id": "",
                "gateway_id": "igw-02de8b1b5bf825bca",
                "ipv6_cidr_block": "",
                "local_gateway_id": "",
                "nat_gateway_id": "",
                "network_interface_id": "",
                "transit_gateway_id": "",
                "vpc_endpoint_id": "",
                "vpc_peering_connection_id": ""
              },
              {
                "carrier_gateway_id": "",
                "cidr_block": "192.168.0.0/20",
                "core_network_arn": "",
                "destination_prefix_list_id": "",
                "egress_only_gateway_id": "",
                "gateway_id": "",
                "ipv6_cidr_block": "",
                "local_gateway_id": "",
                "nat_gateway_id": "",
                "network_interface_id": "",
                "transit_gateway_id": "",
                "vpc_endpoint_id": "",
                "vpc_peering_connection_id": "pcx-0be212032bc7ddf8d"
              }
            ],
            "tags": {
              "Description": "Route table for public-subnet-b subnet",
              "ManagedBy": "Terraform",
              "Name": "public-subnet-b-route-table"
            },
            "tags_all": {
              "Description": "Route table for public-subnet-b subnet",
              "ManagedBy": "Terraform",
              "Name": "public-subnet-b-route-table"
            },
            "timeouts": null,
            "vpc_id": "vpc-0913078db96c40076"
          },
          "sensitive_attributes": [],
          "private": "eyJlMmJmYjczMC1lY2FhLTExZTYtOGY4OC0zNDM2M2JjN2M0YzAiOnsiY3JlYXRlIjozMDAwMDAwMDAwMDAsImRlbGV0ZSI6MzAwMDAwMDAwMDAwLCJ1cGRhdGUiOjEyMDAwMDAwMDAwMH19",
          "dependencies": [
            "module.ca_west_1.aws_vpc.main",
            "module.ca_west_1.module.public_subnet.aws_subnet.main",
            "module.ca_west_1.module.public_subnet.data.aws_availability_zones.available"
          ]
        }
      ]
    },
    {
      "module": "module.ca_west_1.module.public_subnet",
      "mode": "managed",
      "type": "aws_route_table_association",
      "name": "main",
      "provider": "provider[\"registry.terraform.io/hashicorp/aws\"].ca-west-1",
      "instances": [
        {
          "index_key": "a",
          "schema_version": 0,
          "attributes": {
            "gateway_id": "",
            "id": "rtbassoc-065db8673ac72bf5b",
            "route_table_id": "rtb-06aa09fa292b62128",
            "subnet_id": "subnet-01cf3fa784caca356",
            "timeouts": null
          },
          "sensitive_attributes": [],
          "private": "eyJlMmJmYjczMC1lY2FhLTExZTYtOGY4OC0zNDM2M2JjN2M0YzAiOnsiY3JlYXRlIjozMDAwMDAwMDAwMDAsImRlbGV0ZSI6MzAwMDAwMDAwMDAwLCJ1cGRhdGUiOjEyMDAwMDAwMDAwMH19",
          "dependencies": [
            "module.ca_west_1.aws_vpc.main",
            "module.ca_west_1.module.public_subnet.aws_route_table.main",
            "module.ca_west_1.module.public_subnet.aws_subnet.main",
            "module.ca_west_1.module.public_subnet.data.aws_availability_zones.available"
          ]
        },
        {
          "index_key": "b",
          "schema_version": 0,
          "attributes": {
            "gateway_id": "",
            "id": "rtbassoc-0c9e9a1fa524bf5a2",
            "route_table_id": "rtb-0542c00a0ac4edd6e",
            "subnet_id": "subnet-09dde14708ae04c3a",
            "timeouts": null
          },
          "sensitive_attributes": [],
          "private": "eyJlMmJmYjczMC1lY2FhLTExZTYtOGY4OC0zNDM2M2JjN2M0YzAiOnsiY3JlYXRlIjozMDAwMDAwMDAwMDAsImRlbGV0ZSI6MzAwMDAwMDAwMDAwLCJ1cGRhdGUiOjEyMDAwMDAwMDAwMH19",
          "dependencies": [
            "module.ca_west_1.aws_vpc.main",
            "module.ca_west_1.module.public_subnet.aws_route_table.main",
            "module.ca_west_1.module.public_subnet.aws_subnet.main",
            "module.ca_west_1.module.public_subnet.data.aws_availability_zones.available"
          ]
        }
      ]
    },
    {
      "module": "module.ca_west_1.module.public_subnet",
      "mode": "managed",
      "type": "aws_subnet",
      "name": "main",
      "provider": "provider[\"registry.terraform.io/hashicorp/aws\"].ca-west-1",
      "instances": [
        {
          "index_key": "a",
          "schema_version": 1,
          "attributes": {
            "arn": "arn:aws:ec2:ca-west-1:285942939694:subnet/subnet-01cf3fa784caca356",
            "assign_ipv6_address_on_creation": false,
            "availability_zone": "ca-west-1a",
            "availability_zone_id": "caw1-az1",
            "cidr_block": "172.17.4.0/23",
            "customer_owned_ipv4_pool": "",
            "enable_dns64": false,
            "enable_lni_at_device_index": 0,
            "enable_resource_name_dns_a_record_on_launch": false,
            "enable_resource_name_dns_aaaa_record_on_launch": false,
            "id": "subnet-01cf3fa784caca356",
            "ipv6_cidr_block": "",
            "ipv6_cidr_block_association_id": "",
            "ipv6_native": false,
            "map_customer_owned_ip_on_launch": false,
            "map_public_ip_on_launch": false,
            "outpost_arn": "",
            "owner_id": "285942939694",
            "private_dns_hostname_type_on_launch": "ip-name",
            "tags": {
              "ManagedBy": "Terraform",
              "Name": "public-subnet-ca-west-1a"
            },
            "tags_all": {
              "ManagedBy": "Terraform",
              "Name": "public-subnet-ca-west-1a"
            },
            "timeouts": null,
            "vpc_id": "vpc-0913078db96c40076"
          },
          "sensitive_attributes": [],
          "private": "eyJlMmJmYjczMC1lY2FhLTExZTYtOGY4OC0zNDM2M2JjN2M0YzAiOnsiY3JlYXRlIjo2MDAwMDAwMDAwMDAsImRlbGV0ZSI6MTIwMDAwMDAwMDAwMH0sInNjaGVtYV92ZXJzaW9uIjoiMSJ9",
          "dependencies": [
            "module.ca_west_1.aws_vpc.main",
            "module.ca_west_1.module.public_subnet.data.aws_availability_zones.available"
          ]
        },
        {
          "index_key": "b",
          "schema_version": 1,
          "attributes": {
            "arn": "arn:aws:ec2:ca-west-1:285942939694:subnet/subnet-09dde14708ae04c3a",
            "assign_ipv6_address_on_creation": false,
            "availability_zone": "ca-west-1b",
            "availability_zone_id": "caw1-az2",
            "cidr_block": "172.17.6.0/23",
            "customer_owned_ipv4_pool": "",
            "enable_dns64": false,
            "enable_lni_at_device_index": 0,
            "enable_resource_name_dns_a_record_on_launch": false,
            "enable_resource_name_dns_aaaa_record_on_launch": false,
            "id": "subnet-09dde14708ae04c3a",
            "ipv6_cidr_block": "",
            "ipv6_cidr_block_association_id": "",
            "ipv6_native": false,
            "map_customer_owned_ip_on_launch": false,
            "map_public_ip_on_launch": false,
            "outpost_arn": "",
            "owner_id": "285942939694",
            "private_dns_hostname_type_on_launch": "ip-name",
            "tags": {
              "ManagedBy": "Terraform",
              "Name": "public-subnet-ca-west-1b"
            },
            "tags_all": {
              "ManagedBy": "Terraform",
              "Name": "public-subnet-ca-west-1b"
            },
            "timeouts": null,
            "vpc_id": "vpc-0913078db96c40076"
          },
          "sensitive_attributes": [],
          "private": "eyJlMmJmYjczMC1lY2FhLTExZTYtOGY4OC0zNDM2M2JjN2M0YzAiOnsiY3JlYXRlIjo2MDAwMDAwMDAwMDAsImRlbGV0ZSI6MTIwMDAwMDAwMDAwMH0sInNjaGVtYV92ZXJzaW9uIjoiMSJ9",
          "dependencies": [
            "module.ca_west_1.aws_vpc.main",
            "module.ca_west_1.module.public_subnet.data.aws_availability_zones.available"
          ]
        }
      ]
    },
    {
      "module": "module.eu_central_1",
      "mode": "data",
      "type": "archive_file",
      "name": "lambda_source_archive",
      "provider": "provider[\"registry.terraform.io/hashicorp/archive\"]",
      "instances": [
        {
          "schema_version": 0,
          "attributes": {
            "exclude_symlink_directories": null,
            "excludes": null,
            "id": "76525e31bc0291be48bbd14cd2c89b6df27c19c9",
            "output_base64sha256": "m1uRK3tdlBE7hNDaamOGjYEoB7vOmiiMm4HGd0dK8Ok=",
            "output_base64sha512": "6QtreyVBxOgZ4KeqOI9U1wUXHgn6vFAL3wS7ykXCTk2nEfjv5zmw0xs4ofSZHsvpco0WveGF7eBJgU2nGiyGQw==",
            "output_file_mode": null,
            "output_md5": "3b72011cf2de60ea3a9a41287c2643b8",
            "output_path": "../modules/eu-central-1/files/target-group-manager-lambda.zip",
            "output_sha": "76525e31bc0291be48bbd14cd2c89b6df27c19c9",
            "output_sha256": "9b5b912b7b5d94113b84d0da6a63868d812807bbce9a288c9b81c677474af0e9",
            "output_sha512": "e90b6b7b2541c4e819e0a7aa388f54d705171e09fabc500bdf04bbca45c24e4da711f8efe739b0d31b38a1f4991ecbe9728d16bde185ede049814da71a2c8643",
            "output_size": 1655,
            "source": [],
            "source_content": null,
            "source_content_filename": null,
            "source_dir": "../modules/eu-central-1/files/target-group-manager",
            "source_file": null,
            "type": "zip"
          },
          "sensitive_attributes": []
        }
      ]
    },
    {
      "module": "module.eu_central_1",
      "mode": "managed",
      "type": "aws_acm_certificate",
      "name": "cert",
      "provider": "provider[\"registry.terraform.io/hashicorp/aws\"].eu-central-1",
      "instances": [
        {
          "schema_version": 0,
          "attributes": {
            "arn": "arn:aws:acm:eu-central-1:285942939694:certificate/ceb5bdcf-b79a-4872-ab15-10074015ead3",
            "certificate_authority_arn": "",
            "certificate_body": null,
            "certificate_chain": null,
            "domain_name": "eu.cloudpedia.xyz",
            "domain_validation_options": [
              {
                "domain_name": "eu.cloudpedia.xyz",
                "resource_record_name": "_3e11d8ed902776a53f0c7509fb1b3d85.eu.cloudpedia.xyz.",
                "resource_record_type": "CNAME",
                "resource_record_value": "_3fed159962099a15cf32d33b4c00e77b.mhbtsbpdnt.acm-validations.aws."
              },
              {
                "domain_name": "partner-eu.cloudpedia.xyz",
                "resource_record_name": "_df13c9335529ba84d380ecf11962bacc.partner-eu.cloudpedia.xyz.",
                "resource_record_type": "CNAME",
                "resource_record_value": "_5ba4911246303ea03f0696766379431e.mhbtsbpdnt.acm-validations.aws."
              },
              {
                "domain_name": "www.eu.cloudpedia.xyz",
                "resource_record_name": "_9899271570082d1b90b9706de487076d.www.eu.cloudpedia.xyz.",
                "resource_record_type": "CNAME",
                "resource_record_value": "_b23ae77307bedcd7ca331e1d5284959d.mhbtsbpdnt.acm-validations.aws."
              },
              {
                "domain_name": "www.partner-eu.cloudpedia.xyz",
                "resource_record_name": "_4eb4dcc171ccee9d3d57a79e4ace5c4c.www.partner-eu.cloudpedia.xyz.",
                "resource_record_type": "CNAME",
                "resource_record_value": "_4042eca6a031830072e773697a1f0090.mhbtsbpdnt.acm-validations.aws."
              }
            ],
            "early_renewal_duration": "",
            "id": "arn:aws:acm:eu-central-1:285942939694:certificate/ceb5bdcf-b79a-4872-ab15-10074015ead3",
            "key_algorithm": "RSA_2048",
            "not_after": "2025-04-27T23:59:59Z",
            "not_before": "2024-03-29T00:00:00Z",
            "options": [
              {
                "certificate_transparency_logging_preference": "ENABLED"
              }
            ],
            "pending_renewal": false,
            "private_key": null,
            "renewal_eligibility": "ELIGIBLE",
            "renewal_summary": [],
            "status": "ISSUED",
            "subject_alternative_names": [
              "eu.cloudpedia.xyz",
              "partner-eu.cloudpedia.xyz",
              "www.eu.cloudpedia.xyz",
              "www.partner-eu.cloudpedia.xyz"
            ],
            "tags": {
              "ManagedBy": "Terraform",
              "Name": "Certificate for eu.cloudpedia.xyz and partner-eu.cloudpedia.xyz"
            },
            "tags_all": {
              "ManagedBy": "Terraform",
              "Name": "Certificate for eu.cloudpedia.xyz and partner-eu.cloudpedia.xyz"
            },
            "type": "AMAZON_ISSUED",
            "validation_emails": [],
            "validation_method": "DNS",
            "validation_option": []
          },
          "sensitive_attributes": [],
          "private": "bnVsbA==",
          "create_before_destroy": true
        }
      ]
    },
    {
      "module": "module.eu_central_1",
      "mode": "managed",
      "type": "aws_acm_certificate_validation",
      "name": "cert",
      "provider": "provider[\"registry.terraform.io/hashicorp/aws\"].eu-central-1",
      "instances": [
        {
          "schema_version": 0,
          "attributes": {
            "certificate_arn": "arn:aws:acm:eu-central-1:285942939694:certificate/ceb5bdcf-b79a-4872-ab15-10074015ead3",
            "id": "2024-03-29 18:17:08.444 +0000 UTC",
            "timeouts": null,
            "validation_record_fqdns": [
              "_3e11d8ed902776a53f0c7509fb1b3d85.eu.cloudpedia.xyz",
              "_4eb4dcc171ccee9d3d57a79e4ace5c4c.www.partner-eu.cloudpedia.xyz",
              "_9899271570082d1b90b9706de487076d.www.eu.cloudpedia.xyz",
              "_df13c9335529ba84d380ecf11962bacc.partner-eu.cloudpedia.xyz"
            ]
          },
          "sensitive_attributes": [],
          "private": "eyJlMmJmYjczMC1lY2FhLTExZTYtOGY4OC0zNDM2M2JjN2M0YzAiOnsiY3JlYXRlIjo0NTAwMDAwMDAwMDAwfX0=",
          "dependencies": [
            "module.eu_central_1.aws_acm_certificate.cert",
            "module.eu_central_1.aws_route53_record.domain_validation_for_cert"
          ]
        }
      ]
    },
    {
      "module": "module.eu_central_1",
      "mode": "managed",
      "type": "aws_cloudwatch_event_rule",
      "name": "capture_app_fleet_instance_launch",
      "provider": "provider[\"registry.terraform.io/hashicorp/aws\"].eu-central-1",
      "instances": [
        {
          "schema_version": 1,
          "attributes": {
            "arn": "arn:aws:events:eu-central-1:285942939694:rule/capture-app-fleet-instance-launch",
            "description": "Captures event when a new instance is launched in the control region",
            "event_bus_name": "default",
            "event_pattern": "{\"detail-type\":[\"INSTANCE_IS_LAUNCHING\"],\"source\":[\"cloudpedia\"]}",
            "force_destroy": false,
            "id": "capture-app-fleet-instance-launch",
            "is_enabled": true,
            "name": "capture-app-fleet-instance-launch",
            "name_prefix": "",
            "role_arn": "",
            "schedule_expression": "",
            "state": "ENABLED",
            "tags": {
              "ManagedBy": "Terraform"
            },
            "tags_all": {
              "ManagedBy": "Terraform"
            }
          },
          "sensitive_attributes": [],
          "private": "eyJzY2hlbWFfdmVyc2lvbiI6IjEifQ=="
        }
      ]
    },
    {
      "module": "module.eu_central_1",
      "mode": "managed",
      "type": "aws_cloudwatch_event_rule",
      "name": "capture_app_fleet_instance_termination",
      "provider": "provider[\"registry.terraform.io/hashicorp/aws\"].eu-central-1",
      "instances": [
        {
          "schema_version": 1,
          "attributes": {
            "arn": "arn:aws:events:eu-central-1:285942939694:rule/capture-app-fleet-instance-termination",
            "description": "Captures event when a new instance is about to be terminated in the control region",
            "event_bus_name": "default",
            "event_pattern": "{\"detail-type\":[\"INSTANCE_IS_TERMINATING\"],\"source\":[\"cloudpedia\"]}",
            "force_destroy": false,
            "id": "capture-app-fleet-instance-termination",
            "is_enabled": true,
            "name": "capture-app-fleet-instance-termination",
            "name_prefix": "",
            "role_arn": "",
            "schedule_expression": "",
            "state": "ENABLED",
            "tags": {
              "ManagedBy": "Terraform"
            },
            "tags_all": {
              "ManagedBy": "Terraform"
            }
          },
          "sensitive_attributes": [],
          "private": "eyJzY2hlbWFfdmVyc2lvbiI6IjEifQ=="
        }
      ]
    },
    {
      "module": "module.eu_central_1",
      "mode": "managed",
      "type": "aws_cloudwatch_event_target",
      "name": "capture_app_fleet_instance_launch_rule_target",
      "provider": "provider[\"registry.terraform.io/hashicorp/aws\"].eu-central-1",
      "instances": [
        {
          "schema_version": 1,
          "attributes": {
            "arn": "arn:aws:lambda:eu-central-1:285942939694:function:target-group-manager",
            "batch_target": [],
            "dead_letter_config": [],
            "ecs_target": [],
            "event_bus_name": "default",
            "force_destroy": false,
            "http_target": [],
            "id": "capture-app-fleet-instance-launch-app-fleet-instance-launch-rule-target",
            "input": "",
            "input_path": "",
            "input_transformer": [],
            "kinesis_target": [],
            "redshift_target": [],
            "retry_policy": [],
            "role_arn": "",
            "rule": "capture-app-fleet-instance-launch",
            "run_command_targets": [],
            "sagemaker_pipeline_target": [],
            "sqs_target": [],
            "target_id": "app-fleet-instance-launch-rule-target"
          },
          "sensitive_attributes": [],
          "private": "eyJzY2hlbWFfdmVyc2lvbiI6IjEifQ==",
          "dependencies": [
            "module.eu_central_1.aws_cloudwatch_event_rule.capture_app_fleet_instance_launch",
            "module.eu_central_1.aws_iam_role.target_group_manager_lambda",
            "module.eu_central_1.aws_lambda_function.target_group_manager_lambda",
            "module.eu_central_1.aws_lb_target_group.alb_to_central_app",
            "module.eu_central_1.aws_vpc.main",
            "module.eu_central_1.data.archive_file.lambda_source_archive"
          ]
        }
      ]
    },
    {
      "module": "module.eu_central_1",
      "mode": "managed",
      "type": "aws_cloudwatch_event_target",
      "name": "capture_app_fleet_instance_termination_rule_target",
      "provider": "provider[\"registry.terraform.io/hashicorp/aws\"].eu-central-1",
      "instances": [
        {
          "schema_version": 1,
          "attributes": {
            "arn": "arn:aws:lambda:eu-central-1:285942939694:function:target-group-manager",
            "batch_target": [],
            "dead_letter_config": [],
            "ecs_target": [],
            "event_bus_name": "default",
            "force_destroy": false,
            "http_target": [],
            "id": "capture-app-fleet-instance-termination-app-fleet-instance-termination-rule-target",
            "input": "",
            "input_path": "",
            "input_transformer": [],
            "kinesis_target": [],
            "redshift_target": [],
            "retry_policy": [],
            "role_arn": "",
            "rule": "capture-app-fleet-instance-termination",
            "run_command_targets": [],
            "sagemaker_pipeline_target": [],
            "sqs_target": [],
            "target_id": "app-fleet-instance-termination-rule-target"
          },
          "sensitive_attributes": [],
          "private": "eyJzY2hlbWFfdmVyc2lvbiI6IjEifQ==",
          "dependencies": [
            "module.eu_central_1.aws_cloudwatch_event_rule.capture_app_fleet_instance_termination",
            "module.eu_central_1.aws_iam_role.target_group_manager_lambda",
            "module.eu_central_1.aws_lambda_function.target_group_manager_lambda",
            "module.eu_central_1.aws_lb_target_group.alb_to_central_app",
            "module.eu_central_1.aws_vpc.main",
            "module.eu_central_1.data.archive_file.lambda_source_archive"
          ]
        }
      ]
    },
    {
      "module": "module.eu_central_1",
      "mode": "managed",
      "type": "aws_cloudwatch_log_group",
      "name": "target_group_manager_lambda_log_group",
      "provider": "provider[\"registry.terraform.io/hashicorp/aws\"].eu-central-1",
      "instances": [
        {
          "schema_version": 0,
          "attributes": {
            "arn": "arn:aws:logs:eu-central-1:285942939694:log-group:/aws/lambda/target-group-manager",
            "id": "/aws/lambda/target-group-manager",
            "kms_key_id": "",
            "log_group_class": "STANDARD",
            "name": "/aws/lambda/target-group-manager",
            "name_prefix": "",
            "retention_in_days": 3,
            "skip_destroy": false,
            "tags": {},
            "tags_all": {}
          },
          "sensitive_attributes": [],
          "private": "bnVsbA=="
        }
      ]
    },
    {
      "module": "module.eu_central_1",
      "mode": "managed",
      "type": "aws_eip",
      "name": "main",
      "provider": "provider[\"registry.terraform.io/hashicorp/aws\"].eu-central-1",
      "instances": [
        {
          "schema_version": 0,
          "attributes": {
            "address": null,
            "allocation_id": "eipalloc-0b1fd8273a2391683",
            "arn": "arn:aws:ec2:eu-central-1:285942939694:elastic-ip/eipalloc-0b1fd8273a2391683",
            "associate_with_private_ip": null,
            "association_id": "eipassoc-0b8bb28ccbf739905",
            "carrier_ip": "",
            "customer_owned_ip": "",
            "customer_owned_ipv4_pool": "",
            "domain": "vpc",
            "id": "eipalloc-0b1fd8273a2391683",
            "instance": "",
            "network_border_group": "eu-central-1",
            "network_interface": "eni-014171acc0c64835d",
            "private_dns": "ip-192-168-5-185.eu-central-1.compute.internal",
            "private_ip": "192.168.5.185",
            "ptr_record": "",
            "public_dns": "ec2-3-78-102-126.eu-central-1.compute.amazonaws.com",
            "public_ip": "3.78.102.126",
            "public_ipv4_pool": "amazon",
            "tags": {
              "Description": "Routes internal traffic to the internet through public subnet in AZ a",
              "ManagedBy": "Terraform",
              "Name": "vpc-eu-central-1-eip-az-a"
            },
            "tags_all": {
              "Description": "Routes internal traffic to the internet through public subnet in AZ a",
              "ManagedBy": "Terraform",
              "Name": "vpc-eu-central-1-eip-az-a"
            },
            "timeouts": null,
            "vpc": true
          },
          "sensitive_attributes": [],
          "private": "eyJlMmJmYjczMC1lY2FhLTExZTYtOGY4OC0zNDM2M2JjN2M0YzAiOnsiZGVsZXRlIjoxODAwMDAwMDAwMDAsInJlYWQiOjkwMDAwMDAwMDAwMCwidXBkYXRlIjozMDAwMDAwMDAwMDB9fQ==",
          "dependencies": [
            "module.eu_central_1.aws_internet_gateway.main",
            "module.eu_central_1.aws_vpc.main"
          ]
        }
      ]
    },
    {
      "module": "module.eu_central_1",
      "mode": "managed",
      "type": "aws_iam_role",
      "name": "target_group_manager_lambda",
      "provider": "provider[\"registry.terraform.io/hashicorp/aws\"].eu-central-1",
      "instances": [
        {
          "schema_version": 0,
          "attributes": {
            "arn": "arn:aws:iam::285942939694:role/target-group-manager-role20240526205111289700000001",
            "assume_role_policy": "{\"Statement\":[{\"Action\":\"sts:AssumeRole\",\"Effect\":\"Allow\",\"Principal\":{\"Service\":\"lambda.amazonaws.com\"}}],\"Version\":\"2012-10-17\"}",
            "create_date": "2024-05-26T20:51:11Z",
            "description": "",
            "force_detach_policies": false,
            "id": "target-group-manager-role20240526205111289700000001",
            "inline_policy": [
              {
                "name": "target-group-manager-role-policy20240526205112082700000002",
                "policy": "{\"Version\":\"2012-10-17\",\"Statement\":[{\"Action\":[\"elasticloadbalancing:RegisterTargets\",\"elasticloadbalancing:DeregisterTargets\"],\"Effect\":\"Allow\",\"Resource\":\"arn:aws:elasticloadbalancing:eu-central-1:285942939694:targetgroup/alb-to-central-app-tg/0c6236e17f055d0a\",\"Sid\":\"AllowTargetManagement\"},{\"Action\":[\"logs:CreateLogStream\",\"logs:DescribeLogStreams\",\"logs:PutLogEvents\"],\"Effect\":\"Allow\",\"Resource\":\"*\",\"Sid\":\"AllowLogManagement\"}]}"
              }
            ],
            "managed_policy_arns": [],
            "max_session_duration": 3600,
            "name": "target-group-manager-role20240526205111289700000001",
            "name_prefix": "target-group-manager-role",
            "path": "/",
            "permissions_boundary": "",
            "tags": {},
            "tags_all": {},
            "unique_id": "AROAUFE4HAAXDRKLHMTEL"
          },
          "sensitive_attributes": [],
          "private": "bnVsbA=="
        }
      ]
    },
    {
      "module": "module.eu_central_1",
      "mode": "managed",
      "type": "aws_iam_role_policy",
      "name": "target_group_manager_lambda",
      "provider": "provider[\"registry.terraform.io/hashicorp/aws\"].eu-central-1",
      "instances": [
        {
          "schema_version": 0,
          "attributes": {
            "id": "target-group-manager-role20240526205111289700000001:target-group-manager-role-policy20240526205112082700000002",
            "name": "target-group-manager-role-policy20240526205112082700000002",
            "name_prefix": "target-group-manager-role-policy",
            "policy": "{\"Version\":\"2012-10-17\",\"Statement\":[{\"Action\":[\"elasticloadbalancing:RegisterTargets\",\"elasticloadbalancing:DeregisterTargets\"],\"Effect\":\"Allow\",\"Resource\":\"arn:aws:elasticloadbalancing:eu-central-1:285942939694:targetgroup/alb-to-central-app-tg/0c6236e17f055d0a\",\"Sid\":\"AllowTargetManagement\"},{\"Action\":[\"logs:CreateLogStream\",\"logs:DescribeLogStreams\",\"logs:PutLogEvents\"],\"Effect\":\"Allow\",\"Resource\":\"*\",\"Sid\":\"AllowLogManagement\"}]}",
            "role": "target-group-manager-role20240526205111289700000001"
          },
          "sensitive_attributes": [],
          "private": "bnVsbA==",
          "dependencies": [
            "module.eu_central_1.aws_iam_role.target_group_manager_lambda",
            "module.eu_central_1.aws_lb_target_group.alb_to_central_app",
            "module.eu_central_1.aws_vpc.main"
          ]
        }
      ]
    },
    {
      "module": "module.eu_central_1",
      "mode": "managed",
      "type": "aws_internet_gateway",
      "name": "main",
      "provider": "provider[\"registry.terraform.io/hashicorp/aws\"].eu-central-1",
      "instances": [
        {
          "schema_version": 0,
          "attributes": {
            "arn": "arn:aws:ec2:eu-central-1:285942939694:internet-gateway/igw-0d61597f549d073ba",
            "id": "igw-0d61597f549d073ba",
            "owner_id": "285942939694",
            "tags": {
              "ManagedBy": "Terraform",
              "Name": "vpc-eu-central-1-igw"
            },
            "tags_all": {
              "ManagedBy": "Terraform",
              "Name": "vpc-eu-central-1-igw"
            },
            "timeouts": null,
            "vpc_id": "vpc-040e187afad799bb4"
          },
          "sensitive_attributes": [],
          "private": "eyJlMmJmYjczMC1lY2FhLTExZTYtOGY4OC0zNDM2M2JjN2M0YzAiOnsiY3JlYXRlIjoxMjAwMDAwMDAwMDAwLCJkZWxldGUiOjEyMDAwMDAwMDAwMDAsInVwZGF0ZSI6MTIwMDAwMDAwMDAwMH19",
          "dependencies": [
            "module.eu_central_1.aws_vpc.main"
          ]
        }
      ]
    },
    {
      "module": "module.eu_central_1",
      "mode": "managed",
      "type": "aws_lambda_function",
      "name": "target_group_manager_lambda",
      "provider": "provider[\"registry.terraform.io/hashicorp/aws\"].eu-central-1",
      "instances": [
        {
          "schema_version": 0,
          "attributes": {
            "architectures": [
              "x86_64"
            ],
            "arn": "arn:aws:lambda:eu-central-1:285942939694:function:target-group-manager",
            "code_sha256": "m1uRK3tdlBE7hNDaamOGjYEoB7vOmiiMm4HGd0dK8Ok=",
            "code_signing_config_arn": "",
            "dead_letter_config": [],
            "description": "",
            "environment": [
              {
                "variables": {
                  "TARGET_GROUP_ARN": "arn:aws:elasticloadbalancing:eu-central-1:285942939694:targetgroup/alb-to-central-app-tg/0c6236e17f055d0a"
                }
              }
            ],
            "ephemeral_storage": [
              {
                "size": 512
              }
            ],
            "file_system_config": [],
            "filename": "../modules/eu-central-1/files/target-group-manager.zip",
            "function_name": "target-group-manager",
            "handler": "index.handler",
            "id": "target-group-manager",
            "image_config": [],
            "image_uri": "",
            "invoke_arn": "arn:aws:apigateway:eu-central-1:lambda:path/2015-03-31/functions/arn:aws:lambda:eu-central-1:285942939694:function:target-group-manager/invocations",
            "kms_key_arn": "",
            "last_modified": "2024-05-26T22:41:47.000+0000",
            "layers": [],
            "logging_config": [
              {
                "application_log_level": "",
                "log_format": "Text",
                "log_group": "/aws/lambda/target-group-manager",
                "system_log_level": ""
              }
            ],
            "memory_size": 128,
            "package_type": "Zip",
            "publish": false,
            "qualified_arn": "arn:aws:lambda:eu-central-1:285942939694:function:target-group-manager:$LATEST",
            "qualified_invoke_arn": "arn:aws:apigateway:eu-central-1:lambda:path/2015-03-31/functions/arn:aws:lambda:eu-central-1:285942939694:function:target-group-manager:$LATEST/invocations",
            "replace_security_groups_on_destroy": null,
            "replacement_security_group_ids": null,
            "reserved_concurrent_executions": -1,
            "role": "arn:aws:iam::285942939694:role/target-group-manager-role20240526205111289700000001",
            "runtime": "nodejs20.x",
            "s3_bucket": null,
            "s3_key": null,
            "s3_object_version": null,
            "signing_job_arn": "",
            "signing_profile_version_arn": "",
            "skip_destroy": false,
            "snap_start": [],
            "source_code_hash": "m1uRK3tdlBE7hNDaamOGjYEoB7vOmiiMm4HGd0dK8Ok=",
            "source_code_size": 1655,
            "tags": {
              "ManagedBy": "Terraform"
            },
            "tags_all": {
              "ManagedBy": "Terraform"
            },
            "timeout": 60,
            "timeouts": null,
            "tracing_config": [
              {
                "mode": "PassThrough"
              }
            ],
            "version": "$LATEST",
            "vpc_config": []
          },
          "sensitive_attributes": [],
          "private": "eyJlMmJmYjczMC1lY2FhLTExZTYtOGY4OC0zNDM2M2JjN2M0YzAiOnsiY3JlYXRlIjo2MDAwMDAwMDAwMDAsImRlbGV0ZSI6NjAwMDAwMDAwMDAwLCJ1cGRhdGUiOjYwMDAwMDAwMDAwMH19",
          "dependencies": [
            "module.eu_central_1.aws_iam_role.target_group_manager_lambda",
            "module.eu_central_1.aws_lb_target_group.alb_to_central_app",
            "module.eu_central_1.aws_vpc.main",
            "module.eu_central_1.data.archive_file.lambda_source_archive"
          ]
        }
      ]
    },
    {
      "module": "module.eu_central_1",
      "mode": "managed",
      "type": "aws_lambda_permission",
      "name": "trigger_app_fleet_instance_launch_rule_target",
      "provider": "provider[\"registry.terraform.io/hashicorp/aws\"].eu-central-1",
      "instances": [
        {
          "schema_version": 0,
          "attributes": {
            "action": "lambda:InvokeFunction",
            "event_source_token": null,
            "function_name": "target-group-manager",
            "function_url_auth_type": null,
            "id": "terraform-20240526205127601500000004",
            "principal": "events.amazonaws.com",
            "principal_org_id": null,
            "qualifier": "",
            "source_account": null,
            "source_arn": "arn:aws:events:eu-central-1:285942939694:rule/capture-app-fleet-instance-launch",
            "statement_id": "terraform-20240526205127601500000004",
            "statement_id_prefix": "terraform-"
          },
          "sensitive_attributes": [],
          "private": "bnVsbA==",
          "dependencies": [
            "module.eu_central_1.aws_cloudwatch_event_rule.capture_app_fleet_instance_launch",
            "module.eu_central_1.aws_iam_role.target_group_manager_lambda",
            "module.eu_central_1.aws_lambda_function.target_group_manager_lambda",
            "module.eu_central_1.aws_lb_target_group.alb_to_central_app",
            "module.eu_central_1.aws_vpc.main",
            "module.eu_central_1.data.archive_file.lambda_source_archive"
          ]
        }
      ]
    },
    {
      "module": "module.eu_central_1",
      "mode": "managed",
      "type": "aws_lambda_permission",
      "name": "trigger_app_fleet_instance_termination_rule_target",
      "provider": "provider[\"registry.terraform.io/hashicorp/aws\"].eu-central-1",
      "instances": [
        {
          "schema_version": 0,
          "attributes": {
            "action": "lambda:InvokeFunction",
            "event_source_token": null,
            "function_name": "target-group-manager",
            "function_url_auth_type": null,
            "id": "terraform-20240526205127601400000003",
            "principal": "events.amazonaws.com",
            "principal_org_id": null,
            "qualifier": "",
            "source_account": null,
            "source_arn": "arn:aws:events:eu-central-1:285942939694:rule/capture-app-fleet-instance-termination",
            "statement_id": "terraform-20240526205127601400000003",
            "statement_id_prefix": "terraform-"
          },
          "sensitive_attributes": [],
          "private": "bnVsbA==",
          "dependencies": [
            "module.eu_central_1.aws_cloudwatch_event_rule.capture_app_fleet_instance_termination",
            "module.eu_central_1.aws_iam_role.target_group_manager_lambda",
            "module.eu_central_1.aws_lambda_function.target_group_manager_lambda",
            "module.eu_central_1.aws_lb_target_group.alb_to_central_app",
            "module.eu_central_1.aws_vpc.main",
            "module.eu_central_1.data.archive_file.lambda_source_archive"
          ]
        }
      ]
    },
    {
      "module": "module.eu_central_1",
      "mode": "managed",
      "type": "aws_lb_listener_rule",
      "name": "port_443",
      "provider": "provider[\"registry.terraform.io/hashicorp/aws\"].eu-central-1",
      "instances": [
        {
          "schema_version": 0,
          "attributes": {
            "action": [
              {
                "authenticate_cognito": [],
                "authenticate_oidc": [],
                "fixed_response": [],
                "forward": [],
                "order": 1,
                "redirect": [],
                "target_group_arn": "arn:aws:elasticloadbalancing:eu-central-1:285942939694:targetgroup/alb-to-central-app-tg/0c6236e17f055d0a",
                "type": "forward"
              }
            ],
            "arn": "arn:aws:elasticloadbalancing:eu-central-1:285942939694:listener-rule/app/customer-alb/876a4403a7b7e6e9/2c707fbe2ae90a4f/ea013d1a83b3c5ec",
            "condition": [
              {
                "host_header": [
                  {
                    "values": [
                      "eu.cloudpedia.xyz"
                    ]
                  }
                ],
                "http_header": [],
                "http_request_method": [],
                "path_pattern": [],
                "query_string": [],
                "source_ip": []
              }
            ],
            "id": "arn:aws:elasticloadbalancing:eu-central-1:285942939694:listener-rule/app/customer-alb/876a4403a7b7e6e9/2c707fbe2ae90a4f/ea013d1a83b3c5ec",
            "listener_arn": "arn:aws:elasticloadbalancing:eu-central-1:285942939694:listener/app/customer-alb/876a4403a7b7e6e9/2c707fbe2ae90a4f",
            "priority": 1,
            "tags": {
              "ManagedBy": "Terraform"
            },
            "tags_all": {
              "ManagedBy": "Terraform"
            }
          },
          "sensitive_attributes": [],
          "private": "bnVsbA==",
          "dependencies": [
            "module.eu_central_1.aws_acm_certificate.cert",
            "module.eu_central_1.aws_acm_certificate_validation.cert",
            "module.eu_central_1.aws_lb_target_group.alb_to_central_app",
            "module.eu_central_1.aws_route53_record.domain_validation_for_cert",
            "module.eu_central_1.aws_vpc.main",
            "module.eu_central_1.module.customer_alb.aws_lb.main",
            "module.eu_central_1.module.customer_alb.aws_lb_listener.main",
            "module.eu_central_1.module.customer_alb.aws_security_group.main",
            "module.eu_central_1.module.public_subnet.aws_subnet.main",
            "module.eu_central_1.module.public_subnet.data.aws_availability_zones.available"
          ]
        }
      ]
    },
    {
      "module": "module.eu_central_1",
      "mode": "managed",
      "type": "aws_lb_listener_rule",
      "name": "redirect_http_port_80",
      "provider": "provider[\"registry.terraform.io/hashicorp/aws\"].eu-central-1",
      "instances": [
        {
          "schema_version": 0,
          "attributes": {
            "action": [
              {
                "authenticate_cognito": [],
                "authenticate_oidc": [],
                "fixed_response": [],
                "forward": [],
                "order": 1,
                "redirect": [
                  {
                    "host": "#{host}",
                    "path": "/#{path}",
                    "port": "443",
                    "protocol": "HTTPS",
                    "query": "#{query}",
                    "status_code": "HTTP_301"
                  }
                ],
                "target_group_arn": "",
                "type": "redirect"
              }
            ],
            "arn": "arn:aws:elasticloadbalancing:eu-central-1:285942939694:listener-rule/app/customer-alb/876a4403a7b7e6e9/2c7a09f7e7c29d71/5d8ea9e1039b0ec8",
            "condition": [
              {
                "host_header": [
                  {
                    "values": [
                      "eu.cloudpedia.xyz"
                    ]
                  }
                ],
                "http_header": [],
                "http_request_method": [],
                "path_pattern": [],
                "query_string": [],
                "source_ip": []
              }
            ],
            "id": "arn:aws:elasticloadbalancing:eu-central-1:285942939694:listener-rule/app/customer-alb/876a4403a7b7e6e9/2c7a09f7e7c29d71/5d8ea9e1039b0ec8",
            "listener_arn": "arn:aws:elasticloadbalancing:eu-central-1:285942939694:listener/app/customer-alb/876a4403a7b7e6e9/2c7a09f7e7c29d71",
            "priority": 1,
            "tags": {
              "ManagedBy": "Terraform"
            },
            "tags_all": {
              "ManagedBy": "Terraform"
            }
          },
          "sensitive_attributes": [],
          "private": "bnVsbA==",
          "dependencies": [
            "module.eu_central_1.aws_acm_certificate.cert",
            "module.eu_central_1.aws_acm_certificate_validation.cert",
            "module.eu_central_1.aws_route53_record.domain_validation_for_cert",
            "module.eu_central_1.aws_vpc.main",
            "module.eu_central_1.module.customer_alb.aws_lb.main",
            "module.eu_central_1.module.customer_alb.aws_lb_listener.main",
            "module.eu_central_1.module.customer_alb.aws_security_group.main",
            "module.eu_central_1.module.public_subnet.aws_subnet.main",
            "module.eu_central_1.module.public_subnet.data.aws_availability_zones.available"
          ]
        }
      ]
    },
    {
      "module": "module.eu_central_1",
      "mode": "managed",
      "type": "aws_lb_target_group",
      "name": "alb_to_central_app",
      "provider": "provider[\"registry.terraform.io/hashicorp/aws\"].eu-central-1",
      "instances": [
        {
          "schema_version": 0,
          "attributes": {
            "arn": "arn:aws:elasticloadbalancing:eu-central-1:285942939694:targetgroup/alb-to-central-app-tg/0c6236e17f055d0a",
            "arn_suffix": "targetgroup/alb-to-central-app-tg/0c6236e17f055d0a",
            "connection_termination": null,
            "deregistration_delay": "300",
            "health_check": [
              {
                "enabled": true,
                "healthy_threshold": 2,
                "interval": 30,
                "matcher": "200",
                "path": "/",
                "port": "traffic-port",
                "protocol": "HTTP",
                "timeout": 10,
                "unhealthy_threshold": 2
              }
            ],
            "id": "arn:aws:elasticloadbalancing:eu-central-1:285942939694:targetgroup/alb-to-central-app-tg/0c6236e17f055d0a",
            "ip_address_type": "ipv4",
            "lambda_multi_value_headers_enabled": false,
            "load_balancer_arns": [
              "arn:aws:elasticloadbalancing:eu-central-1:285942939694:loadbalancer/app/customer-alb/876a4403a7b7e6e9"
            ],
            "load_balancing_algorithm_type": "round_robin",
            "load_balancing_anomaly_mitigation": "off",
            "load_balancing_cross_zone_enabled": "use_load_balancer_configuration",
            "name": "alb-to-central-app-tg",
            "name_prefix": "",
            "port": 80,
            "preserve_client_ip": null,
            "protocol": "HTTP",
            "protocol_version": "HTTP1",
            "proxy_protocol_v2": false,
            "slow_start": 0,
            "stickiness": [
              {
                "cookie_duration": 86400,
                "cookie_name": "",
                "enabled": false,
                "type": "lb_cookie"
              }
            ],
            "tags": {
              "ManagedBy": "Terraform"
            },
            "tags_all": {
              "ManagedBy": "Terraform"
            },
            "target_failover": [
              {
                "on_deregistration": null,
                "on_unhealthy": null
              }
            ],
            "target_health_state": [
              {
                "enable_unhealthy_connection_termination": null
              }
            ],
            "target_type": "ip",
            "vpc_id": "vpc-040e187afad799bb4"
          },
          "sensitive_attributes": [],
          "private": "bnVsbA==",
          "dependencies": [
            "module.eu_central_1.aws_vpc.main"
          ]
        }
      ]
    },
    {
      "module": "module.eu_central_1",
      "mode": "managed",
      "type": "aws_nat_gateway",
      "name": "main",
      "provider": "provider[\"registry.terraform.io/hashicorp/aws\"].eu-central-1",
      "instances": [
        {
          "schema_version": 0,
          "attributes": {
            "allocation_id": "eipalloc-0b1fd8273a2391683",
            "association_id": "eipassoc-0b8bb28ccbf739905",
            "connectivity_type": "public",
            "id": "nat-038fe6a5d48dd28a4",
            "network_interface_id": "eni-014171acc0c64835d",
            "private_ip": "192.168.5.185",
            "public_ip": "3.78.102.126",
            "secondary_allocation_ids": [],
            "secondary_private_ip_address_count": 0,
            "secondary_private_ip_addresses": [],
            "subnet_id": "subnet-09495c2050b8cf11c",
            "tags": {
              "Description": "Nat Gateway routes internal traffic to internet through public subnet in AZ a",
              "ManagedBy": "Terraform",
              "Name": "vpc-eu-central-1-nat-az-a"
            },
            "tags_all": {
              "Description": "Nat Gateway routes internal traffic to internet through public subnet in AZ a",
              "ManagedBy": "Terraform",
              "Name": "vpc-eu-central-1-nat-az-a"
            },
            "timeouts": null
          },
          "sensitive_attributes": [],
          "private": "eyJlMmJmYjczMC1lY2FhLTExZTYtOGY4OC0zNDM2M2JjN2M0YzAiOnsiY3JlYXRlIjo2MDAwMDAwMDAwMDAsImRlbGV0ZSI6MTgwMDAwMDAwMDAwMCwidXBkYXRlIjo2MDAwMDAwMDAwMDB9fQ==",
          "dependencies": [
            "module.eu_central_1.aws_eip.main",
            "module.eu_central_1.aws_internet_gateway.main",
            "module.eu_central_1.aws_vpc.main",
            "module.eu_central_1.module.public_subnet.aws_subnet.main",
            "module.eu_central_1.module.public_subnet.data.aws_availability_zones.available"
          ]
        }
      ]
    },
    {
      "module": "module.eu_central_1",
      "mode": "managed",
      "type": "aws_network_acl_rule",
      "name": "egress_private_subnet",
      "provider": "provider[\"registry.terraform.io/hashicorp/aws\"].eu-central-1",
      "instances": [
        {
          "index_key": "100",
          "schema_version": 0,
          "attributes": {
            "cidr_block": "0.0.0.0/0",
            "egress": true,
            "from_port": 0,
            "icmp_code": null,
            "icmp_type": null,
            "id": "nacl-222911696",
            "ipv6_cidr_block": "",
            "network_acl_id": "acl-0eea0ec141b3a50f1",
            "protocol": "-1",
            "rule_action": "allow",
            "rule_number": 100,
            "to_port": 0
          },
          "sensitive_attributes": [],
          "private": "bnVsbA==",
          "dependencies": [
            "module.eu_central_1.aws_vpc.main",
            "module.eu_central_1.module.private_subnet.aws_network_acl.main",
            "module.eu_central_1.module.private_subnet.aws_subnet.main",
            "module.eu_central_1.module.private_subnet.data.aws_availability_zones.available"
          ]
        }
      ]
    },
    {
      "module": "module.eu_central_1",
      "mode": "managed",
      "type": "aws_network_acl_rule",
      "name": "egress_public_subnet",
      "provider": "provider[\"registry.terraform.io/hashicorp/aws\"].eu-central-1",
      "instances": [
        {
          "index_key": "100",
          "schema_version": 0,
          "attributes": {
            "cidr_block": "0.0.0.0/0",
            "egress": true,
            "from_port": 0,
            "icmp_code": null,
            "icmp_type": null,
            "id": "nacl-3583741483",
            "ipv6_cidr_block": "",
            "network_acl_id": "acl-0efd6037e97574482",
            "protocol": "-1",
            "rule_action": "allow",
            "rule_number": 100,
            "to_port": 0
          },
          "sensitive_attributes": [],
          "private": "bnVsbA==",
          "dependencies": [
            "module.eu_central_1.aws_vpc.main",
            "module.eu_central_1.module.public_subnet.aws_network_acl.main",
            "module.eu_central_1.module.public_subnet.aws_subnet.main",
            "module.eu_central_1.module.public_subnet.data.aws_availability_zones.available"
          ]
        }
      ]
    },
    {
      "module": "module.eu_central_1",
      "mode": "managed",
      "type": "aws_network_acl_rule",
      "name": "ingress_private_subnet",
      "provider": "provider[\"registry.terraform.io/hashicorp/aws\"].eu-central-1",
      "instances": [
        {
          "index_key": "100",
          "schema_version": 0,
          "attributes": {
            "cidr_block": "192.168.0.0/20",
            "egress": false,
            "from_port": 0,
            "icmp_code": null,
            "icmp_type": null,
            "id": "nacl-2783911733",
            "ipv6_cidr_block": "",
            "network_acl_id": "acl-0eea0ec141b3a50f1",
            "protocol": "-1",
            "rule_action": "allow",
            "rule_number": 100,
            "to_port": 0
          },
          "sensitive_attributes": [],
          "private": "bnVsbA==",
          "dependencies": [
            "module.eu_central_1.aws_vpc.main",
            "module.eu_central_1.module.private_subnet.aws_network_acl.main",
            "module.eu_central_1.module.private_subnet.aws_subnet.main",
            "module.eu_central_1.module.private_subnet.data.aws_availability_zones.available"
          ]
        },
        {
          "index_key": "200",
          "schema_version": 0,
          "attributes": {
            "cidr_block": "0.0.0.0/0",
            "egress": false,
            "from_port": 1024,
            "icmp_code": null,
            "icmp_type": null,
            "id": "nacl-1398966051",
            "ipv6_cidr_block": "",
            "network_acl_id": "acl-0eea0ec141b3a50f1",
            "protocol": "6",
            "rule_action": "allow",
            "rule_number": 200,
            "to_port": 65535
          },
          "sensitive_attributes": [],
          "private": "bnVsbA==",
          "dependencies": [
            "module.eu_central_1.aws_vpc.main",
            "module.eu_central_1.module.private_subnet.aws_network_acl.main",
            "module.eu_central_1.module.private_subnet.aws_subnet.main",
            "module.eu_central_1.module.private_subnet.data.aws_availability_zones.available"
          ]
        }
      ]
    },
    {
      "module": "module.eu_central_1",
      "mode": "managed",
      "type": "aws_network_acl_rule",
      "name": "ingress_public_subnet",
      "provider": "provider[\"registry.terraform.io/hashicorp/aws\"].eu-central-1",
      "instances": [
        {
          "index_key": "100",
          "schema_version": 0,
          "attributes": {
            "cidr_block": "0.0.0.0/0",
            "egress": false,
            "from_port": 0,
            "icmp_code": null,
            "icmp_type": null,
            "id": "nacl-2404968051",
            "ipv6_cidr_block": "",
            "network_acl_id": "acl-0efd6037e97574482",
            "protocol": "-1",
            "rule_action": "allow",
            "rule_number": 100,
            "to_port": 0
          },
          "sensitive_attributes": [],
          "private": "bnVsbA==",
          "dependencies": [
            "module.eu_central_1.aws_vpc.main",
            "module.eu_central_1.module.public_subnet.aws_network_acl.main",
            "module.eu_central_1.module.public_subnet.aws_subnet.main",
            "module.eu_central_1.module.public_subnet.data.aws_availability_zones.available"
          ]
        }
      ]
    },
    {
      "module": "module.eu_central_1",
      "mode": "managed",
      "type": "aws_route",
      "name": "private_subnet_to_external_route",
      "provider": "provider[\"registry.terraform.io/hashicorp/aws\"].eu-central-1",
      "instances": [
        {
          "index_key": "a",
          "schema_version": 0,
          "attributes": {
            "carrier_gateway_id": "",
            "core_network_arn": "",
            "destination_cidr_block": "0.0.0.0/0",
            "destination_ipv6_cidr_block": "",
            "destination_prefix_list_id": "",
            "egress_only_gateway_id": "",
            "gateway_id": "",
            "id": "r-rtb-0f27e8b5ce4c58ce31080289494",
            "instance_id": "",
            "instance_owner_id": "",
            "local_gateway_id": "",
            "nat_gateway_id": "nat-038fe6a5d48dd28a4",
            "network_interface_id": "",
            "origin": "CreateRoute",
            "route_table_id": "rtb-0f27e8b5ce4c58ce3",
            "state": "active",
            "timeouts": null,
            "transit_gateway_id": "",
            "vpc_endpoint_id": "",
            "vpc_peering_connection_id": ""
          },
          "sensitive_attributes": [],
          "private": "eyJlMmJmYjczMC1lY2FhLTExZTYtOGY4OC0zNDM2M2JjN2M0YzAiOnsiY3JlYXRlIjozMDAwMDAwMDAwMDAsImRlbGV0ZSI6MzAwMDAwMDAwMDAwLCJ1cGRhdGUiOjEyMDAwMDAwMDAwMH19",
          "dependencies": [
            "module.eu_central_1.aws_eip.main",
            "module.eu_central_1.aws_internet_gateway.main",
            "module.eu_central_1.aws_nat_gateway.main",
            "module.eu_central_1.aws_vpc.main",
            "module.eu_central_1.module.private_subnet.aws_route_table.main",
            "module.eu_central_1.module.private_subnet.aws_subnet.main",
            "module.eu_central_1.module.private_subnet.data.aws_availability_zones.available",
            "module.eu_central_1.module.public_subnet.aws_subnet.main",
            "module.eu_central_1.module.public_subnet.data.aws_availability_zones.available"
          ]
        },
        {
          "index_key": "b",
          "schema_version": 0,
          "attributes": {
            "carrier_gateway_id": "",
            "core_network_arn": "",
            "destination_cidr_block": "0.0.0.0/0",
            "destination_ipv6_cidr_block": "",
            "destination_prefix_list_id": "",
            "egress_only_gateway_id": "",
            "gateway_id": "",
            "id": "r-rtb-09824a505d8376de61080289494",
            "instance_id": "",
            "instance_owner_id": "",
            "local_gateway_id": "",
            "nat_gateway_id": "nat-038fe6a5d48dd28a4",
            "network_interface_id": "",
            "origin": "CreateRoute",
            "route_table_id": "rtb-09824a505d8376de6",
            "state": "active",
            "timeouts": null,
            "transit_gateway_id": "",
            "vpc_endpoint_id": "",
            "vpc_peering_connection_id": ""
          },
          "sensitive_attributes": [],
          "private": "eyJlMmJmYjczMC1lY2FhLTExZTYtOGY4OC0zNDM2M2JjN2M0YzAiOnsiY3JlYXRlIjozMDAwMDAwMDAwMDAsImRlbGV0ZSI6MzAwMDAwMDAwMDAwLCJ1cGRhdGUiOjEyMDAwMDAwMDAwMH19",
          "dependencies": [
            "module.eu_central_1.aws_eip.main",
            "module.eu_central_1.aws_internet_gateway.main",
            "module.eu_central_1.aws_nat_gateway.main",
            "module.eu_central_1.aws_vpc.main",
            "module.eu_central_1.module.private_subnet.aws_route_table.main",
            "module.eu_central_1.module.private_subnet.aws_subnet.main",
            "module.eu_central_1.module.private_subnet.data.aws_availability_zones.available",
            "module.eu_central_1.module.public_subnet.aws_subnet.main",
            "module.eu_central_1.module.public_subnet.data.aws_availability_zones.available"
          ]
        }
      ]
    },
    {
      "module": "module.eu_central_1",
      "mode": "managed",
      "type": "aws_route",
      "name": "public_subnet_to_internet_route",
      "provider": "provider[\"registry.terraform.io/hashicorp/aws\"].eu-central-1",
      "instances": [
        {
          "index_key": "a",
          "schema_version": 0,
          "attributes": {
            "carrier_gateway_id": "",
            "core_network_arn": "",
            "destination_cidr_block": "0.0.0.0/0",
            "destination_ipv6_cidr_block": "",
            "destination_prefix_list_id": "",
            "egress_only_gateway_id": "",
            "gateway_id": "igw-0d61597f549d073ba",
            "id": "r-rtb-03d782ca76b55d8c71080289494",
            "instance_id": "",
            "instance_owner_id": "",
            "local_gateway_id": "",
            "nat_gateway_id": "",
            "network_interface_id": "",
            "origin": "CreateRoute",
            "route_table_id": "rtb-03d782ca76b55d8c7",
            "state": "active",
            "timeouts": null,
            "transit_gateway_id": "",
            "vpc_endpoint_id": "",
            "vpc_peering_connection_id": ""
          },
          "sensitive_attributes": [],
          "private": "eyJlMmJmYjczMC1lY2FhLTExZTYtOGY4OC0zNDM2M2JjN2M0YzAiOnsiY3JlYXRlIjozMDAwMDAwMDAwMDAsImRlbGV0ZSI6MzAwMDAwMDAwMDAwLCJ1cGRhdGUiOjEyMDAwMDAwMDAwMH19",
          "dependencies": [
            "module.eu_central_1.aws_internet_gateway.main",
            "module.eu_central_1.aws_vpc.main",
            "module.eu_central_1.module.public_subnet.aws_route_table.main",
            "module.eu_central_1.module.public_subnet.aws_subnet.main",
            "module.eu_central_1.module.public_subnet.data.aws_availability_zones.available"
          ]
        },
        {
          "index_key": "b",
          "schema_version": 0,
          "attributes": {
            "carrier_gateway_id": "",
            "core_network_arn": "",
            "destination_cidr_block": "0.0.0.0/0",
            "destination_ipv6_cidr_block": "",
            "destination_prefix_list_id": "",
            "egress_only_gateway_id": "",
            "gateway_id": "igw-0d61597f549d073ba",
            "id": "r-rtb-091c432b917a89d061080289494",
            "instance_id": "",
            "instance_owner_id": "",
            "local_gateway_id": "",
            "nat_gateway_id": "",
            "network_interface_id": "",
            "origin": "CreateRoute",
            "route_table_id": "rtb-091c432b917a89d06",
            "state": "active",
            "timeouts": null,
            "transit_gateway_id": "",
            "vpc_endpoint_id": "",
            "vpc_peering_connection_id": ""
          },
          "sensitive_attributes": [],
          "private": "eyJlMmJmYjczMC1lY2FhLTExZTYtOGY4OC0zNDM2M2JjN2M0YzAiOnsiY3JlYXRlIjozMDAwMDAwMDAwMDAsImRlbGV0ZSI6MzAwMDAwMDAwMDAwLCJ1cGRhdGUiOjEyMDAwMDAwMDAwMH19",
          "dependencies": [
            "module.eu_central_1.aws_internet_gateway.main",
            "module.eu_central_1.aws_vpc.main",
            "module.eu_central_1.module.public_subnet.aws_route_table.main",
            "module.eu_central_1.module.public_subnet.aws_subnet.main",
            "module.eu_central_1.module.public_subnet.data.aws_availability_zones.available"
          ]
        }
      ]
    },
    {
      "module": "module.eu_central_1",
      "mode": "managed",
      "type": "aws_route53_record",
      "name": "customer_alb",
      "provider": "provider[\"registry.terraform.io/hashicorp/aws\"].eu-central-1",
      "instances": [
        {
          "schema_version": 2,
          "attributes": {
            "alias": [
              {
                "evaluate_target_health": true,
                "name": "customer-alb-1064013781.eu-central-1.elb.amazonaws.com",
                "zone_id": "Z215JYRZR1TBD5"
              }
            ],
            "allow_overwrite": null,
            "cidr_routing_policy": [],
            "failover_routing_policy": [],
            "fqdn": "eu.cloudpedia.xyz",
            "geolocation_routing_policy": [],
            "geoproximity_routing_policy": [],
            "health_check_id": "",
            "id": "Z03282312GEO9VCQYU86I_eu.cloudpedia.xyz_A",
            "latency_routing_policy": [],
            "multivalue_answer_routing_policy": false,
            "name": "eu.cloudpedia.xyz",
            "records": [],
            "set_identifier": "",
            "ttl": 0,
            "type": "A",
            "weighted_routing_policy": [],
            "zone_id": "Z03282312GEO9VCQYU86I"
          },
          "sensitive_attributes": [],
          "private": "eyJzY2hlbWFfdmVyc2lvbiI6IjIifQ==",
          "dependencies": [
            "module.eu_central_1.aws_vpc.main",
            "module.eu_central_1.module.customer_alb.aws_lb.main",
            "module.eu_central_1.module.customer_alb.aws_security_group.main",
            "module.eu_central_1.module.public_subnet.aws_subnet.main",
            "module.eu_central_1.module.public_subnet.data.aws_availability_zones.available"
          ]
        }
      ]
    },
    {
      "module": "module.eu_central_1",
      "mode": "managed",
      "type": "aws_route53_record",
      "name": "domain_validation_for_cert",
      "provider": "provider[\"registry.terraform.io/hashicorp/aws\"].eu-central-1",
      "instances": [
        {
          "index_key": "eu.cloudpedia.xyz",
          "schema_version": 2,
          "attributes": {
            "alias": [],
            "allow_overwrite": true,
            "cidr_routing_policy": [],
            "failover_routing_policy": [],
            "fqdn": "_3e11d8ed902776a53f0c7509fb1b3d85.eu.cloudpedia.xyz",
            "geolocation_routing_policy": [],
            "geoproximity_routing_policy": [],
            "health_check_id": "",
            "id": "Z03282312GEO9VCQYU86I__3e11d8ed902776a53f0c7509fb1b3d85.eu.cloudpedia.xyz._CNAME",
            "latency_routing_policy": [],
            "multivalue_answer_routing_policy": false,
            "name": "_3e11d8ed902776a53f0c7509fb1b3d85.eu.cloudpedia.xyz",
            "records": [
              "_3fed159962099a15cf32d33b4c00e77b.mhbtsbpdnt.acm-validations.aws."
            ],
            "set_identifier": "",
            "ttl": 60,
            "type": "CNAME",
            "weighted_routing_policy": [],
            "zone_id": "Z03282312GEO9VCQYU86I"
          },
          "sensitive_attributes": [],
          "private": "eyJzY2hlbWFfdmVyc2lvbiI6IjIifQ==",
          "dependencies": [
            "module.eu_central_1.aws_acm_certificate.cert"
          ]
        },
        {
          "index_key": "partner-eu.cloudpedia.xyz",
          "schema_version": 2,
          "attributes": {
            "alias": [],
            "allow_overwrite": true,
            "cidr_routing_policy": [],
            "failover_routing_policy": [],
            "fqdn": "_df13c9335529ba84d380ecf11962bacc.partner-eu.cloudpedia.xyz",
            "geolocation_routing_policy": [],
            "geoproximity_routing_policy": [],
            "health_check_id": "",
            "id": "Z03282312GEO9VCQYU86I__df13c9335529ba84d380ecf11962bacc.partner-eu.cloudpedia.xyz._CNAME",
            "latency_routing_policy": [],
            "multivalue_answer_routing_policy": false,
            "name": "_df13c9335529ba84d380ecf11962bacc.partner-eu.cloudpedia.xyz",
            "records": [
              "_5ba4911246303ea03f0696766379431e.mhbtsbpdnt.acm-validations.aws."
            ],
            "set_identifier": "",
            "ttl": 60,
            "type": "CNAME",
            "weighted_routing_policy": [],
            "zone_id": "Z03282312GEO9VCQYU86I"
          },
          "sensitive_attributes": [],
          "private": "eyJzY2hlbWFfdmVyc2lvbiI6IjIifQ==",
          "dependencies": [
            "module.eu_central_1.aws_acm_certificate.cert"
          ]
        },
        {
          "index_key": "www.eu.cloudpedia.xyz",
          "schema_version": 2,
          "attributes": {
            "alias": [],
            "allow_overwrite": true,
            "cidr_routing_policy": [],
            "failover_routing_policy": [],
            "fqdn": "_9899271570082d1b90b9706de487076d.www.eu.cloudpedia.xyz",
            "geolocation_routing_policy": [],
            "geoproximity_routing_policy": [],
            "health_check_id": "",
            "id": "Z03282312GEO9VCQYU86I__9899271570082d1b90b9706de487076d.www.eu.cloudpedia.xyz._CNAME",
            "latency_routing_policy": [],
            "multivalue_answer_routing_policy": false,
            "name": "_9899271570082d1b90b9706de487076d.www.eu.cloudpedia.xyz",
            "records": [
              "_b23ae77307bedcd7ca331e1d5284959d.mhbtsbpdnt.acm-validations.aws."
            ],
            "set_identifier": "",
            "ttl": 60,
            "type": "CNAME",
            "weighted_routing_policy": [],
            "zone_id": "Z03282312GEO9VCQYU86I"
          },
          "sensitive_attributes": [],
          "private": "eyJzY2hlbWFfdmVyc2lvbiI6IjIifQ==",
          "dependencies": [
            "module.eu_central_1.aws_acm_certificate.cert"
          ]
        },
        {
          "index_key": "www.partner-eu.cloudpedia.xyz",
          "schema_version": 2,
          "attributes": {
            "alias": [],
            "allow_overwrite": true,
            "cidr_routing_policy": [],
            "failover_routing_policy": [],
            "fqdn": "_4eb4dcc171ccee9d3d57a79e4ace5c4c.www.partner-eu.cloudpedia.xyz",
            "geolocation_routing_policy": [],
            "geoproximity_routing_policy": [],
            "health_check_id": "",
            "id": "Z03282312GEO9VCQYU86I__4eb4dcc171ccee9d3d57a79e4ace5c4c.www.partner-eu.cloudpedia.xyz._CNAME",
            "latency_routing_policy": [],
            "multivalue_answer_routing_policy": false,
            "name": "_4eb4dcc171ccee9d3d57a79e4ace5c4c.www.partner-eu.cloudpedia.xyz",
            "records": [
              "_4042eca6a031830072e773697a1f0090.mhbtsbpdnt.acm-validations.aws."
            ],
            "set_identifier": "",
            "ttl": 60,
            "type": "CNAME",
            "weighted_routing_policy": [],
            "zone_id": "Z03282312GEO9VCQYU86I"
          },
          "sensitive_attributes": [],
          "private": "eyJzY2hlbWFfdmVyc2lvbiI6IjIifQ==",
          "dependencies": [
            "module.eu_central_1.aws_acm_certificate.cert"
          ]
        }
      ]
    },
    {
      "module": "module.eu_central_1",
      "mode": "managed",
      "type": "aws_vpc",
      "name": "main",
      "provider": "provider[\"registry.terraform.io/hashicorp/aws\"].eu-central-1",
      "instances": [
        {
          "schema_version": 1,
          "attributes": {
            "arn": "arn:aws:ec2:eu-central-1:285942939694:vpc/vpc-040e187afad799bb4",
            "assign_generated_ipv6_cidr_block": false,
            "cidr_block": "192.168.0.0/20",
            "default_network_acl_id": "acl-0398d11d83b8b06af",
            "default_route_table_id": "rtb-0abfb8007f9bc0d28",
            "default_security_group_id": "sg-07a0ec9dbd2ce8b8b",
            "dhcp_options_id": "dopt-02a727453e49dae9d",
            "enable_dns_hostnames": true,
            "enable_dns_support": true,
            "enable_network_address_usage_metrics": false,
            "id": "vpc-040e187afad799bb4",
            "instance_tenancy": "default",
            "ipv4_ipam_pool_id": null,
            "ipv4_netmask_length": null,
            "ipv6_association_id": "",
            "ipv6_cidr_block": "",
            "ipv6_cidr_block_network_border_group": "",
            "ipv6_ipam_pool_id": "",
            "ipv6_netmask_length": 0,
            "main_route_table_id": "rtb-0abfb8007f9bc0d28",
            "owner_id": "285942939694",
            "tags": {
              "ManagedBy": "Terraform",
              "Name": "vpc-eu-central-1"
            },
            "tags_all": {
              "ManagedBy": "Terraform",
              "Name": "vpc-eu-central-1"
            }
          },
          "sensitive_attributes": [],
          "private": "eyJzY2hlbWFfdmVyc2lvbiI6IjEifQ=="
        }
      ]
    },
    {
      "module": "module.eu_central_1.module.customer_alb",
      "mode": "managed",
      "type": "aws_lb",
      "name": "main",
      "provider": "provider[\"registry.terraform.io/hashicorp/aws\"].eu-central-1",
      "instances": [
        {
          "schema_version": 0,
          "attributes": {
            "access_logs": [
              {
                "bucket": "",
                "enabled": false,
                "prefix": ""
              }
            ],
            "arn": "arn:aws:elasticloadbalancing:eu-central-1:285942939694:loadbalancer/app/customer-alb/876a4403a7b7e6e9",
            "arn_suffix": "app/customer-alb/876a4403a7b7e6e9",
            "client_keep_alive": 3600,
            "connection_logs": [
              {
                "bucket": "",
                "enabled": false,
                "prefix": ""
              }
            ],
            "customer_owned_ipv4_pool": "",
            "desync_mitigation_mode": "defensive",
            "dns_name": "customer-alb-1064013781.eu-central-1.elb.amazonaws.com",
            "dns_record_client_routing_policy": null,
            "drop_invalid_header_fields": false,
            "enable_cross_zone_load_balancing": true,
            "enable_deletion_protection": false,
            "enable_http2": true,
            "enable_tls_version_and_cipher_suite_headers": false,
            "enable_waf_fail_open": false,
            "enable_xff_client_port": false,
            "enforce_security_group_inbound_rules_on_private_link_traffic": "",
            "id": "arn:aws:elasticloadbalancing:eu-central-1:285942939694:loadbalancer/app/customer-alb/876a4403a7b7e6e9",
            "idle_timeout": 60,
            "internal": false,
            "ip_address_type": "ipv4",
            "load_balancer_type": "application",
            "name": "customer-alb",
            "name_prefix": "",
            "preserve_host_header": false,
            "security_groups": [
              "sg-07c3c5d351b8c3a21"
            ],
            "subnet_mapping": [
              {
                "allocation_id": "",
                "ipv6_address": "",
                "outpost_id": "",
                "private_ipv4_address": "",
                "subnet_id": "subnet-09495c2050b8cf11c"
              },
              {
                "allocation_id": "",
                "ipv6_address": "",
                "outpost_id": "",
                "private_ipv4_address": "",
                "subnet_id": "subnet-0a0a8b80bbce9d074"
              }
            ],
            "subnets": [
              "subnet-09495c2050b8cf11c",
              "subnet-0a0a8b80bbce9d074"
            ],
            "tags": {
              "ManagedBy": "Terraform"
            },
            "tags_all": {
              "ManagedBy": "Terraform"
            },
            "timeouts": null,
            "vpc_id": "vpc-040e187afad799bb4",
            "xff_header_processing_mode": "append",
            "zone_id": "Z215JYRZR1TBD5"
          },
          "sensitive_attributes": [],
          "private": "eyJlMmJmYjczMC1lY2FhLTExZTYtOGY4OC0zNDM2M2JjN2M0YzAiOnsiY3JlYXRlIjo2MDAwMDAwMDAwMDAsImRlbGV0ZSI6NjAwMDAwMDAwMDAwLCJ1cGRhdGUiOjYwMDAwMDAwMDAwMH19",
          "dependencies": [
            "module.eu_central_1.aws_vpc.main",
            "module.eu_central_1.module.customer_alb.aws_security_group.main",
            "module.eu_central_1.module.public_subnet.aws_subnet.main",
            "module.eu_central_1.module.public_subnet.data.aws_availability_zones.available"
          ]
        }
      ]
    },
    {
      "module": "module.eu_central_1.module.customer_alb",
      "mode": "managed",
      "type": "aws_lb_listener",
      "name": "main",
      "provider": "provider[\"registry.terraform.io/hashicorp/aws\"].eu-central-1",
      "instances": [
        {
          "index_key": "http_port_443",
          "schema_version": 0,
          "attributes": {
            "alpn_policy": null,
            "arn": "arn:aws:elasticloadbalancing:eu-central-1:285942939694:listener/app/customer-alb/876a4403a7b7e6e9/2c707fbe2ae90a4f",
            "certificate_arn": "arn:aws:acm:eu-central-1:285942939694:certificate/ceb5bdcf-b79a-4872-ab15-10074015ead3",
            "default_action": [
              {
                "authenticate_cognito": [],
                "authenticate_oidc": [],
                "fixed_response": [
                  {
                    "content_type": "text/plain",
                    "message_body": "",
                    "status_code": "404"
                  }
                ],
                "forward": [],
                "order": 1,
                "redirect": [],
                "target_group_arn": "",
                "type": "fixed-response"
              }
            ],
            "id": "arn:aws:elasticloadbalancing:eu-central-1:285942939694:listener/app/customer-alb/876a4403a7b7e6e9/2c707fbe2ae90a4f",
            "load_balancer_arn": "arn:aws:elasticloadbalancing:eu-central-1:285942939694:loadbalancer/app/customer-alb/876a4403a7b7e6e9",
            "mutual_authentication": [
              {
                "ignore_client_certificate_expiry": false,
                "mode": "off",
                "trust_store_arn": ""
              }
            ],
            "port": 443,
            "protocol": "HTTPS",
            "ssl_policy": "ELBSecurityPolicy-TLS13-1-2-2021-06",
            "tags": {},
            "tags_all": {},
            "timeouts": null
          },
          "sensitive_attributes": [],
          "private": "eyJlMmJmYjczMC1lY2FhLTExZTYtOGY4OC0zNDM2M2JjN2M0YzAiOnsiY3JlYXRlIjozMDAwMDAwMDAwMDAsInVwZGF0ZSI6MzAwMDAwMDAwMDAwfX0=",
          "dependencies": [
            "module.eu_central_1.aws_acm_certificate.cert",
            "module.eu_central_1.aws_acm_certificate_validation.cert",
            "module.eu_central_1.aws_route53_record.domain_validation_for_cert",
            "module.eu_central_1.aws_vpc.main",
            "module.eu_central_1.module.customer_alb.aws_lb.main",
            "module.eu_central_1.module.customer_alb.aws_security_group.main",
            "module.eu_central_1.module.public_subnet.aws_subnet.main",
            "module.eu_central_1.module.public_subnet.data.aws_availability_zones.available"
          ]
        },
        {
          "index_key": "http_port_80",
          "schema_version": 0,
          "attributes": {
            "alpn_policy": null,
            "arn": "arn:aws:elasticloadbalancing:eu-central-1:285942939694:listener/app/customer-alb/876a4403a7b7e6e9/2c7a09f7e7c29d71",
            "certificate_arn": null,
            "default_action": [
              {
                "authenticate_cognito": [],
                "authenticate_oidc": [],
                "fixed_response": [
                  {
                    "content_type": "text/plain",
                    "message_body": "",
                    "status_code": "404"
                  }
                ],
                "forward": [],
                "order": 1,
                "redirect": [],
                "target_group_arn": "",
                "type": "fixed-response"
              }
            ],
            "id": "arn:aws:elasticloadbalancing:eu-central-1:285942939694:listener/app/customer-alb/876a4403a7b7e6e9/2c7a09f7e7c29d71",
            "load_balancer_arn": "arn:aws:elasticloadbalancing:eu-central-1:285942939694:loadbalancer/app/customer-alb/876a4403a7b7e6e9",
            "mutual_authentication": [],
            "port": 80,
            "protocol": "HTTP",
            "ssl_policy": "",
            "tags": {},
            "tags_all": {},
            "timeouts": null
          },
          "sensitive_attributes": [],
          "private": "eyJlMmJmYjczMC1lY2FhLTExZTYtOGY4OC0zNDM2M2JjN2M0YzAiOnsiY3JlYXRlIjozMDAwMDAwMDAwMDAsInVwZGF0ZSI6MzAwMDAwMDAwMDAwfX0=",
          "dependencies": [
            "module.eu_central_1.aws_acm_certificate.cert",
            "module.eu_central_1.aws_acm_certificate_validation.cert",
            "module.eu_central_1.aws_route53_record.domain_validation_for_cert",
            "module.eu_central_1.aws_vpc.main",
            "module.eu_central_1.module.customer_alb.aws_lb.main",
            "module.eu_central_1.module.customer_alb.aws_security_group.main",
            "module.eu_central_1.module.public_subnet.aws_subnet.main",
            "module.eu_central_1.module.public_subnet.data.aws_availability_zones.available"
          ]
        }
      ]
    },
    {
      "module": "module.eu_central_1.module.customer_alb",
      "mode": "managed",
      "type": "aws_security_group",
      "name": "main",
      "provider": "provider[\"registry.terraform.io/hashicorp/aws\"].eu-central-1",
      "instances": [
        {
          "schema_version": 1,
          "attributes": {
            "arn": "arn:aws:ec2:eu-central-1:285942939694:security-group/sg-07c3c5d351b8c3a21",
            "description": "Security group for customer-alb applicaion load-balancer",
            "egress": [
              {
                "cidr_blocks": [
                  "0.0.0.0/0"
                ],
                "description": "Allow all outgoing connection from the alb",
                "from_port": 0,
                "ipv6_cidr_blocks": [],
                "prefix_list_ids": [],
                "protocol": "-1",
                "security_groups": [],
                "self": false,
                "to_port": 0
              }
            ],
            "id": "sg-07c3c5d351b8c3a21",
            "ingress": [
              {
                "cidr_blocks": [
                  "0.0.0.0/0"
                ],
                "description": "Ingress rule for http_port_443",
                "from_port": 443,
                "ipv6_cidr_blocks": [],
                "prefix_list_ids": [],
                "protocol": "tcp",
                "security_groups": [],
                "self": false,
                "to_port": 443
              },
              {
                "cidr_blocks": [
                  "0.0.0.0/0"
                ],
                "description": "Ingress rule for http_port_80",
                "from_port": 80,
                "ipv6_cidr_blocks": [],
                "prefix_list_ids": [],
                "protocol": "tcp",
                "security_groups": [],
                "self": false,
                "to_port": 80
              }
            ],
            "name": "customer-alb-sg20240329181657408000000008",
            "name_prefix": "customer-alb-sg",
            "owner_id": "285942939694",
            "revoke_rules_on_delete": false,
            "tags": {
              "ManagedBy": "Terraform",
              "Name": "customer-alb-sg"
            },
            "tags_all": {
              "ManagedBy": "Terraform",
              "Name": "customer-alb-sg"
            },
            "timeouts": null,
            "vpc_id": "vpc-040e187afad799bb4"
          },
          "sensitive_attributes": [],
          "private": "eyJlMmJmYjczMC1lY2FhLTExZTYtOGY4OC0zNDM2M2JjN2M0YzAiOnsiY3JlYXRlIjo2MDAwMDAwMDAwMDAsImRlbGV0ZSI6OTAwMDAwMDAwMDAwfSwic2NoZW1hX3ZlcnNpb24iOiIxIn0=",
          "dependencies": [
            "module.eu_central_1.aws_vpc.main",
            "module.eu_central_1.module.public_subnet.aws_subnet.main",
            "module.eu_central_1.module.public_subnet.data.aws_availability_zones.available"
          ]
        }
      ]
    },
    {
      "module": "module.eu_central_1.module.customer_alb",
      "mode": "managed",
      "type": "aws_security_group_rule",
      "name": "allow_all_egress",
      "provider": "provider[\"registry.terraform.io/hashicorp/aws\"].eu-central-1",
      "instances": [
        {
          "index_key": 0,
          "schema_version": 2,
          "attributes": {
            "cidr_blocks": [
              "0.0.0.0/0"
            ],
            "description": "Allow all outgoing connection from the alb",
            "from_port": 0,
            "id": "sgrule-3463301780",
            "ipv6_cidr_blocks": null,
            "prefix_list_ids": null,
            "protocol": "-1",
            "security_group_id": "sg-07c3c5d351b8c3a21",
            "security_group_rule_id": "sgr-01297ee3f52f6e774",
            "self": false,
            "source_security_group_id": null,
            "timeouts": null,
            "to_port": 0,
            "type": "egress"
          },
          "sensitive_attributes": [],
          "private": "eyJlMmJmYjczMC1lY2FhLTExZTYtOGY4OC0zNDM2M2JjN2M0YzAiOnsiY3JlYXRlIjozMDAwMDAwMDAwMDB9LCJzY2hlbWFfdmVyc2lvbiI6IjIifQ==",
          "dependencies": [
            "module.eu_central_1.aws_vpc.main",
            "module.eu_central_1.module.customer_alb.aws_security_group.main",
            "module.eu_central_1.module.public_subnet.aws_subnet.main",
            "module.eu_central_1.module.public_subnet.data.aws_availability_zones.available"
          ]
        }
      ]
    },
    {
      "module": "module.eu_central_1.module.customer_alb",
      "mode": "managed",
      "type": "aws_security_group_rule",
      "name": "ingress_rules",
      "provider": "provider[\"registry.terraform.io/hashicorp/aws\"].eu-central-1",
      "instances": [
        {
          "index_key": "http_port_443",
          "schema_version": 2,
          "attributes": {
            "cidr_blocks": [
              "0.0.0.0/0"
            ],
            "description": "Ingress rule for http_port_443",
            "from_port": 443,
            "id": "sgrule-3645178745",
            "ipv6_cidr_blocks": null,
            "prefix_list_ids": null,
            "protocol": "tcp",
            "security_group_id": "sg-07c3c5d351b8c3a21",
            "security_group_rule_id": "sgr-037ba6f7c6c9fa152",
            "self": false,
            "source_security_group_id": null,
            "timeouts": null,
            "to_port": 443,
            "type": "ingress"
          },
          "sensitive_attributes": [],
          "private": "eyJlMmJmYjczMC1lY2FhLTExZTYtOGY4OC0zNDM2M2JjN2M0YzAiOnsiY3JlYXRlIjozMDAwMDAwMDAwMDB9LCJzY2hlbWFfdmVyc2lvbiI6IjIifQ==",
          "dependencies": [
            "module.eu_central_1.aws_acm_certificate.cert",
            "module.eu_central_1.aws_acm_certificate_validation.cert",
            "module.eu_central_1.aws_route53_record.domain_validation_for_cert",
            "module.eu_central_1.aws_vpc.main",
            "module.eu_central_1.module.customer_alb.aws_security_group.main",
            "module.eu_central_1.module.public_subnet.aws_subnet.main",
            "module.eu_central_1.module.public_subnet.data.aws_availability_zones.available"
          ]
        },
        {
          "index_key": "http_port_80",
          "schema_version": 2,
          "attributes": {
            "cidr_blocks": [
              "0.0.0.0/0"
            ],
            "description": "Ingress rule for http_port_80",
            "from_port": 80,
            "id": "sgrule-3660281035",
            "ipv6_cidr_blocks": null,
            "prefix_list_ids": null,
            "protocol": "tcp",
            "security_group_id": "sg-07c3c5d351b8c3a21",
            "security_group_rule_id": "sgr-01fc7463ec7f5b924",
            "self": false,
            "source_security_group_id": null,
            "timeouts": null,
            "to_port": 80,
            "type": "ingress"
          },
          "sensitive_attributes": [],
          "private": "eyJlMmJmYjczMC1lY2FhLTExZTYtOGY4OC0zNDM2M2JjN2M0YzAiOnsiY3JlYXRlIjozMDAwMDAwMDAwMDB9LCJzY2hlbWFfdmVyc2lvbiI6IjIifQ==",
          "dependencies": [
            "module.eu_central_1.aws_acm_certificate.cert",
            "module.eu_central_1.aws_acm_certificate_validation.cert",
            "module.eu_central_1.aws_route53_record.domain_validation_for_cert",
            "module.eu_central_1.aws_vpc.main",
            "module.eu_central_1.module.customer_alb.aws_security_group.main",
            "module.eu_central_1.module.public_subnet.aws_subnet.main",
            "module.eu_central_1.module.public_subnet.data.aws_availability_zones.available"
          ]
        }
      ]
    },
    {
      "module": "module.eu_central_1.module.private_subnet",
      "mode": "data",
      "type": "aws_availability_zones",
      "name": "available",
      "provider": "provider[\"registry.terraform.io/hashicorp/aws\"].eu-central-1",
      "instances": [
        {
          "schema_version": 0,
          "attributes": {
            "all_availability_zones": null,
            "exclude_names": null,
            "exclude_zone_ids": null,
            "filter": [
              {
                "name": "region-name",
                "values": [
                  "eu-central-1"
                ]
              }
            ],
            "group_names": [
              "eu-central-1"
            ],
            "id": "eu-central-1",
            "names": [
              "eu-central-1a",
              "eu-central-1b",
              "eu-central-1c"
            ],
            "state": "available",
            "timeouts": null,
            "zone_ids": [
              "euc1-az2",
              "euc1-az3",
              "euc1-az1"
            ]
          },
          "sensitive_attributes": []
        }
      ]
    },
    {
      "module": "module.eu_central_1.module.private_subnet",
      "mode": "managed",
      "type": "aws_network_acl",
      "name": "main",
      "provider": "provider[\"registry.terraform.io/hashicorp/aws\"].eu-central-1",
      "instances": [
        {
          "schema_version": 0,
          "attributes": {
            "arn": "arn:aws:ec2:eu-central-1:285942939694:network-acl/acl-0eea0ec141b3a50f1",
            "egress": [
              {
                "action": "allow",
                "cidr_block": "0.0.0.0/0",
                "from_port": 0,
                "icmp_code": 0,
                "icmp_type": 0,
                "ipv6_cidr_block": "",
                "protocol": "-1",
                "rule_no": 100,
                "to_port": 0
              }
            ],
            "id": "acl-0eea0ec141b3a50f1",
            "ingress": [
              {
                "action": "allow",
                "cidr_block": "0.0.0.0/0",
                "from_port": 1024,
                "icmp_code": 0,
                "icmp_type": 0,
                "ipv6_cidr_block": "",
                "protocol": "6",
                "rule_no": 200,
                "to_port": 65535
              },
              {
                "action": "allow",
                "cidr_block": "192.168.0.0/20",
                "from_port": 0,
                "icmp_code": 0,
                "icmp_type": 0,
                "ipv6_cidr_block": "",
                "protocol": "-1",
                "rule_no": 100,
                "to_port": 0
              }
            ],
            "owner_id": "285942939694",
            "subnet_ids": [
              "subnet-0dc4a49eab5842305",
              "subnet-0e5aa0c0eaac6c35e"
            ],
            "tags": {
              "Description": "ACL for private-subnet",
              "ManagedBy": "Terraform",
              "Name": "private-subnet-acl"
            },
            "tags_all": {
              "Description": "ACL for private-subnet",
              "ManagedBy": "Terraform",
              "Name": "private-subnet-acl"
            },
            "vpc_id": "vpc-040e187afad799bb4"
          },
          "sensitive_attributes": [],
          "private": "bnVsbA==",
          "dependencies": [
            "module.eu_central_1.aws_vpc.main",
            "module.eu_central_1.module.private_subnet.aws_subnet.main",
            "module.eu_central_1.module.private_subnet.data.aws_availability_zones.available"
          ]
        }
      ]
    },
    {
      "module": "module.eu_central_1.module.private_subnet",
      "mode": "managed",
      "type": "aws_route_table",
      "name": "main",
      "provider": "provider[\"registry.terraform.io/hashicorp/aws\"].eu-central-1",
      "instances": [
        {
          "index_key": "a",
          "schema_version": 0,
          "attributes": {
            "arn": "arn:aws:ec2:eu-central-1:285942939694:route-table/rtb-0f27e8b5ce4c58ce3",
            "id": "rtb-0f27e8b5ce4c58ce3",
            "owner_id": "285942939694",
            "propagating_vgws": [],
            "route": [
              {
                "carrier_gateway_id": "",
                "cidr_block": "0.0.0.0/0",
                "core_network_arn": "",
                "destination_prefix_list_id": "",
                "egress_only_gateway_id": "",
                "gateway_id": "",
                "ipv6_cidr_block": "",
                "local_gateway_id": "",
                "nat_gateway_id": "nat-038fe6a5d48dd28a4",
                "network_interface_id": "",
                "transit_gateway_id": "",
                "vpc_endpoint_id": "",
                "vpc_peering_connection_id": ""
              }
            ],
            "tags": {
              "Description": "Route table for private-subnet-a subnet",
              "ManagedBy": "Terraform",
              "Name": "private-subnet-a-route-table"
            },
            "tags_all": {
              "Description": "Route table for private-subnet-a subnet",
              "ManagedBy": "Terraform",
              "Name": "private-subnet-a-route-table"
            },
            "timeouts": null,
            "vpc_id": "vpc-040e187afad799bb4"
          },
          "sensitive_attributes": [],
          "private": "eyJlMmJmYjczMC1lY2FhLTExZTYtOGY4OC0zNDM2M2JjN2M0YzAiOnsiY3JlYXRlIjozMDAwMDAwMDAwMDAsImRlbGV0ZSI6MzAwMDAwMDAwMDAwLCJ1cGRhdGUiOjEyMDAwMDAwMDAwMH19",
          "dependencies": [
            "module.eu_central_1.aws_vpc.main",
            "module.eu_central_1.module.private_subnet.aws_subnet.main",
            "module.eu_central_1.module.private_subnet.data.aws_availability_zones.available"
          ]
        },
        {
          "index_key": "b",
          "schema_version": 0,
          "attributes": {
            "arn": "arn:aws:ec2:eu-central-1:285942939694:route-table/rtb-09824a505d8376de6",
            "id": "rtb-09824a505d8376de6",
            "owner_id": "285942939694",
            "propagating_vgws": [],
            "route": [
              {
                "carrier_gateway_id": "",
                "cidr_block": "0.0.0.0/0",
                "core_network_arn": "",
                "destination_prefix_list_id": "",
                "egress_only_gateway_id": "",
                "gateway_id": "",
                "ipv6_cidr_block": "",
                "local_gateway_id": "",
                "nat_gateway_id": "nat-038fe6a5d48dd28a4",
                "network_interface_id": "",
                "transit_gateway_id": "",
                "vpc_endpoint_id": "",
                "vpc_peering_connection_id": ""
              }
            ],
            "tags": {
              "Description": "Route table for private-subnet-b subnet",
              "ManagedBy": "Terraform",
              "Name": "private-subnet-b-route-table"
            },
            "tags_all": {
              "Description": "Route table for private-subnet-b subnet",
              "ManagedBy": "Terraform",
              "Name": "private-subnet-b-route-table"
            },
            "timeouts": null,
            "vpc_id": "vpc-040e187afad799bb4"
          },
          "sensitive_attributes": [],
          "private": "eyJlMmJmYjczMC1lY2FhLTExZTYtOGY4OC0zNDM2M2JjN2M0YzAiOnsiY3JlYXRlIjozMDAwMDAwMDAwMDAsImRlbGV0ZSI6MzAwMDAwMDAwMDAwLCJ1cGRhdGUiOjEyMDAwMDAwMDAwMH19",
          "dependencies": [
            "module.eu_central_1.aws_vpc.main",
            "module.eu_central_1.module.private_subnet.aws_subnet.main",
            "module.eu_central_1.module.private_subnet.data.aws_availability_zones.available"
          ]
        }
      ]
    },
    {
      "module": "module.eu_central_1.module.private_subnet",
      "mode": "managed",
      "type": "aws_route_table_association",
      "name": "main",
      "provider": "provider[\"registry.terraform.io/hashicorp/aws\"].eu-central-1",
      "instances": [
        {
          "index_key": "a",
          "schema_version": 0,
          "attributes": {
            "gateway_id": "",
            "id": "rtbassoc-03199ef939b28a87c",
            "route_table_id": "rtb-0f27e8b5ce4c58ce3",
            "subnet_id": "subnet-0e5aa0c0eaac6c35e",
            "timeouts": null
          },
          "sensitive_attributes": [],
          "private": "eyJlMmJmYjczMC1lY2FhLTExZTYtOGY4OC0zNDM2M2JjN2M0YzAiOnsiY3JlYXRlIjozMDAwMDAwMDAwMDAsImRlbGV0ZSI6MzAwMDAwMDAwMDAwLCJ1cGRhdGUiOjEyMDAwMDAwMDAwMH19",
          "dependencies": [
            "module.eu_central_1.aws_vpc.main",
            "module.eu_central_1.module.private_subnet.aws_route_table.main",
            "module.eu_central_1.module.private_subnet.aws_subnet.main",
            "module.eu_central_1.module.private_subnet.data.aws_availability_zones.available"
          ]
        },
        {
          "index_key": "b",
          "schema_version": 0,
          "attributes": {
            "gateway_id": "",
            "id": "rtbassoc-0c627429e21c186f2",
            "route_table_id": "rtb-09824a505d8376de6",
            "subnet_id": "subnet-0dc4a49eab5842305",
            "timeouts": null
          },
          "sensitive_attributes": [],
          "private": "eyJlMmJmYjczMC1lY2FhLTExZTYtOGY4OC0zNDM2M2JjN2M0YzAiOnsiY3JlYXRlIjozMDAwMDAwMDAwMDAsImRlbGV0ZSI6MzAwMDAwMDAwMDAwLCJ1cGRhdGUiOjEyMDAwMDAwMDAwMH19",
          "dependencies": [
            "module.eu_central_1.aws_vpc.main",
            "module.eu_central_1.module.private_subnet.aws_route_table.main",
            "module.eu_central_1.module.private_subnet.aws_subnet.main",
            "module.eu_central_1.module.private_subnet.data.aws_availability_zones.available"
          ]
        }
      ]
    },
    {
      "module": "module.eu_central_1.module.private_subnet",
      "mode": "managed",
      "type": "aws_subnet",
      "name": "main",
      "provider": "provider[\"registry.terraform.io/hashicorp/aws\"].eu-central-1",
      "instances": [
        {
          "index_key": "a",
          "schema_version": 1,
          "attributes": {
            "arn": "arn:aws:ec2:eu-central-1:285942939694:subnet/subnet-0e5aa0c0eaac6c35e",
            "assign_ipv6_address_on_creation": false,
            "availability_zone": "eu-central-1a",
            "availability_zone_id": "euc1-az2",
            "cidr_block": "192.168.0.0/23",
            "customer_owned_ipv4_pool": "",
            "enable_dns64": false,
            "enable_lni_at_device_index": 0,
            "enable_resource_name_dns_a_record_on_launch": false,
            "enable_resource_name_dns_aaaa_record_on_launch": false,
            "id": "subnet-0e5aa0c0eaac6c35e",
            "ipv6_cidr_block": "",
            "ipv6_cidr_block_association_id": "",
            "ipv6_native": false,
            "map_customer_owned_ip_on_launch": false,
            "map_public_ip_on_launch": false,
            "outpost_arn": "",
            "owner_id": "285942939694",
            "private_dns_hostname_type_on_launch": "ip-name",
            "tags": {
              "ManagedBy": "Terraform",
              "Name": "private-subnet-eu-central-1a"
            },
            "tags_all": {
              "ManagedBy": "Terraform",
              "Name": "private-subnet-eu-central-1a"
            },
            "timeouts": null,
            "vpc_id": "vpc-040e187afad799bb4"
          },
          "sensitive_attributes": [],
          "private": "eyJlMmJmYjczMC1lY2FhLTExZTYtOGY4OC0zNDM2M2JjN2M0YzAiOnsiY3JlYXRlIjo2MDAwMDAwMDAwMDAsImRlbGV0ZSI6MTIwMDAwMDAwMDAwMH0sInNjaGVtYV92ZXJzaW9uIjoiMSJ9",
          "dependencies": [
            "module.eu_central_1.aws_vpc.main",
            "module.eu_central_1.module.private_subnet.data.aws_availability_zones.available"
          ]
        },
        {
          "index_key": "b",
          "schema_version": 1,
          "attributes": {
            "arn": "arn:aws:ec2:eu-central-1:285942939694:subnet/subnet-0dc4a49eab5842305",
            "assign_ipv6_address_on_creation": false,
            "availability_zone": "eu-central-1b",
            "availability_zone_id": "euc1-az3",
            "cidr_block": "192.168.2.0/23",
            "customer_owned_ipv4_pool": "",
            "enable_dns64": false,
            "enable_lni_at_device_index": 0,
            "enable_resource_name_dns_a_record_on_launch": false,
            "enable_resource_name_dns_aaaa_record_on_launch": false,
            "id": "subnet-0dc4a49eab5842305",
            "ipv6_cidr_block": "",
            "ipv6_cidr_block_association_id": "",
            "ipv6_native": false,
            "map_customer_owned_ip_on_launch": false,
            "map_public_ip_on_launch": false,
            "outpost_arn": "",
            "owner_id": "285942939694",
            "private_dns_hostname_type_on_launch": "ip-name",
            "tags": {
              "ManagedBy": "Terraform",
              "Name": "private-subnet-eu-central-1b"
            },
            "tags_all": {
              "ManagedBy": "Terraform",
              "Name": "private-subnet-eu-central-1b"
            },
            "timeouts": null,
            "vpc_id": "vpc-040e187afad799bb4"
          },
          "sensitive_attributes": [],
          "private": "eyJlMmJmYjczMC1lY2FhLTExZTYtOGY4OC0zNDM2M2JjN2M0YzAiOnsiY3JlYXRlIjo2MDAwMDAwMDAwMDAsImRlbGV0ZSI6MTIwMDAwMDAwMDAwMH0sInNjaGVtYV92ZXJzaW9uIjoiMSJ9",
          "dependencies": [
            "module.eu_central_1.aws_vpc.main",
            "module.eu_central_1.module.private_subnet.data.aws_availability_zones.available"
          ]
        }
      ]
    },
    {
      "module": "module.eu_central_1.module.public_subnet",
      "mode": "data",
      "type": "aws_availability_zones",
      "name": "available",
      "provider": "provider[\"registry.terraform.io/hashicorp/aws\"].eu-central-1",
      "instances": [
        {
          "schema_version": 0,
          "attributes": {
            "all_availability_zones": null,
            "exclude_names": null,
            "exclude_zone_ids": null,
            "filter": [
              {
                "name": "region-name",
                "values": [
                  "eu-central-1"
                ]
              }
            ],
            "group_names": [
              "eu-central-1"
            ],
            "id": "eu-central-1",
            "names": [
              "eu-central-1a",
              "eu-central-1b",
              "eu-central-1c"
            ],
            "state": "available",
            "timeouts": null,
            "zone_ids": [
              "euc1-az2",
              "euc1-az3",
              "euc1-az1"
            ]
          },
          "sensitive_attributes": []
        }
      ]
    },
    {
      "module": "module.eu_central_1.module.public_subnet",
      "mode": "managed",
      "type": "aws_network_acl",
      "name": "main",
      "provider": "provider[\"registry.terraform.io/hashicorp/aws\"].eu-central-1",
      "instances": [
        {
          "schema_version": 0,
          "attributes": {
            "arn": "arn:aws:ec2:eu-central-1:285942939694:network-acl/acl-0efd6037e97574482",
            "egress": [
              {
                "action": "allow",
                "cidr_block": "0.0.0.0/0",
                "from_port": 0,
                "icmp_code": 0,
                "icmp_type": 0,
                "ipv6_cidr_block": "",
                "protocol": "-1",
                "rule_no": 100,
                "to_port": 0
              }
            ],
            "id": "acl-0efd6037e97574482",
            "ingress": [
              {
                "action": "allow",
                "cidr_block": "0.0.0.0/0",
                "from_port": 0,
                "icmp_code": 0,
                "icmp_type": 0,
                "ipv6_cidr_block": "",
                "protocol": "-1",
                "rule_no": 100,
                "to_port": 0
              }
            ],
            "owner_id": "285942939694",
            "subnet_ids": [
              "subnet-09495c2050b8cf11c",
              "subnet-0a0a8b80bbce9d074"
            ],
            "tags": {
              "Description": "ACL for public-subnet",
              "ManagedBy": "Terraform",
              "Name": "public-subnet-acl"
            },
            "tags_all": {
              "Description": "ACL for public-subnet",
              "ManagedBy": "Terraform",
              "Name": "public-subnet-acl"
            },
            "vpc_id": "vpc-040e187afad799bb4"
          },
          "sensitive_attributes": [],
          "private": "bnVsbA==",
          "dependencies": [
            "module.eu_central_1.aws_vpc.main",
            "module.eu_central_1.module.public_subnet.aws_subnet.main",
            "module.eu_central_1.module.public_subnet.data.aws_availability_zones.available"
          ]
        }
      ]
    },
    {
      "module": "module.eu_central_1.module.public_subnet",
      "mode": "managed",
      "type": "aws_route_table",
      "name": "main",
      "provider": "provider[\"registry.terraform.io/hashicorp/aws\"].eu-central-1",
      "instances": [
        {
          "index_key": "a",
          "schema_version": 0,
          "attributes": {
            "arn": "arn:aws:ec2:eu-central-1:285942939694:route-table/rtb-03d782ca76b55d8c7",
            "id": "rtb-03d782ca76b55d8c7",
            "owner_id": "285942939694",
            "propagating_vgws": [],
            "route": [
              {
                "carrier_gateway_id": "",
                "cidr_block": "0.0.0.0/0",
                "core_network_arn": "",
                "destination_prefix_list_id": "",
                "egress_only_gateway_id": "",
                "gateway_id": "igw-0d61597f549d073ba",
                "ipv6_cidr_block": "",
                "local_gateway_id": "",
                "nat_gateway_id": "",
                "network_interface_id": "",
                "transit_gateway_id": "",
                "vpc_endpoint_id": "",
                "vpc_peering_connection_id": ""
              },
              {
                "carrier_gateway_id": "",
                "cidr_block": "172.17.0.0/20",
                "core_network_arn": "",
                "destination_prefix_list_id": "",
                "egress_only_gateway_id": "",
                "gateway_id": "",
                "ipv6_cidr_block": "",
                "local_gateway_id": "",
                "nat_gateway_id": "",
                "network_interface_id": "",
                "transit_gateway_id": "",
                "vpc_endpoint_id": "",
                "vpc_peering_connection_id": "pcx-0be212032bc7ddf8d"
              }
            ],
            "tags": {
              "Description": "Route table for public-subnet-a subnet",
              "ManagedBy": "Terraform",
              "Name": "public-subnet-a-route-table"
            },
            "tags_all": {
              "Description": "Route table for public-subnet-a subnet",
              "ManagedBy": "Terraform",
              "Name": "public-subnet-a-route-table"
            },
            "timeouts": null,
            "vpc_id": "vpc-040e187afad799bb4"
          },
          "sensitive_attributes": [],
          "private": "eyJlMmJmYjczMC1lY2FhLTExZTYtOGY4OC0zNDM2M2JjN2M0YzAiOnsiY3JlYXRlIjozMDAwMDAwMDAwMDAsImRlbGV0ZSI6MzAwMDAwMDAwMDAwLCJ1cGRhdGUiOjEyMDAwMDAwMDAwMH19",
          "dependencies": [
            "module.eu_central_1.aws_vpc.main",
            "module.eu_central_1.module.public_subnet.aws_subnet.main",
            "module.eu_central_1.module.public_subnet.data.aws_availability_zones.available"
          ]
        },
        {
          "index_key": "b",
          "schema_version": 0,
          "attributes": {
            "arn": "arn:aws:ec2:eu-central-1:285942939694:route-table/rtb-091c432b917a89d06",
            "id": "rtb-091c432b917a89d06",
            "owner_id": "285942939694",
            "propagating_vgws": [],
            "route": [
              {
                "carrier_gateway_id": "",
                "cidr_block": "0.0.0.0/0",
                "core_network_arn": "",
                "destination_prefix_list_id": "",
                "egress_only_gateway_id": "",
                "gateway_id": "igw-0d61597f549d073ba",
                "ipv6_cidr_block": "",
                "local_gateway_id": "",
                "nat_gateway_id": "",
                "network_interface_id": "",
                "transit_gateway_id": "",
                "vpc_endpoint_id": "",
                "vpc_peering_connection_id": ""
              },
              {
                "carrier_gateway_id": "",
                "cidr_block": "172.17.0.0/20",
                "core_network_arn": "",
                "destination_prefix_list_id": "",
                "egress_only_gateway_id": "",
                "gateway_id": "",
                "ipv6_cidr_block": "",
                "local_gateway_id": "",
                "nat_gateway_id": "",
                "network_interface_id": "",
                "transit_gateway_id": "",
                "vpc_endpoint_id": "",
                "vpc_peering_connection_id": "pcx-0be212032bc7ddf8d"
              }
            ],
            "tags": {
              "Description": "Route table for public-subnet-b subnet",
              "ManagedBy": "Terraform",
              "Name": "public-subnet-b-route-table"
            },
            "tags_all": {
              "Description": "Route table for public-subnet-b subnet",
              "ManagedBy": "Terraform",
              "Name": "public-subnet-b-route-table"
            },
            "timeouts": null,
            "vpc_id": "vpc-040e187afad799bb4"
          },
          "sensitive_attributes": [],
          "private": "eyJlMmJmYjczMC1lY2FhLTExZTYtOGY4OC0zNDM2M2JjN2M0YzAiOnsiY3JlYXRlIjozMDAwMDAwMDAwMDAsImRlbGV0ZSI6MzAwMDAwMDAwMDAwLCJ1cGRhdGUiOjEyMDAwMDAwMDAwMH19",
          "dependencies": [
            "module.eu_central_1.aws_vpc.main",
            "module.eu_central_1.module.public_subnet.aws_subnet.main",
            "module.eu_central_1.module.public_subnet.data.aws_availability_zones.available"
          ]
        }
      ]
    },
    {
      "module": "module.eu_central_1.module.public_subnet",
      "mode": "managed",
      "type": "aws_route_table_association",
      "name": "main",
      "provider": "provider[\"registry.terraform.io/hashicorp/aws\"].eu-central-1",
      "instances": [
        {
          "index_key": "a",
          "schema_version": 0,
          "attributes": {
            "gateway_id": "",
            "id": "rtbassoc-01e4fe0975479ae3f",
            "route_table_id": "rtb-03d782ca76b55d8c7",
            "subnet_id": "subnet-09495c2050b8cf11c",
            "timeouts": null
          },
          "sensitive_attributes": [],
          "private": "eyJlMmJmYjczMC1lY2FhLTExZTYtOGY4OC0zNDM2M2JjN2M0YzAiOnsiY3JlYXRlIjozMDAwMDAwMDAwMDAsImRlbGV0ZSI6MzAwMDAwMDAwMDAwLCJ1cGRhdGUiOjEyMDAwMDAwMDAwMH19",
          "dependencies": [
            "module.eu_central_1.aws_vpc.main",
            "module.eu_central_1.module.public_subnet.aws_route_table.main",
            "module.eu_central_1.module.public_subnet.aws_subnet.main",
            "module.eu_central_1.module.public_subnet.data.aws_availability_zones.available"
          ]
        },
        {
          "index_key": "b",
          "schema_version": 0,
          "attributes": {
            "gateway_id": "",
            "id": "rtbassoc-0f13f738c161bd714",
            "route_table_id": "rtb-091c432b917a89d06",
            "subnet_id": "subnet-0a0a8b80bbce9d074",
            "timeouts": null
          },
          "sensitive_attributes": [],
          "private": "eyJlMmJmYjczMC1lY2FhLTExZTYtOGY4OC0zNDM2M2JjN2M0YzAiOnsiY3JlYXRlIjozMDAwMDAwMDAwMDAsImRlbGV0ZSI6MzAwMDAwMDAwMDAwLCJ1cGRhdGUiOjEyMDAwMDAwMDAwMH19",
          "dependencies": [
            "module.eu_central_1.aws_vpc.main",
            "module.eu_central_1.module.public_subnet.aws_route_table.main",
            "module.eu_central_1.module.public_subnet.aws_subnet.main",
            "module.eu_central_1.module.public_subnet.data.aws_availability_zones.available"
          ]
        }
      ]
    },
    {
      "module": "module.eu_central_1.module.public_subnet",
      "mode": "managed",
      "type": "aws_subnet",
      "name": "main",
      "provider": "provider[\"registry.terraform.io/hashicorp/aws\"].eu-central-1",
      "instances": [
        {
          "index_key": "a",
          "schema_version": 1,
          "attributes": {
            "arn": "arn:aws:ec2:eu-central-1:285942939694:subnet/subnet-09495c2050b8cf11c",
            "assign_ipv6_address_on_creation": false,
            "availability_zone": "eu-central-1a",
            "availability_zone_id": "euc1-az2",
            "cidr_block": "192.168.4.0/23",
            "customer_owned_ipv4_pool": "",
            "enable_dns64": false,
            "enable_lni_at_device_index": 0,
            "enable_resource_name_dns_a_record_on_launch": false,
            "enable_resource_name_dns_aaaa_record_on_launch": false,
            "id": "subnet-09495c2050b8cf11c",
            "ipv6_cidr_block": "",
            "ipv6_cidr_block_association_id": "",
            "ipv6_native": false,
            "map_customer_owned_ip_on_launch": false,
            "map_public_ip_on_launch": false,
            "outpost_arn": "",
            "owner_id": "285942939694",
            "private_dns_hostname_type_on_launch": "ip-name",
            "tags": {
              "ManagedBy": "Terraform",
              "Name": "public-subnet-eu-central-1a"
            },
            "tags_all": {
              "ManagedBy": "Terraform",
              "Name": "public-subnet-eu-central-1a"
            },
            "timeouts": null,
            "vpc_id": "vpc-040e187afad799bb4"
          },
          "sensitive_attributes": [],
          "private": "eyJlMmJmYjczMC1lY2FhLTExZTYtOGY4OC0zNDM2M2JjN2M0YzAiOnsiY3JlYXRlIjo2MDAwMDAwMDAwMDAsImRlbGV0ZSI6MTIwMDAwMDAwMDAwMH0sInNjaGVtYV92ZXJzaW9uIjoiMSJ9",
          "dependencies": [
            "module.eu_central_1.aws_vpc.main",
            "module.eu_central_1.module.public_subnet.data.aws_availability_zones.available"
          ]
        },
        {
          "index_key": "b",
          "schema_version": 1,
          "attributes": {
            "arn": "arn:aws:ec2:eu-central-1:285942939694:subnet/subnet-0a0a8b80bbce9d074",
            "assign_ipv6_address_on_creation": false,
            "availability_zone": "eu-central-1b",
            "availability_zone_id": "euc1-az3",
            "cidr_block": "192.168.6.0/23",
            "customer_owned_ipv4_pool": "",
            "enable_dns64": false,
            "enable_lni_at_device_index": 0,
            "enable_resource_name_dns_a_record_on_launch": false,
            "enable_resource_name_dns_aaaa_record_on_launch": false,
            "id": "subnet-0a0a8b80bbce9d074",
            "ipv6_cidr_block": "",
            "ipv6_cidr_block_association_id": "",
            "ipv6_native": false,
            "map_customer_owned_ip_on_launch": false,
            "map_public_ip_on_launch": false,
            "outpost_arn": "",
            "owner_id": "285942939694",
            "private_dns_hostname_type_on_launch": "ip-name",
            "tags": {
              "ManagedBy": "Terraform",
              "Name": "public-subnet-eu-central-1b"
            },
            "tags_all": {
              "ManagedBy": "Terraform",
              "Name": "public-subnet-eu-central-1b"
            },
            "timeouts": null,
            "vpc_id": "vpc-040e187afad799bb4"
          },
          "sensitive_attributes": [],
          "private": "eyJlMmJmYjczMC1lY2FhLTExZTYtOGY4OC0zNDM2M2JjN2M0YzAiOnsiY3JlYXRlIjo2MDAwMDAwMDAwMDAsImRlbGV0ZSI6MTIwMDAwMDAwMDAwMH0sInNjaGVtYV92ZXJzaW9uIjoiMSJ9",
          "dependencies": [
            "module.eu_central_1.aws_vpc.main",
            "module.eu_central_1.module.public_subnet.data.aws_availability_zones.available"
          ]
        }
      ]
    },
    {
      "module": "module.global_downstream",
      "mode": "managed",
      "type": "aws_route",
      "name": "ca_west_1_to_eu_central_1",
      "provider": "provider[\"registry.terraform.io/hashicorp/aws\"].ca-west-1",
      "instances": [
        {
          "index_key": "a",
          "schema_version": 0,
          "attributes": {
            "carrier_gateway_id": "",
            "core_network_arn": "",
            "destination_cidr_block": "192.168.0.0/20",
            "destination_ipv6_cidr_block": "",
            "destination_prefix_list_id": "",
            "egress_only_gateway_id": "",
            "gateway_id": "",
            "id": "r-rtb-06aa09fa292b62128719218358",
            "instance_id": "",
            "instance_owner_id": "",
            "local_gateway_id": "",
            "nat_gateway_id": "",
            "network_interface_id": "",
            "origin": "CreateRoute",
            "route_table_id": "rtb-06aa09fa292b62128",
            "state": "active",
            "timeouts": null,
            "transit_gateway_id": "",
            "vpc_endpoint_id": "",
            "vpc_peering_connection_id": "pcx-0be212032bc7ddf8d"
          },
          "sensitive_attributes": [],
          "private": "eyJlMmJmYjczMC1lY2FhLTExZTYtOGY4OC0zNDM2M2JjN2M0YzAiOnsiY3JlYXRlIjozMDAwMDAwMDAwMDAsImRlbGV0ZSI6MzAwMDAwMDAwMDAwLCJ1cGRhdGUiOjEyMDAwMDAwMDAwMH19",
          "dependencies": [
            "module.ca_west_1.aws_vpc.main",
            "module.ca_west_1.module.public_subnet.aws_network_acl.main",
            "module.ca_west_1.module.public_subnet.aws_route_table.main",
            "module.ca_west_1.module.public_subnet.aws_route_table_association.main",
            "module.ca_west_1.module.public_subnet.aws_subnet.main",
            "module.ca_west_1.module.public_subnet.data.aws_availability_zones.available",
            "module.eu_central_1.aws_vpc.main",
            "module.eu_central_1.module.public_subnet.aws_network_acl.main",
            "module.eu_central_1.module.public_subnet.aws_route_table.main",
            "module.eu_central_1.module.public_subnet.aws_route_table_association.main",
            "module.eu_central_1.module.public_subnet.aws_subnet.main",
            "module.eu_central_1.module.public_subnet.data.aws_availability_zones.available",
            "module.global_downstream.module.vpc_peering_ca_west_1_eu_central_1.aws_vpc_peering_connection.requester",
            "module.global_downstream.module.vpc_peering_ca_west_1_eu_central_1.data.aws_caller_identity.accepter"
          ]
        },
        {
          "index_key": "b",
          "schema_version": 0,
          "attributes": {
            "carrier_gateway_id": "",
            "core_network_arn": "",
            "destination_cidr_block": "192.168.0.0/20",
            "destination_ipv6_cidr_block": "",
            "destination_prefix_list_id": "",
            "egress_only_gateway_id": "",
            "gateway_id": "",
            "id": "r-rtb-0542c00a0ac4edd6e719218358",
            "instance_id": "",
            "instance_owner_id": "",
            "local_gateway_id": "",
            "nat_gateway_id": "",
            "network_interface_id": "",
            "origin": "CreateRoute",
            "route_table_id": "rtb-0542c00a0ac4edd6e",
            "state": "active",
            "timeouts": null,
            "transit_gateway_id": "",
            "vpc_endpoint_id": "",
            "vpc_peering_connection_id": "pcx-0be212032bc7ddf8d"
          },
          "sensitive_attributes": [],
          "private": "eyJlMmJmYjczMC1lY2FhLTExZTYtOGY4OC0zNDM2M2JjN2M0YzAiOnsiY3JlYXRlIjozMDAwMDAwMDAwMDAsImRlbGV0ZSI6MzAwMDAwMDAwMDAwLCJ1cGRhdGUiOjEyMDAwMDAwMDAwMH19",
          "dependencies": [
            "module.ca_west_1.aws_vpc.main",
            "module.ca_west_1.module.public_subnet.aws_network_acl.main",
            "module.ca_west_1.module.public_subnet.aws_route_table.main",
            "module.ca_west_1.module.public_subnet.aws_route_table_association.main",
            "module.ca_west_1.module.public_subnet.aws_subnet.main",
            "module.ca_west_1.module.public_subnet.data.aws_availability_zones.available",
            "module.eu_central_1.aws_vpc.main",
            "module.eu_central_1.module.public_subnet.aws_network_acl.main",
            "module.eu_central_1.module.public_subnet.aws_route_table.main",
            "module.eu_central_1.module.public_subnet.aws_route_table_association.main",
            "module.eu_central_1.module.public_subnet.aws_subnet.main",
            "module.eu_central_1.module.public_subnet.data.aws_availability_zones.available",
            "module.global_downstream.module.vpc_peering_ca_west_1_eu_central_1.aws_vpc_peering_connection.requester",
            "module.global_downstream.module.vpc_peering_ca_west_1_eu_central_1.data.aws_caller_identity.accepter"
          ]
        }
      ]
    },
    {
      "module": "module.global_downstream",
      "mode": "managed",
      "type": "aws_route",
      "name": "eu_central_1_to_ca_west_1",
      "provider": "provider[\"registry.terraform.io/hashicorp/aws\"].eu-central-1",
      "instances": [
        {
          "index_key": "a",
          "schema_version": 0,
          "attributes": {
            "carrier_gateway_id": "",
            "core_network_arn": "",
            "destination_cidr_block": "172.17.0.0/20",
            "destination_ipv6_cidr_block": "",
            "destination_prefix_list_id": "",
            "egress_only_gateway_id": "",
            "gateway_id": "",
            "id": "r-rtb-03d782ca76b55d8c73479219008",
            "instance_id": "",
            "instance_owner_id": "",
            "local_gateway_id": "",
            "nat_gateway_id": "",
            "network_interface_id": "",
            "origin": "CreateRoute",
            "route_table_id": "rtb-03d782ca76b55d8c7",
            "state": "active",
            "timeouts": null,
            "transit_gateway_id": "",
            "vpc_endpoint_id": "",
            "vpc_peering_connection_id": "pcx-0be212032bc7ddf8d"
          },
          "sensitive_attributes": [],
          "private": "eyJlMmJmYjczMC1lY2FhLTExZTYtOGY4OC0zNDM2M2JjN2M0YzAiOnsiY3JlYXRlIjozMDAwMDAwMDAwMDAsImRlbGV0ZSI6MzAwMDAwMDAwMDAwLCJ1cGRhdGUiOjEyMDAwMDAwMDAwMH19",
          "dependencies": [
            "module.ca_west_1.aws_vpc.main",
            "module.ca_west_1.module.public_subnet.aws_network_acl.main",
            "module.ca_west_1.module.public_subnet.aws_route_table.main",
            "module.ca_west_1.module.public_subnet.aws_route_table_association.main",
            "module.ca_west_1.module.public_subnet.aws_subnet.main",
            "module.ca_west_1.module.public_subnet.data.aws_availability_zones.available",
            "module.eu_central_1.aws_vpc.main",
            "module.eu_central_1.module.public_subnet.aws_network_acl.main",
            "module.eu_central_1.module.public_subnet.aws_route_table.main",
            "module.eu_central_1.module.public_subnet.aws_route_table_association.main",
            "module.eu_central_1.module.public_subnet.aws_subnet.main",
            "module.eu_central_1.module.public_subnet.data.aws_availability_zones.available",
            "module.global_downstream.module.vpc_peering_ca_west_1_eu_central_1.aws_vpc_peering_connection.requester",
            "module.global_downstream.module.vpc_peering_ca_west_1_eu_central_1.data.aws_caller_identity.accepter"
          ]
        },
        {
          "index_key": "b",
          "schema_version": 0,
          "attributes": {
            "carrier_gateway_id": "",
            "core_network_arn": "",
            "destination_cidr_block": "172.17.0.0/20",
            "destination_ipv6_cidr_block": "",
            "destination_prefix_list_id": "",
            "egress_only_gateway_id": "",
            "gateway_id": "",
            "id": "r-rtb-091c432b917a89d063479219008",
            "instance_id": "",
            "instance_owner_id": "",
            "local_gateway_id": "",
            "nat_gateway_id": "",
            "network_interface_id": "",
            "origin": "CreateRoute",
            "route_table_id": "rtb-091c432b917a89d06",
            "state": "active",
            "timeouts": null,
            "transit_gateway_id": "",
            "vpc_endpoint_id": "",
            "vpc_peering_connection_id": "pcx-0be212032bc7ddf8d"
          },
          "sensitive_attributes": [],
          "private": "eyJlMmJmYjczMC1lY2FhLTExZTYtOGY4OC0zNDM2M2JjN2M0YzAiOnsiY3JlYXRlIjozMDAwMDAwMDAwMDAsImRlbGV0ZSI6MzAwMDAwMDAwMDAwLCJ1cGRhdGUiOjEyMDAwMDAwMDAwMH19",
          "dependencies": [
            "module.ca_west_1.aws_vpc.main",
            "module.ca_west_1.module.public_subnet.aws_network_acl.main",
            "module.ca_west_1.module.public_subnet.aws_route_table.main",
            "module.ca_west_1.module.public_subnet.aws_route_table_association.main",
            "module.ca_west_1.module.public_subnet.aws_subnet.main",
            "module.ca_west_1.module.public_subnet.data.aws_availability_zones.available",
            "module.eu_central_1.aws_vpc.main",
            "module.eu_central_1.module.public_subnet.aws_network_acl.main",
            "module.eu_central_1.module.public_subnet.aws_route_table.main",
            "module.eu_central_1.module.public_subnet.aws_route_table_association.main",
            "module.eu_central_1.module.public_subnet.aws_subnet.main",
            "module.eu_central_1.module.public_subnet.data.aws_availability_zones.available",
            "module.global_downstream.module.vpc_peering_ca_west_1_eu_central_1.aws_vpc_peering_connection.requester",
            "module.global_downstream.module.vpc_peering_ca_west_1_eu_central_1.data.aws_caller_identity.accepter"
          ]
        }
      ]
    },
    {
      "module": "module.global_downstream.module.vpc_peering_ca_west_1_eu_central_1",
      "mode": "data",
      "type": "aws_caller_identity",
      "name": "accepter",
      "provider": "provider[\"registry.terraform.io/hashicorp/aws\"].ca-west-1",
      "instances": [
        {
          "schema_version": 0,
          "attributes": {
            "account_id": "285942939694",
            "arn": "arn:aws:iam::285942939694:user/cloudpedia-terraform-admin",
            "id": "285942939694",
            "user_id": "AIDAUFE4HAAXNVHW74U3J"
          },
          "sensitive_attributes": []
        }
      ]
    },
    {
      "module": "module.global_downstream.module.vpc_peering_ca_west_1_eu_central_1",
      "mode": "managed",
      "type": "aws_vpc_peering_connection",
      "name": "requester",
      "provider": "provider[\"registry.terraform.io/hashicorp/aws\"].eu-central-1",
      "instances": [
        {
          "schema_version": 0,
          "attributes": {
            "accept_status": "active",
            "accepter": [
              {
                "allow_remote_vpc_dns_resolution": true
              }
            ],
            "auto_accept": false,
            "id": "pcx-0be212032bc7ddf8d",
            "peer_owner_id": "285942939694",
            "peer_region": "ca-west-1",
            "peer_vpc_id": "vpc-0913078db96c40076",
            "requester": [
              {
                "allow_remote_vpc_dns_resolution": true
              }
            ],
            "tags": {
              "ManagedBy": "Terraform",
              "Name": "ca-west-1-eu-central-1-vpc-peering-requester",
              "module": "global-downstream"
            },
            "tags_all": {
              "ManagedBy": "Terraform",
              "Name": "ca-west-1-eu-central-1-vpc-peering-requester",
              "module": "global-downstream"
            },
            "timeouts": null,
            "vpc_id": "vpc-040e187afad799bb4"
          },
          "sensitive_attributes": [],
          "private": "eyJlMmJmYjczMC1lY2FhLTExZTYtOGY4OC0zNDM2M2JjN2M0YzAiOnsiY3JlYXRlIjo2MDAwMDAwMDAwMCwiZGVsZXRlIjo2MDAwMDAwMDAwMCwidXBkYXRlIjo2MDAwMDAwMDAwMH19",
          "dependencies": [
            "module.ca_west_1.aws_vpc.main",
            "module.ca_west_1.module.public_subnet.aws_network_acl.main",
            "module.ca_west_1.module.public_subnet.aws_route_table.main",
            "module.ca_west_1.module.public_subnet.aws_route_table_association.main",
            "module.ca_west_1.module.public_subnet.aws_subnet.main",
            "module.ca_west_1.module.public_subnet.data.aws_availability_zones.available",
            "module.eu_central_1.aws_vpc.main",
            "module.eu_central_1.module.public_subnet.aws_network_acl.main",
            "module.eu_central_1.module.public_subnet.aws_route_table.main",
            "module.eu_central_1.module.public_subnet.aws_route_table_association.main",
            "module.eu_central_1.module.public_subnet.aws_subnet.main",
            "module.eu_central_1.module.public_subnet.data.aws_availability_zones.available",
            "module.global_downstream.module.vpc_peering_ca_west_1_eu_central_1.data.aws_caller_identity.accepter"
          ]
        }
      ]
    },
    {
      "module": "module.global_downstream.module.vpc_peering_ca_west_1_eu_central_1",
      "mode": "managed",
      "type": "aws_vpc_peering_connection_accepter",
      "name": "accepter",
      "provider": "provider[\"registry.terraform.io/hashicorp/aws\"].ca-west-1",
      "instances": [
        {
          "schema_version": 0,
          "attributes": {
            "accept_status": "active",
            "accepter": [
              {
                "allow_remote_vpc_dns_resolution": true
              }
            ],
            "auto_accept": true,
            "id": "pcx-0be212032bc7ddf8d",
            "peer_owner_id": "285942939694",
            "peer_region": "ca-west-1",
            "peer_vpc_id": "vpc-0913078db96c40076",
            "requester": [
              {
                "allow_remote_vpc_dns_resolution": true
              }
            ],
            "tags": {
              "ManagedBy": "Terraform",
              "Name": "ca-west-1-eu-central-1-vpc-peering-accepter",
              "module": "global-downstream"
            },
            "tags_all": {
              "ManagedBy": "Terraform",
              "Name": "ca-west-1-eu-central-1-vpc-peering-accepter",
              "module": "global-downstream"
            },
            "timeouts": null,
            "vpc_id": "vpc-040e187afad799bb4",
            "vpc_peering_connection_id": "pcx-0be212032bc7ddf8d"
          },
          "sensitive_attributes": [],
          "private": "eyJlMmJmYjczMC1lY2FhLTExZTYtOGY4OC0zNDM2M2JjN2M0YzAiOnsiY3JlYXRlIjo2MDAwMDAwMDAwMCwidXBkYXRlIjo2MDAwMDAwMDAwMH19",
          "dependencies": [
            "module.ca_west_1.aws_vpc.main",
            "module.ca_west_1.module.public_subnet.aws_network_acl.main",
            "module.ca_west_1.module.public_subnet.aws_route_table.main",
            "module.ca_west_1.module.public_subnet.aws_route_table_association.main",
            "module.ca_west_1.module.public_subnet.aws_subnet.main",
            "module.ca_west_1.module.public_subnet.data.aws_availability_zones.available",
            "module.eu_central_1.aws_vpc.main",
            "module.eu_central_1.module.public_subnet.aws_network_acl.main",
            "module.eu_central_1.module.public_subnet.aws_route_table.main",
            "module.eu_central_1.module.public_subnet.aws_route_table_association.main",
            "module.eu_central_1.module.public_subnet.aws_subnet.main",
            "module.eu_central_1.module.public_subnet.data.aws_availability_zones.available",
            "module.global_downstream.module.vpc_peering_ca_west_1_eu_central_1.aws_vpc_peering_connection.requester",
            "module.global_downstream.module.vpc_peering_ca_west_1_eu_central_1.data.aws_caller_identity.accepter"
          ]
        }
      ]
    },
    {
      "module": "module.global_downstream.module.vpc_peering_ca_west_1_eu_central_1",
      "mode": "managed",
      "type": "aws_vpc_peering_connection_options",
      "name": "accepter",
      "provider": "provider[\"registry.terraform.io/hashicorp/aws\"].ca-west-1",
      "instances": [
        {
          "schema_version": 0,
          "attributes": {
            "accepter": [
              {
                "allow_remote_vpc_dns_resolution": true
              }
            ],
            "id": "pcx-0be212032bc7ddf8d",
            "requester": [
              {
                "allow_remote_vpc_dns_resolution": true
              }
            ],
            "vpc_peering_connection_id": "pcx-0be212032bc7ddf8d"
          },
          "sensitive_attributes": [],
          "private": "bnVsbA==",
          "dependencies": [
            "module.ca_west_1.aws_vpc.main",
            "module.ca_west_1.module.public_subnet.aws_network_acl.main",
            "module.ca_west_1.module.public_subnet.aws_route_table.main",
            "module.ca_west_1.module.public_subnet.aws_route_table_association.main",
            "module.ca_west_1.module.public_subnet.aws_subnet.main",
            "module.ca_west_1.module.public_subnet.data.aws_availability_zones.available",
            "module.eu_central_1.aws_vpc.main",
            "module.eu_central_1.module.public_subnet.aws_network_acl.main",
            "module.eu_central_1.module.public_subnet.aws_route_table.main",
            "module.eu_central_1.module.public_subnet.aws_route_table_association.main",
            "module.eu_central_1.module.public_subnet.aws_subnet.main",
            "module.eu_central_1.module.public_subnet.data.aws_availability_zones.available",
            "module.global_downstream.module.vpc_peering_ca_west_1_eu_central_1.aws_vpc_peering_connection.requester",
            "module.global_downstream.module.vpc_peering_ca_west_1_eu_central_1.aws_vpc_peering_connection_accepter.accepter",
            "module.global_downstream.module.vpc_peering_ca_west_1_eu_central_1.data.aws_caller_identity.accepter"
          ]
        }
      ]
    },
    {
      "module": "module.global_downstream.module.vpc_peering_ca_west_1_eu_central_1",
      "mode": "managed",
      "type": "aws_vpc_peering_connection_options",
      "name": "requester",
      "provider": "provider[\"registry.terraform.io/hashicorp/aws\"].eu-central-1",
      "instances": [
        {
          "schema_version": 0,
          "attributes": {
            "accepter": [
              {
                "allow_remote_vpc_dns_resolution": true
              }
            ],
            "id": "pcx-0be212032bc7ddf8d",
            "requester": [
              {
                "allow_remote_vpc_dns_resolution": true
              }
            ],
            "vpc_peering_connection_id": "pcx-0be212032bc7ddf8d"
          },
          "sensitive_attributes": [],
          "private": "bnVsbA==",
          "dependencies": [
            "module.ca_west_1.aws_vpc.main",
            "module.ca_west_1.module.public_subnet.aws_network_acl.main",
            "module.ca_west_1.module.public_subnet.aws_route_table.main",
            "module.ca_west_1.module.public_subnet.aws_route_table_association.main",
            "module.ca_west_1.module.public_subnet.aws_subnet.main",
            "module.ca_west_1.module.public_subnet.data.aws_availability_zones.available",
            "module.eu_central_1.aws_vpc.main",
            "module.eu_central_1.module.public_subnet.aws_network_acl.main",
            "module.eu_central_1.module.public_subnet.aws_route_table.main",
            "module.eu_central_1.module.public_subnet.aws_route_table_association.main",
            "module.eu_central_1.module.public_subnet.aws_subnet.main",
            "module.eu_central_1.module.public_subnet.data.aws_availability_zones.available",
            "module.global_downstream.module.vpc_peering_ca_west_1_eu_central_1.aws_vpc_peering_connection.requester",
            "module.global_downstream.module.vpc_peering_ca_west_1_eu_central_1.aws_vpc_peering_connection_accepter.accepter",
            "module.global_downstream.module.vpc_peering_ca_west_1_eu_central_1.data.aws_caller_identity.accepter"
          ]
        }
      ]
    }
  ],
  "check_results": [
    {
      "object_kind": "var",
      "config_addr": "module.ca_west_1.module.app_fleet.var.placement_group",
      "status": "pass",
      "objects": [
        {
          "object_addr": "module.ca_west_1.module.app_fleet.var.placement_group",
          "status": "pass"
        }
      ]
    },
    {
      "object_kind": "var",
      "config_addr": "module.ca_west_1.module.app_alb.var.listener_config",
      "status": "unknown",
      "objects": [
        {
          "object_addr": "module.ca_west_1.module.app_alb.var.listener_config",
          "status": "unknown"
        }
      ]
    },
    {
      "object_kind": "var",
      "config_addr": "module.eu_central_1.module.customer_alb.var.listener_config",
      "status": "unknown",
      "objects": [
        {
          "object_addr": "module.eu_central_1.module.customer_alb.var.listener_config",
          "status": "unknown"
        }
      ]
    },
    {
      "object_kind": "var",
      "config_addr": "module.ca_west_1.module.app_fleet.var.ingress_rules",
      "status": "unknown",
      "objects": [
        {
          "object_addr": "module.ca_west_1.module.app_fleet.var.ingress_rules",
          "status": "unknown"
        }
      ]
    }
  ]
}
